// !$*UTF8*$!
{
	archiveVersion = 1;
	classes = {
	};
	objectVersion = 46;
	objects = {

/* Begin PBXBuildFile section */
		131E853CBE8DA6A3B7E54D2B /* Pods.framework in Frameworks */ = {isa = PBXBuildFile; fileRef = FB42EA03A5C9F3E6AA640554 /* Pods.framework */; };
		DA0E97201CA23CFA00043A30 /* DoubleTree_Floor1_2015.jpg in Resources */ = {isa = PBXBuildFile; fileRef = DA0E971C1CA23CFA00043A30 /* DoubleTree_Floor1_2015.jpg */; };
		DA0E97211CA23CFA00043A30 /* DoubleTree_Floor22_2015.jpg in Resources */ = {isa = PBXBuildFile; fileRef = DA0E971D1CA23CFA00043A30 /* DoubleTree_Floor22_2015.jpg */; };
		DA0E97221CA23CFA00043A30 /* DoubleTree_Floor2_2015.jpg in Resources */ = {isa = PBXBuildFile; fileRef = DA0E971E1CA23CFA00043A30 /* DoubleTree_Floor2_2015.jpg */; };
		DA0E97231CA23CFA00043A30 /* Settings.bundle in Resources */ = {isa = PBXBuildFile; fileRef = DA0E971F1CA23CFA00043A30 /* Settings.bundle */; };
		DA90BDA81CA23E07006A5ACD /* AnalyticsConstants.swift in Sources */ = {isa = PBXBuildFile; fileRef = DA90BD641CA23E07006A5ACD /* AnalyticsConstants.swift */; };
		DA90BDA91CA23E07006A5ACD /* AnalyticsScreen.swift in Sources */ = {isa = PBXBuildFile; fileRef = DA90BD651CA23E07006A5ACD /* AnalyticsScreen.swift */; };
		DA90BDAA1CA23E07006A5ACD /* AnalyticsViewControllers.swift in Sources */ = {isa = PBXBuildFile; fileRef = DA90BD661CA23E07006A5ACD /* AnalyticsViewControllers.swift */; };
		DA90BDAB1CA23E07006A5ACD /* GAIDictionaryBuilder_AnalyticsConstants.swift in Sources */ = {isa = PBXBuildFile; fileRef = DA90BD671CA23E07006A5ACD /* GAIDictionaryBuilder_AnalyticsConstants.swift */; };
		DA90BDAC1CA23E07006A5ACD /* Info.plist in Resources */ = {isa = PBXBuildFile; fileRef = DA90BD6B1CA23E07006A5ACD /* Info.plist */; };
		DA90BDAD1CA23E07006A5ACD /* AnimeDetourAPIClient_Guests.swift in Sources */ = {isa = PBXBuildFile; fileRef = DA90BD6D1CA23E07006A5ACD /* AnimeDetourAPIClient_Guests.swift */; };
		DA90BDAE1CA23E07006A5ACD /* AnimeDetourAPIClient_Sessions.swift in Sources */ = {isa = PBXBuildFile; fileRef = DA90BD6E1CA23E07006A5ACD /* AnimeDetourAPIClient_Sessions.swift */; };
		DA90BDAF1CA23E07006A5ACD /* AnimeDetourAPIClient_Singleton.swift in Sources */ = {isa = PBXBuildFile; fileRef = DA90BD6F1CA23E07006A5ACD /* AnimeDetourAPIClient_Singleton.swift */; };
		DA90BDB01CA23E07006A5ACD /* Main.storyboard in Resources */ = {isa = PBXBuildFile; fileRef = DA90BD711CA23E07006A5ACD /* Main.storyboard */; };
		DA90BDB11CA23E07006A5ACD /* StickyHeaderFlowLayout.swift in Sources */ = {isa = PBXBuildFile; fileRef = DA90BD741CA23E07006A5ACD /* StickyHeaderFlowLayout.swift */; };
		DA90BDB21CA23E07006A5ACD /* SessionDataSource.swift in Sources */ = {isa = PBXBuildFile; fileRef = DA90BD761CA23E07006A5ACD /* SessionDataSource.swift */; };
		DA90BDB31CA23E07006A5ACD /* CollectionViewFetchedResultsControllerDelegate.swift in Sources */ = {isa = PBXBuildFile; fileRef = DA90BD781CA23E07006A5ACD /* CollectionViewFetchedResultsControllerDelegate.swift */; };
		DA90BDB41CA23E07006A5ACD /* TableViewFetchedResultsControllerDelegate.swift in Sources */ = {isa = PBXBuildFile; fileRef = DA90BD791CA23E07006A5ACD /* TableViewFetchedResultsControllerDelegate.swift */; };
		DA90BDB51CA23E07006A5ACD /* UICollectionViewFlowLayout.swift in Sources */ = {isa = PBXBuildFile; fileRef = DA90BD7B1CA23E07006A5ACD /* UICollectionViewFlowLayout.swift */; };
		DA90BDB61CA23E07006A5ACD /* UIColor.swift in Sources */ = {isa = PBXBuildFile; fileRef = DA90BD7C1CA23E07006A5ACD /* UIColor.swift */; };
		DA90BDB71CA23E07006A5ACD /* Images.xcassets in Resources */ = {isa = PBXBuildFile; fileRef = DA90BD7D1CA23E07006A5ACD /* Images.xcassets */; };
		DA90BDB81CA23E07006A5ACD /* LaunchScreen.storyboard in Resources */ = {isa = PBXBuildFile; fileRef = DA90BD7E1CA23E07006A5ACD /* LaunchScreen.storyboard */; };
		DA90BDB91CA23E07006A5ACD /* CoreDataController_Singleton.swift in Sources */ = {isa = PBXBuildFile; fileRef = DA90BD801CA23E07006A5ACD /* CoreDataController_Singleton.swift */; };
		DA90BDBA1CA23E07006A5ACD /* DataStatusDefaultsController.swift in Sources */ = {isa = PBXBuildFile; fileRef = DA90BD811CA23E07006A5ACD /* DataStatusDefaultsController.swift */; };
		DA90BDBB1CA23E07006A5ACD /* ImageFaceDetector.swift in Sources */ = {isa = PBXBuildFile; fileRef = DA90BD821CA23E07006A5ACD /* ImageFaceDetector.swift */; };
		DA90BDBC1CA23E07006A5ACD /* NotificationPermissionRequester.swift in Sources */ = {isa = PBXBuildFile; fileRef = DA90BD831CA23E07006A5ACD /* NotificationPermissionRequester.swift */; };
		DA90BDBD1CA23E07006A5ACD /* SessionNotificationScheduler.swift in Sources */ = {isa = PBXBuildFile; fileRef = DA90BD841CA23E07006A5ACD /* SessionNotificationScheduler.swift */; };
		DA90BDBE1CA23E07006A5ACD /* UserDefaultsUpdater.swift in Sources */ = {isa = PBXBuildFile; fileRef = DA90BD851CA23E07006A5ACD /* UserDefaultsUpdater.swift */; };
		DA90BDBF1CA23E07006A5ACD /* SelectedSessionCategory.swift in Sources */ = {isa = PBXBuildFile; fileRef = DA90BD871CA23E07006A5ACD /* SelectedSessionCategory.swift */; };
		DA90BDC01CA23E07006A5ACD /* Acknowledgements.swift in Sources */ = {isa = PBXBuildFile; fileRef = DA90BD891CA23E07006A5ACD /* Acknowledgements.swift */; };
		DA90BDC11CA23E07006A5ACD /* InternalSettings.swift in Sources */ = {isa = PBXBuildFile; fileRef = DA90BD8A1CA23E07006A5ACD /* InternalSettings.swift */; };
		DA90BDC21CA23E07006A5ACD /* SessionSettings.swift in Sources */ = {isa = PBXBuildFile; fileRef = DA90BD8B1CA23E07006A5ACD /* SessionSettings.swift */; };
		DA90BDC31CA23E07006A5ACD /* Settings.swift in Sources */ = {isa = PBXBuildFile; fileRef = DA90BD8C1CA23E07006A5ACD /* Settings.swift */; };
		DA90BDC41CA23E07006A5ACD /* UserActivityController.swift in Sources */ = {isa = PBXBuildFile; fileRef = DA90BD8E1CA23E07006A5ACD /* UserActivityController.swift */; };
		DA90BDC51CA23E07006A5ACD /* GuestCollectionViewController.swift in Sources */ = {isa = PBXBuildFile; fileRef = DA90BD901CA23E07006A5ACD /* GuestCollectionViewController.swift */; };
		DA90BDC61CA23E07006A5ACD /* GuestDetailTableViewController.swift in Sources */ = {isa = PBXBuildFile; fileRef = DA90BD911CA23E07006A5ACD /* GuestDetailTableViewController.swift */; };
		DA90BDC71CA23E07006A5ACD /* InformationViewController.swift in Sources */ = {isa = PBXBuildFile; fileRef = DA90BD921CA23E07006A5ACD /* InformationViewController.swift */; };
		DA90BDC81CA23E07006A5ACD /* MapsViewController.swift in Sources */ = {isa = PBXBuildFile; fileRef = DA90BD931CA23E07006A5ACD /* MapsViewController.swift */; };
		DA90BDC91CA23E07006A5ACD /* SessionCollectionViewController.swift in Sources */ = {isa = PBXBuildFile; fileRef = DA90BD941CA23E07006A5ACD /* SessionCollectionViewController.swift */; };
		DA90BDCA1CA23E07006A5ACD /* SessionFilterTableViewController.swift in Sources */ = {isa = PBXBuildFile; fileRef = DA90BD951CA23E07006A5ACD /* SessionFilterTableViewController.swift */; };
		DA90BDCB1CA23E07006A5ACD /* SessionTableViewController.swift in Sources */ = {isa = PBXBuildFile; fileRef = DA90BD961CA23E07006A5ACD /* SessionTableViewController.swift */; };
		DA90BDCC1CA23E07006A5ACD /* SessionViewController.swift in Sources */ = {isa = PBXBuildFile; fileRef = DA90BD971CA23E07006A5ACD /* SessionViewController.swift */; };
		DA90BDCD1CA23E07006A5ACD /* SettingsViewController.swift in Sources */ = {isa = PBXBuildFile; fileRef = DA90BD981CA23E07006A5ACD /* SettingsViewController.swift */; };
		DA90BDCE1CA23E07006A5ACD /* WebViewController.swift in Sources */ = {isa = PBXBuildFile; fileRef = DA90BD991CA23E07006A5ACD /* WebViewController.swift */; };
		DA90BDCF1CA23E07006A5ACD /* GuestViewModel.swift in Sources */ = {isa = PBXBuildFile; fileRef = DA90BD9B1CA23E07006A5ACD /* GuestViewModel.swift */; };
		DA90BDD01CA23E07006A5ACD /* SessionViewModel.swift in Sources */ = {isa = PBXBuildFile; fileRef = DA90BD9C1CA23E07006A5ACD /* SessionViewModel.swift */; };
		DA90BDD11CA23E07006A5ACD /* FaceDisplayingImageView.swift in Sources */ = {isa = PBXBuildFile; fileRef = DA90BD9E1CA23E07006A5ACD /* FaceDisplayingImageView.swift */; };
		DA90BDD21CA23E07006A5ACD /* GuestCollectionViewCell.swift in Sources */ = {isa = PBXBuildFile; fileRef = DA90BD9F1CA23E07006A5ACD /* GuestCollectionViewCell.swift */; };
		DA90BDD31CA23E07006A5ACD /* ImageHeaderView.swift in Sources */ = {isa = PBXBuildFile; fileRef = DA90BDA01CA23E07006A5ACD /* ImageHeaderView.swift */; };
		DA90BDD41CA23E07006A5ACD /* SegmentedControlCollectionReusableView.swift in Sources */ = {isa = PBXBuildFile; fileRef = DA90BDA11CA23E07006A5ACD /* SegmentedControlCollectionReusableView.swift */; };
		DA90BDD51CA23E07006A5ACD /* SessionCollectionViewCell.swift in Sources */ = {isa = PBXBuildFile; fileRef = DA90BDA21CA23E07006A5ACD /* SessionCollectionViewCell.swift */; };
		DA90BDD61CA23E07006A5ACD /* SessionTableViewCell.swift in Sources */ = {isa = PBXBuildFile; fileRef = DA90BDA31CA23E07006A5ACD /* SessionTableViewCell.swift */; };
		DA90BDD71CA23E07006A5ACD /* SessionTableViewHeaderView.swift in Sources */ = {isa = PBXBuildFile; fileRef = DA90BDA41CA23E07006A5ACD /* SessionTableViewHeaderView.swift */; };
		DA90BDD81CA23E07006A5ACD /* SessionView.swift in Sources */ = {isa = PBXBuildFile; fileRef = DA90BDA51CA23E07006A5ACD /* SessionView.swift */; };
		DA90BDD91CA23E07006A5ACD /* StretchingImageHeaderContainer.swift in Sources */ = {isa = PBXBuildFile; fileRef = DA90BDA61CA23E07006A5ACD /* StretchingImageHeaderContainer.swift */; };
		DA90BDDA1CA23E07006A5ACD /* TextHeaderCollectionReusableView.swift in Sources */ = {isa = PBXBuildFile; fileRef = DA90BDA71CA23E07006A5ACD /* TextHeaderCollectionReusableView.swift */; };
		DA90BDF91CA23F70006A5ACD /* AnimeDetourAPI.framework in Copy Frameworks */ = {isa = PBXBuildFile; fileRef = DA90BDED1CA23F17006A5ACD /* AnimeDetourAPI.framework */; settings = {ATTRIBUTES = (CodeSignOnCopy, RemoveHeadersOnCopy, ); }; };
		DA90BDFA1CA23F71006A5ACD /* AnimeDetourDataModel.framework in Copy Frameworks */ = {isa = PBXBuildFile; fileRef = DA90BDF31CA23F1F006A5ACD /* AnimeDetourDataModel.framework */; settings = {ATTRIBUTES = (CodeSignOnCopy, RemoveHeadersOnCopy, ); }; };
		DA9652111CA23BBB00EA4112 /* AppDelegate.swift in Sources */ = {isa = PBXBuildFile; fileRef = DA9652101CA23BBB00EA4112 /* AppDelegate.swift */; };
		DA9652161CA23BBB00EA4112 /* Main.storyboard in Resources */ = {isa = PBXBuildFile; fileRef = DA9652141CA23BBB00EA4112 /* Main.storyboard */; };
/* End PBXBuildFile section */

/* Begin PBXContainerItemProxy section */
		DA90BDEC1CA23F17006A5ACD /* PBXContainerItemProxy */ = {
			isa = PBXContainerItemProxy;
			containerPortal = DA90BDE81CA23F17006A5ACD /* Anime Detour API.xcodeproj */;
			proxyType = 2;
			remoteGlobalIDString = DA3691ED1C960522001BA639;
			remoteInfo = "Anime Detour API";
		};
		DA90BDF21CA23F1F006A5ACD /* PBXContainerItemProxy */ = {
			isa = PBXContainerItemProxy;
			containerPortal = DA90BDEE1CA23F1F006A5ACD /* Anime Detour Data Model.xcodeproj */;
			proxyType = 2;
			remoteGlobalIDString = DAB2B6CA1C430BDC00EFF3AA;
			remoteInfo = AnimeDetourDataModel;
		};
		DA90BDF41CA23F2C006A5ACD /* PBXContainerItemProxy */ = {
			isa = PBXContainerItemProxy;
			containerPortal = DA90BDE81CA23F17006A5ACD /* Anime Detour API.xcodeproj */;
			proxyType = 1;
			remoteGlobalIDString = DA3691EC1C960522001BA639;
			remoteInfo = "Anime Detour API";
		};
		DA90BDF61CA23F2F006A5ACD /* PBXContainerItemProxy */ = {
			isa = PBXContainerItemProxy;
			containerPortal = DA90BDEE1CA23F1F006A5ACD /* Anime Detour Data Model.xcodeproj */;
			proxyType = 1;
			remoteGlobalIDString = DAB2B6C91C430BDC00EFF3AA;
			remoteInfo = AnimeDetourDataModel;
		};
/* End PBXContainerItemProxy section */

/* Begin PBXCopyFilesBuildPhase section */
		DA90BDF81CA23F33006A5ACD /* Copy Frameworks */ = {
			isa = PBXCopyFilesBuildPhase;
			buildActionMask = 2147483647;
			dstPath = "";
			dstSubfolderSpec = 10;
			files = (
				DA90BDF91CA23F70006A5ACD /* AnimeDetourAPI.framework in Copy Frameworks */,
				DA90BDFA1CA23F71006A5ACD /* AnimeDetourDataModel.framework in Copy Frameworks */,
			);
			name = "Copy Frameworks";
			runOnlyForDeploymentPostprocessing = 0;
		};
/* End PBXCopyFilesBuildPhase section */

/* Begin PBXFileReference section */
		0EDC32C1F49B201EDB48C6C7 /* Pods.release.xcconfig */ = {isa = PBXFileReference; includeInIndex = 1; lastKnownFileType = text.xcconfig; name = Pods.release.xcconfig; path = "Pods/Target Support Files/Pods/Pods.release.xcconfig"; sourceTree = "<group>"; };
		89845D4298D7D6831C8AF0FC /* Pods.debug.xcconfig */ = {isa = PBXFileReference; includeInIndex = 1; lastKnownFileType = text.xcconfig; name = Pods.debug.xcconfig; path = "Pods/Target Support Files/Pods/Pods.debug.xcconfig"; sourceTree = "<group>"; };
		DA0E971C1CA23CFA00043A30 /* DoubleTree_Floor1_2015.jpg */ = {isa = PBXFileReference; lastKnownFileType = image.jpeg; path = DoubleTree_Floor1_2015.jpg; sourceTree = "<group>"; };
		DA0E971D1CA23CFA00043A30 /* DoubleTree_Floor22_2015.jpg */ = {isa = PBXFileReference; lastKnownFileType = image.jpeg; path = DoubleTree_Floor22_2015.jpg; sourceTree = "<group>"; };
		DA0E971E1CA23CFA00043A30 /* DoubleTree_Floor2_2015.jpg */ = {isa = PBXFileReference; lastKnownFileType = image.jpeg; path = DoubleTree_Floor2_2015.jpg; sourceTree = "<group>"; };
		DA0E971F1CA23CFA00043A30 /* Settings.bundle */ = {isa = PBXFileReference; lastKnownFileType = "wrapper.plug-in"; path = Settings.bundle; sourceTree = "<group>"; };
		DA90BD641CA23E07006A5ACD /* AnalyticsConstants.swift */ = {isa = PBXFileReference; fileEncoding = 4; lastKnownFileType = sourcecode.swift; path = AnalyticsConstants.swift; sourceTree = "<group>"; };
		DA90BD651CA23E07006A5ACD /* AnalyticsScreen.swift */ = {isa = PBXFileReference; fileEncoding = 4; lastKnownFileType = sourcecode.swift; path = AnalyticsScreen.swift; sourceTree = "<group>"; };
		DA90BD661CA23E07006A5ACD /* AnalyticsViewControllers.swift */ = {isa = PBXFileReference; fileEncoding = 4; lastKnownFileType = sourcecode.swift; path = AnalyticsViewControllers.swift; sourceTree = "<group>"; };
		DA90BD671CA23E07006A5ACD /* GAIDictionaryBuilder_AnalyticsConstants.swift */ = {isa = PBXFileReference; fileEncoding = 4; lastKnownFileType = sourcecode.swift; path = GAIDictionaryBuilder_AnalyticsConstants.swift; sourceTree = "<group>"; };
		DA90BD6A1CA23E07006A5ACD /* Anime Detour Data Model.h */ = {isa = PBXFileReference; fileEncoding = 4; lastKnownFileType = sourcecode.c.h; path = "Anime Detour Data Model.h"; sourceTree = "<group>"; };
		DA90BD6B1CA23E07006A5ACD /* Info.plist */ = {isa = PBXFileReference; fileEncoding = 4; lastKnownFileType = text.plist.xml; path = Info.plist; sourceTree = "<group>"; };
		DA90BD6D1CA23E07006A5ACD /* AnimeDetourAPIClient_Guests.swift */ = {isa = PBXFileReference; fileEncoding = 4; lastKnownFileType = sourcecode.swift; path = AnimeDetourAPIClient_Guests.swift; sourceTree = "<group>"; };
		DA90BD6E1CA23E07006A5ACD /* AnimeDetourAPIClient_Sessions.swift */ = {isa = PBXFileReference; fileEncoding = 4; lastKnownFileType = sourcecode.swift; path = AnimeDetourAPIClient_Sessions.swift; sourceTree = "<group>"; };
		DA90BD6F1CA23E07006A5ACD /* AnimeDetourAPIClient_Singleton.swift */ = {isa = PBXFileReference; fileEncoding = 4; lastKnownFileType = sourcecode.swift; path = AnimeDetourAPIClient_Singleton.swift; sourceTree = "<group>"; };
		DA90BD721CA23E07006A5ACD /* Base */ = {isa = PBXFileReference; lastKnownFileType = file.storyboard; name = Base; path = Main.storyboard; sourceTree = "<group>"; };
		DA90BD741CA23E07006A5ACD /* StickyHeaderFlowLayout.swift */ = {isa = PBXFileReference; fileEncoding = 4; lastKnownFileType = sourcecode.swift; path = StickyHeaderFlowLayout.swift; sourceTree = "<group>"; };
		DA90BD761CA23E07006A5ACD /* SessionDataSource.swift */ = {isa = PBXFileReference; fileEncoding = 4; lastKnownFileType = sourcecode.swift; path = SessionDataSource.swift; sourceTree = "<group>"; };
		DA90BD781CA23E07006A5ACD /* CollectionViewFetchedResultsControllerDelegate.swift */ = {isa = PBXFileReference; fileEncoding = 4; lastKnownFileType = sourcecode.swift; path = CollectionViewFetchedResultsControllerDelegate.swift; sourceTree = "<group>"; };
		DA90BD791CA23E07006A5ACD /* TableViewFetchedResultsControllerDelegate.swift */ = {isa = PBXFileReference; fileEncoding = 4; lastKnownFileType = sourcecode.swift; path = TableViewFetchedResultsControllerDelegate.swift; sourceTree = "<group>"; };
		DA90BD7B1CA23E07006A5ACD /* UICollectionViewFlowLayout.swift */ = {isa = PBXFileReference; fileEncoding = 4; lastKnownFileType = sourcecode.swift; path = UICollectionViewFlowLayout.swift; sourceTree = "<group>"; };
		DA90BD7C1CA23E07006A5ACD /* UIColor.swift */ = {isa = PBXFileReference; fileEncoding = 4; lastKnownFileType = sourcecode.swift; path = UIColor.swift; sourceTree = "<group>"; };
		DA90BD7D1CA23E07006A5ACD /* Images.xcassets */ = {isa = PBXFileReference; lastKnownFileType = folder.assetcatalog; path = Images.xcassets; sourceTree = "<group>"; };
		DA90BD7E1CA23E07006A5ACD /* LaunchScreen.storyboard */ = {isa = PBXFileReference; fileEncoding = 4; lastKnownFileType = file.storyboard; path = LaunchScreen.storyboard; sourceTree = "<group>"; };
		DA90BD801CA23E07006A5ACD /* CoreDataController_Singleton.swift */ = {isa = PBXFileReference; fileEncoding = 4; lastKnownFileType = sourcecode.swift; path = CoreDataController_Singleton.swift; sourceTree = "<group>"; };
		DA90BD811CA23E07006A5ACD /* DataStatusDefaultsController.swift */ = {isa = PBXFileReference; fileEncoding = 4; lastKnownFileType = sourcecode.swift; path = DataStatusDefaultsController.swift; sourceTree = "<group>"; };
		DA90BD821CA23E07006A5ACD /* ImageFaceDetector.swift */ = {isa = PBXFileReference; fileEncoding = 4; lastKnownFileType = sourcecode.swift; path = ImageFaceDetector.swift; sourceTree = "<group>"; };
		DA90BD831CA23E07006A5ACD /* NotificationPermissionRequester.swift */ = {isa = PBXFileReference; fileEncoding = 4; lastKnownFileType = sourcecode.swift; path = NotificationPermissionRequester.swift; sourceTree = "<group>"; };
		DA90BD841CA23E07006A5ACD /* SessionNotificationScheduler.swift */ = {isa = PBXFileReference; fileEncoding = 4; lastKnownFileType = sourcecode.swift; path = SessionNotificationScheduler.swift; sourceTree = "<group>"; };
		DA90BD851CA23E07006A5ACD /* UserDefaultsUpdater.swift */ = {isa = PBXFileReference; fileEncoding = 4; lastKnownFileType = sourcecode.swift; path = UserDefaultsUpdater.swift; sourceTree = "<group>"; };
		DA90BD871CA23E07006A5ACD /* SelectedSessionCategory.swift */ = {isa = PBXFileReference; fileEncoding = 4; lastKnownFileType = sourcecode.swift; path = SelectedSessionCategory.swift; sourceTree = "<group>"; };
		DA90BD891CA23E07006A5ACD /* Acknowledgements.swift */ = {isa = PBXFileReference; fileEncoding = 4; lastKnownFileType = sourcecode.swift; path = Acknowledgements.swift; sourceTree = "<group>"; };
		DA90BD8A1CA23E07006A5ACD /* InternalSettings.swift */ = {isa = PBXFileReference; fileEncoding = 4; lastKnownFileType = sourcecode.swift; path = InternalSettings.swift; sourceTree = "<group>"; };
		DA90BD8B1CA23E07006A5ACD /* SessionSettings.swift */ = {isa = PBXFileReference; fileEncoding = 4; lastKnownFileType = sourcecode.swift; path = SessionSettings.swift; sourceTree = "<group>"; };
		DA90BD8C1CA23E07006A5ACD /* Settings.swift */ = {isa = PBXFileReference; fileEncoding = 4; lastKnownFileType = sourcecode.swift; path = Settings.swift; sourceTree = "<group>"; };
		DA90BD8E1CA23E07006A5ACD /* UserActivityController.swift */ = {isa = PBXFileReference; fileEncoding = 4; lastKnownFileType = sourcecode.swift; path = UserActivityController.swift; sourceTree = "<group>"; };
		DA90BD901CA23E07006A5ACD /* GuestCollectionViewController.swift */ = {isa = PBXFileReference; fileEncoding = 4; lastKnownFileType = sourcecode.swift; path = GuestCollectionViewController.swift; sourceTree = "<group>"; };
		DA90BD911CA23E07006A5ACD /* GuestDetailTableViewController.swift */ = {isa = PBXFileReference; fileEncoding = 4; lastKnownFileType = sourcecode.swift; path = GuestDetailTableViewController.swift; sourceTree = "<group>"; };
		DA90BD921CA23E07006A5ACD /* InformationViewController.swift */ = {isa = PBXFileReference; fileEncoding = 4; lastKnownFileType = sourcecode.swift; path = InformationViewController.swift; sourceTree = "<group>"; };
		DA90BD931CA23E07006A5ACD /* MapsViewController.swift */ = {isa = PBXFileReference; fileEncoding = 4; lastKnownFileType = sourcecode.swift; path = MapsViewController.swift; sourceTree = "<group>"; };
		DA90BD941CA23E07006A5ACD /* SessionCollectionViewController.swift */ = {isa = PBXFileReference; fileEncoding = 4; lastKnownFileType = sourcecode.swift; path = SessionCollectionViewController.swift; sourceTree = "<group>"; };
		DA90BD951CA23E07006A5ACD /* SessionFilterTableViewController.swift */ = {isa = PBXFileReference; fileEncoding = 4; lastKnownFileType = sourcecode.swift; path = SessionFilterTableViewController.swift; sourceTree = "<group>"; };
		DA90BD961CA23E07006A5ACD /* SessionTableViewController.swift */ = {isa = PBXFileReference; fileEncoding = 4; lastKnownFileType = sourcecode.swift; path = SessionTableViewController.swift; sourceTree = "<group>"; };
		DA90BD971CA23E07006A5ACD /* SessionViewController.swift */ = {isa = PBXFileReference; fileEncoding = 4; lastKnownFileType = sourcecode.swift; path = SessionViewController.swift; sourceTree = "<group>"; };
		DA90BD981CA23E07006A5ACD /* SettingsViewController.swift */ = {isa = PBXFileReference; fileEncoding = 4; lastKnownFileType = sourcecode.swift; path = SettingsViewController.swift; sourceTree = "<group>"; };
		DA90BD991CA23E07006A5ACD /* WebViewController.swift */ = {isa = PBXFileReference; fileEncoding = 4; lastKnownFileType = sourcecode.swift; path = WebViewController.swift; sourceTree = "<group>"; };
		DA90BD9B1CA23E07006A5ACD /* GuestViewModel.swift */ = {isa = PBXFileReference; fileEncoding = 4; lastKnownFileType = sourcecode.swift; path = GuestViewModel.swift; sourceTree = "<group>"; };
		DA90BD9C1CA23E07006A5ACD /* SessionViewModel.swift */ = {isa = PBXFileReference; fileEncoding = 4; lastKnownFileType = sourcecode.swift; path = SessionViewModel.swift; sourceTree = "<group>"; };
		DA90BD9E1CA23E07006A5ACD /* FaceDisplayingImageView.swift */ = {isa = PBXFileReference; fileEncoding = 4; lastKnownFileType = sourcecode.swift; path = FaceDisplayingImageView.swift; sourceTree = "<group>"; };
		DA90BD9F1CA23E07006A5ACD /* GuestCollectionViewCell.swift */ = {isa = PBXFileReference; fileEncoding = 4; lastKnownFileType = sourcecode.swift; path = GuestCollectionViewCell.swift; sourceTree = "<group>"; };
		DA90BDA01CA23E07006A5ACD /* ImageHeaderView.swift */ = {isa = PBXFileReference; fileEncoding = 4; lastKnownFileType = sourcecode.swift; path = ImageHeaderView.swift; sourceTree = "<group>"; };
		DA90BDA11CA23E07006A5ACD /* SegmentedControlCollectionReusableView.swift */ = {isa = PBXFileReference; fileEncoding = 4; lastKnownFileType = sourcecode.swift; path = SegmentedControlCollectionReusableView.swift; sourceTree = "<group>"; };
		DA90BDA21CA23E07006A5ACD /* SessionCollectionViewCell.swift */ = {isa = PBXFileReference; fileEncoding = 4; lastKnownFileType = sourcecode.swift; path = SessionCollectionViewCell.swift; sourceTree = "<group>"; };
		DA90BDA31CA23E07006A5ACD /* SessionTableViewCell.swift */ = {isa = PBXFileReference; fileEncoding = 4; lastKnownFileType = sourcecode.swift; path = SessionTableViewCell.swift; sourceTree = "<group>"; };
		DA90BDA41CA23E07006A5ACD /* SessionTableViewHeaderView.swift */ = {isa = PBXFileReference; fileEncoding = 4; lastKnownFileType = sourcecode.swift; path = SessionTableViewHeaderView.swift; sourceTree = "<group>"; };
		DA90BDA51CA23E07006A5ACD /* SessionView.swift */ = {isa = PBXFileReference; fileEncoding = 4; lastKnownFileType = sourcecode.swift; path = SessionView.swift; sourceTree = "<group>"; };
		DA90BDA61CA23E07006A5ACD /* StretchingImageHeaderContainer.swift */ = {isa = PBXFileReference; fileEncoding = 4; lastKnownFileType = sourcecode.swift; path = StretchingImageHeaderContainer.swift; sourceTree = "<group>"; };
		DA90BDA71CA23E07006A5ACD /* TextHeaderCollectionReusableView.swift */ = {isa = PBXFileReference; fileEncoding = 4; lastKnownFileType = sourcecode.swift; path = TextHeaderCollectionReusableView.swift; sourceTree = "<group>"; };
		DA90BDDB1CA23E25006A5ACD /* Anime Detour-Bridging-Header.h */ = {isa = PBXFileReference; lastKnownFileType = sourcecode.c.h; path = "Anime Detour-Bridging-Header.h"; sourceTree = "<group>"; };
		DA90BDE81CA23F17006A5ACD /* Anime Detour API.xcodeproj */ = {isa = PBXFileReference; lastKnownFileType = "wrapper.pb-project"; name = "Anime Detour API.xcodeproj"; path = "Anime Detour API/Anime Detour API.xcodeproj"; sourceTree = "<group>"; };
		DA90BDEE1CA23F1F006A5ACD /* Anime Detour Data Model.xcodeproj */ = {isa = PBXFileReference; lastKnownFileType = "wrapper.pb-project"; name = "Anime Detour Data Model.xcodeproj"; path = "Anime Detour Data Model/Anime Detour Data Model.xcodeproj"; sourceTree = "<group>"; };
		DA96520D1CA23BBB00EA4112 /* Anime Detour.app */ = {isa = PBXFileReference; explicitFileType = wrapper.application; includeInIndex = 0; path = "Anime Detour.app"; sourceTree = BUILT_PRODUCTS_DIR; };
		DA9652101CA23BBB00EA4112 /* AppDelegate.swift */ = {isa = PBXFileReference; lastKnownFileType = sourcecode.swift; path = AppDelegate.swift; sourceTree = "<group>"; };
		DA9652151CA23BBB00EA4112 /* Base */ = {isa = PBXFileReference; lastKnownFileType = file.storyboard; name = Base; path = Base.lproj/Main.storyboard; sourceTree = "<group>"; };
		DA96521C1CA23BBB00EA4112 /* Info.plist */ = {isa = PBXFileReference; lastKnownFileType = text.plist.xml; path = Info.plist; sourceTree = "<group>"; };
		FB42EA03A5C9F3E6AA640554 /* Pods.framework */ = {isa = PBXFileReference; explicitFileType = wrapper.framework; includeInIndex = 0; path = Pods.framework; sourceTree = BUILT_PRODUCTS_DIR; };
/* End PBXFileReference section */

/* Begin PBXFrameworksBuildPhase section */
		DA96520A1CA23BBB00EA4112 /* Frameworks */ = {
			isa = PBXFrameworksBuildPhase;
			buildActionMask = 2147483647;
			files = (
				131E853CBE8DA6A3B7E54D2B /* Pods.framework in Frameworks */,
			);
			runOnlyForDeploymentPostprocessing = 0;
		};
/* End PBXFrameworksBuildPhase section */

/* Begin PBXGroup section */
		5C1A20F1181952C60234AEEB /* Pods */ = {
			isa = PBXGroup;
			children = (
				89845D4298D7D6831C8AF0FC /* Pods.debug.xcconfig */,
				0EDC32C1F49B201EDB48C6C7 /* Pods.release.xcconfig */,
			);
			name = Pods;
			sourceTree = "<group>";
		};
		BBA15183FEF1DA24167747C7 /* Frameworks */ = {
			isa = PBXGroup;
			children = (
				FB42EA03A5C9F3E6AA640554 /* Pods.framework */,
			);
			name = Frameworks;
			sourceTree = "<group>";
		};
		DA0E971A1CA23CFA00043A30 /* Resources */ = {
			isa = PBXGroup;
			children = (
				DA0E971B1CA23CFA00043A30 /* Maps */,
				DA0E971F1CA23CFA00043A30 /* Settings.bundle */,
			);
			path = Resources;
			sourceTree = "<group>";
		};
		DA0E971B1CA23CFA00043A30 /* Maps */ = {
			isa = PBXGroup;
			children = (
				DA0E971C1CA23CFA00043A30 /* DoubleTree_Floor1_2015.jpg */,
				DA0E971D1CA23CFA00043A30 /* DoubleTree_Floor22_2015.jpg */,
				DA0E971E1CA23CFA00043A30 /* DoubleTree_Floor2_2015.jpg */,
			);
			path = Maps;
			sourceTree = "<group>";
		};
		DA90BD621CA23E07006A5ACD /* 3D Touch */ = {
			isa = PBXGroup;
			children = (
			);
			path = "3D Touch";
			sourceTree = "<group>";
		};
		DA90BD631CA23E07006A5ACD /* Analytics */ = {
			isa = PBXGroup;
			children = (
				DA90BD641CA23E07006A5ACD /* AnalyticsConstants.swift */,
				DA90BD651CA23E07006A5ACD /* AnalyticsScreen.swift */,
				DA90BD661CA23E07006A5ACD /* AnalyticsViewControllers.swift */,
				DA90BD671CA23E07006A5ACD /* GAIDictionaryBuilder_AnalyticsConstants.swift */,
			);
			path = Analytics;
			sourceTree = "<group>";
		};
		DA90BD681CA23E07006A5ACD /* Anime Detour Data Model */ = {
			isa = PBXGroup;
			children = (
				DA90BD691CA23E07006A5ACD /* Anime Detour Data Model */,
			);
			path = "Anime Detour Data Model";
			sourceTree = "<group>";
		};
		DA90BD691CA23E07006A5ACD /* Anime Detour Data Model */ = {
			isa = PBXGroup;
			children = (
				DA90BD6A1CA23E07006A5ACD /* Anime Detour Data Model.h */,
				DA90BD6B1CA23E07006A5ACD /* Info.plist */,
			);
			path = "Anime Detour Data Model";
			sourceTree = "<group>";
		};
		DA90BD6C1CA23E07006A5ACD /* API Client */ = {
			isa = PBXGroup;
			children = (
				DA90BD6D1CA23E07006A5ACD /* AnimeDetourAPIClient_Guests.swift */,
				DA90BD6E1CA23E07006A5ACD /* AnimeDetourAPIClient_Sessions.swift */,
				DA90BD6F1CA23E07006A5ACD /* AnimeDetourAPIClient_Singleton.swift */,
			);
			path = "API Client";
			sourceTree = "<group>";
		};
		DA90BD701CA23E07006A5ACD /* Base.lproj */ = {
			isa = PBXGroup;
			children = (
				DA90BD711CA23E07006A5ACD /* Main.storyboard */,
			);
			path = Base.lproj;
			sourceTree = "<group>";
		};
		DA90BD731CA23E07006A5ACD /* Collection View Support */ = {
			isa = PBXGroup;
			children = (
				DA90BD741CA23E07006A5ACD /* StickyHeaderFlowLayout.swift */,
			);
			path = "Collection View Support";
			sourceTree = "<group>";
		};
		DA90BD751CA23E07006A5ACD /* Data Sources */ = {
			isa = PBXGroup;
			children = (
				DA90BD761CA23E07006A5ACD /* SessionDataSource.swift */,
			);
			path = "Data Sources";
			sourceTree = "<group>";
		};
		DA90BD771CA23E07006A5ACD /* Delegates */ = {
			isa = PBXGroup;
			children = (
				DA90BD781CA23E07006A5ACD /* CollectionViewFetchedResultsControllerDelegate.swift */,
				DA90BD791CA23E07006A5ACD /* TableViewFetchedResultsControllerDelegate.swift */,
			);
			path = Delegates;
			sourceTree = "<group>";
		};
		DA90BD7A1CA23E07006A5ACD /* Extensions */ = {
			isa = PBXGroup;
			children = (
				DA90BD7B1CA23E07006A5ACD /* UICollectionViewFlowLayout.swift */,
				DA90BD7C1CA23E07006A5ACD /* UIColor.swift */,
			);
			path = Extensions;
			sourceTree = "<group>";
		};
		DA90BD7F1CA23E07006A5ACD /* Model Controllers */ = {
			isa = PBXGroup;
			children = (
				DA90BD801CA23E07006A5ACD /* CoreDataController_Singleton.swift */,
				DA90BD811CA23E07006A5ACD /* DataStatusDefaultsController.swift */,
				DA90BD821CA23E07006A5ACD /* ImageFaceDetector.swift */,
				DA90BD831CA23E07006A5ACD /* NotificationPermissionRequester.swift */,
				DA90BD841CA23E07006A5ACD /* SessionNotificationScheduler.swift */,
				DA90BD851CA23E07006A5ACD /* UserDefaultsUpdater.swift */,
			);
			path = "Model Controllers";
			sourceTree = "<group>";
		};
		DA90BD861CA23E07006A5ACD /* Models */ = {
			isa = PBXGroup;
			children = (
				DA90BD871CA23E07006A5ACD /* SelectedSessionCategory.swift */,
				DA90BD881CA23E07006A5ACD /* Settings */,
			);
			path = Models;
			sourceTree = "<group>";
		};
		DA90BD881CA23E07006A5ACD /* Settings */ = {
			isa = PBXGroup;
			children = (
				DA90BD891CA23E07006A5ACD /* Acknowledgements.swift */,
				DA90BD8A1CA23E07006A5ACD /* InternalSettings.swift */,
				DA90BD8B1CA23E07006A5ACD /* SessionSettings.swift */,
				DA90BD8C1CA23E07006A5ACD /* Settings.swift */,
			);
			path = Settings;
			sourceTree = "<group>";
		};
		DA90BD8D1CA23E07006A5ACD /* User Activity */ = {
			isa = PBXGroup;
			children = (
				DA90BD8E1CA23E07006A5ACD /* UserActivityController.swift */,
			);
			path = "User Activity";
			sourceTree = "<group>";
		};
		DA90BD8F1CA23E07006A5ACD /* View Controllers */ = {
			isa = PBXGroup;
			children = (
				DA90BD901CA23E07006A5ACD /* GuestCollectionViewController.swift */,
				DA90BD911CA23E07006A5ACD /* GuestDetailTableViewController.swift */,
				DA90BD921CA23E07006A5ACD /* InformationViewController.swift */,
				DA90BD931CA23E07006A5ACD /* MapsViewController.swift */,
				DA90BD941CA23E07006A5ACD /* SessionCollectionViewController.swift */,
				DA90BD951CA23E07006A5ACD /* SessionFilterTableViewController.swift */,
				DA90BD961CA23E07006A5ACD /* SessionTableViewController.swift */,
				DA90BD971CA23E07006A5ACD /* SessionViewController.swift */,
				DA90BD981CA23E07006A5ACD /* SettingsViewController.swift */,
				DA90BD991CA23E07006A5ACD /* WebViewController.swift */,
			);
			path = "View Controllers";
			sourceTree = "<group>";
		};
		DA90BD9A1CA23E07006A5ACD /* View Models */ = {
			isa = PBXGroup;
			children = (
				DA90BD9B1CA23E07006A5ACD /* GuestViewModel.swift */,
				DA90BD9C1CA23E07006A5ACD /* SessionViewModel.swift */,
			);
			path = "View Models";
			sourceTree = "<group>";
		};
		DA90BD9D1CA23E07006A5ACD /* Views */ = {
			isa = PBXGroup;
			children = (
				DA90BD9E1CA23E07006A5ACD /* FaceDisplayingImageView.swift */,
				DA90BD9F1CA23E07006A5ACD /* GuestCollectionViewCell.swift */,
				DA90BDA01CA23E07006A5ACD /* ImageHeaderView.swift */,
				DA90BDA11CA23E07006A5ACD /* SegmentedControlCollectionReusableView.swift */,
				DA90BDA21CA23E07006A5ACD /* SessionCollectionViewCell.swift */,
				DA90BDA31CA23E07006A5ACD /* SessionTableViewCell.swift */,
				DA90BDA41CA23E07006A5ACD /* SessionTableViewHeaderView.swift */,
				DA90BDA51CA23E07006A5ACD /* SessionView.swift */,
				DA90BDA61CA23E07006A5ACD /* StretchingImageHeaderContainer.swift */,
				DA90BDA71CA23E07006A5ACD /* TextHeaderCollectionReusableView.swift */,
			);
			path = Views;
			sourceTree = "<group>";
		};
		DA90BDE91CA23F17006A5ACD /* Products */ = {
			isa = PBXGroup;
			children = (
				DA90BDED1CA23F17006A5ACD /* AnimeDetourAPI.framework */,
			);
			name = Products;
			sourceTree = "<group>";
		};
		DA90BDEF1CA23F1F006A5ACD /* Products */ = {
			isa = PBXGroup;
			children = (
				DA90BDF31CA23F1F006A5ACD /* AnimeDetourDataModel.framework */,
			);
			name = Products;
			sourceTree = "<group>";
		};
		DA9652041CA23BBB00EA4112 = {
			isa = PBXGroup;
			children = (
				DA96520F1CA23BBB00EA4112 /* Anime Detour */,
				DA96520E1CA23BBB00EA4112 /* Products */,
				5C1A20F1181952C60234AEEB /* Pods */,
				BBA15183FEF1DA24167747C7 /* Frameworks */,
				DA90BDE81CA23F17006A5ACD /* Anime Detour API.xcodeproj */,
				DA90BDEE1CA23F1F006A5ACD /* Anime Detour Data Model.xcodeproj */,
			);
			sourceTree = "<group>";
		};
		DA96520E1CA23BBB00EA4112 /* Products */ = {
			isa = PBXGroup;
			children = (
				DA96520D1CA23BBB00EA4112 /* Anime Detour.app */,
			);
			name = Products;
			sourceTree = "<group>";
		};
		DA96520F1CA23BBB00EA4112 /* Anime Detour */ = {
			isa = PBXGroup;
			children = (
				DA90BD621CA23E07006A5ACD /* 3D Touch */,
				DA90BD631CA23E07006A5ACD /* Analytics */,
				DA90BD681CA23E07006A5ACD /* Anime Detour Data Model */,
				DA90BD6C1CA23E07006A5ACD /* API Client */,
				DA90BD701CA23E07006A5ACD /* Base.lproj */,
				DA90BD731CA23E07006A5ACD /* Collection View Support */,
				DA90BD751CA23E07006A5ACD /* Data Sources */,
				DA90BD771CA23E07006A5ACD /* Delegates */,
				DA90BD7A1CA23E07006A5ACD /* Extensions */,
				DA90BD7D1CA23E07006A5ACD /* Images.xcassets */,
				DA90BD7E1CA23E07006A5ACD /* LaunchScreen.storyboard */,
				DA90BD7F1CA23E07006A5ACD /* Model Controllers */,
				DA90BD861CA23E07006A5ACD /* Models */,
				DA90BD8D1CA23E07006A5ACD /* User Activity */,
				DA90BD8F1CA23E07006A5ACD /* View Controllers */,
				DA90BD9A1CA23E07006A5ACD /* View Models */,
				DA90BD9D1CA23E07006A5ACD /* Views */,
				DA90BDDB1CA23E25006A5ACD /* Anime Detour-Bridging-Header.h */,
				DA9652101CA23BBB00EA4112 /* AppDelegate.swift */,
				DA9652141CA23BBB00EA4112 /* Main.storyboard */,
				DA96521C1CA23BBB00EA4112 /* Info.plist */,
				DA0E971A1CA23CFA00043A30 /* Resources */,
			);
			path = "Anime Detour";
			sourceTree = "<group>";
		};
/* End PBXGroup section */

/* Begin PBXNativeTarget section */
		DA96520C1CA23BBB00EA4112 /* Anime Detour */ = {
			isa = PBXNativeTarget;
			buildConfigurationList = DA96521F1CA23BBB00EA4112 /* Build configuration list for PBXNativeTarget "Anime Detour" */;
			buildPhases = (
				2C7D70240DFB5B6AA0412A26 /* Check Pods Manifest.lock */,
				DA9652091CA23BBB00EA4112 /* Sources */,
				DA96520A1CA23BBB00EA4112 /* Frameworks */,
				DA96520B1CA23BBB00EA4112 /* Resources */,
				AB53C9251037F00B1A0F364F /* Embed Pods Frameworks */,
				523DAB4062575C338C7ADAB5 /* Copy Pods Resources */,
				DA90BDF81CA23F33006A5ACD /* Copy Frameworks */,
			);
			buildRules = (
			);
			dependencies = (
				DA90BDF71CA23F2F006A5ACD /* PBXTargetDependency */,
				DA90BDF51CA23F2C006A5ACD /* PBXTargetDependency */,
			);
			name = "Anime Detour";
			productName = "Anime Detour";
			productReference = DA96520D1CA23BBB00EA4112 /* Anime Detour.app */;
			productType = "com.apple.product-type.application";
		};
/* End PBXNativeTarget section */

/* Begin PBXProject section */
		DA9652051CA23BBB00EA4112 /* Project object */ = {
			isa = PBXProject;
			attributes = {
				LastSwiftUpdateCheck = 0730;
				LastUpgradeCheck = 0730;
				ORGANIZATIONNAME = "Anime Twin Cities, Inc";
				TargetAttributes = {
					DA96520C1CA23BBB00EA4112 = {
						CreatedOnToolsVersion = 7.3;
						DevelopmentTeam = CSE7H7E6BP;
					};
				};
			};
			buildConfigurationList = DA9652081CA23BBB00EA4112 /* Build configuration list for PBXProject "Anime Detour" */;
			compatibilityVersion = "Xcode 3.2";
			developmentRegion = English;
			hasScannedForEncodings = 0;
			knownRegions = (
				en,
				Base,
			);
			mainGroup = DA9652041CA23BBB00EA4112;
			productRefGroup = DA96520E1CA23BBB00EA4112 /* Products */;
			projectDirPath = "";
			projectReferences = (
				{
					ProductGroup = DA90BDE91CA23F17006A5ACD /* Products */;
					ProjectRef = DA90BDE81CA23F17006A5ACD /* Anime Detour API.xcodeproj */;
				},
				{
					ProductGroup = DA90BDEF1CA23F1F006A5ACD /* Products */;
					ProjectRef = DA90BDEE1CA23F1F006A5ACD /* Anime Detour Data Model.xcodeproj */;
				},
			);
			projectRoot = "";
			targets = (
				DA96520C1CA23BBB00EA4112 /* Anime Detour */,
			);
		};
/* End PBXProject section */

/* Begin PBXReferenceProxy section */
		DA90BDED1CA23F17006A5ACD /* AnimeDetourAPI.framework */ = {
			isa = PBXReferenceProxy;
			fileType = wrapper.framework;
			path = AnimeDetourAPI.framework;
			remoteRef = DA90BDEC1CA23F17006A5ACD /* PBXContainerItemProxy */;
			sourceTree = BUILT_PRODUCTS_DIR;
		};
		DA90BDF31CA23F1F006A5ACD /* AnimeDetourDataModel.framework */ = {
			isa = PBXReferenceProxy;
			fileType = wrapper.framework;
			path = AnimeDetourDataModel.framework;
			remoteRef = DA90BDF21CA23F1F006A5ACD /* PBXContainerItemProxy */;
			sourceTree = BUILT_PRODUCTS_DIR;
		};
/* End PBXReferenceProxy section */

/* Begin PBXResourcesBuildPhase section */
		DA96520B1CA23BBB00EA4112 /* Resources */ = {
			isa = PBXResourcesBuildPhase;
			buildActionMask = 2147483647;
			files = (
				DA90BDB81CA23E07006A5ACD /* LaunchScreen.storyboard in Resources */,
				DA90BDB01CA23E07006A5ACD /* Main.storyboard in Resources */,
				DA90BDB71CA23E07006A5ACD /* Images.xcassets in Resources */,
				DA0E97211CA23CFA00043A30 /* DoubleTree_Floor22_2015.jpg in Resources */,
				DA0E97201CA23CFA00043A30 /* DoubleTree_Floor1_2015.jpg in Resources */,
				DA90BDAC1CA23E07006A5ACD /* Info.plist in Resources */,
				DA0E97221CA23CFA00043A30 /* DoubleTree_Floor2_2015.jpg in Resources */,
				DA9652161CA23BBB00EA4112 /* Main.storyboard in Resources */,
				DA0E97231CA23CFA00043A30 /* Settings.bundle in Resources */,
			);
			runOnlyForDeploymentPostprocessing = 0;
		};
/* End PBXResourcesBuildPhase section */

/* Begin PBXShellScriptBuildPhase section */
		2C7D70240DFB5B6AA0412A26 /* Check Pods Manifest.lock */ = {
			isa = PBXShellScriptBuildPhase;
			buildActionMask = 2147483647;
			files = (
			);
			inputPaths = (
			);
			name = "Check Pods Manifest.lock";
			outputPaths = (
			);
			runOnlyForDeploymentPostprocessing = 0;
			shellPath = /bin/sh;
			shellScript = "diff \"${PODS_ROOT}/../Podfile.lock\" \"${PODS_ROOT}/Manifest.lock\" > /dev/null\nif [[ $? != 0 ]] ; then\n    cat << EOM\nerror: The sandbox is not in sync with the Podfile.lock. Run 'pod install' or update your CocoaPods installation.\nEOM\n    exit 1\nfi\n";
			showEnvVarsInLog = 0;
		};
		523DAB4062575C338C7ADAB5 /* Copy Pods Resources */ = {
			isa = PBXShellScriptBuildPhase;
			buildActionMask = 2147483647;
			files = (
			);
			inputPaths = (
			);
			name = "Copy Pods Resources";
			outputPaths = (
			);
			runOnlyForDeploymentPostprocessing = 0;
			shellPath = /bin/sh;
			shellScript = "\"${SRCROOT}/Pods/Target Support Files/Pods/Pods-resources.sh\"\n";
			showEnvVarsInLog = 0;
		};
		AB53C9251037F00B1A0F364F /* Embed Pods Frameworks */ = {
			isa = PBXShellScriptBuildPhase;
			buildActionMask = 2147483647;
			files = (
			);
			inputPaths = (
			);
			name = "Embed Pods Frameworks";
			outputPaths = (
			);
			runOnlyForDeploymentPostprocessing = 0;
			shellPath = /bin/sh;
			shellScript = "\"${SRCROOT}/Pods/Target Support Files/Pods/Pods-frameworks.sh\"\n";
			showEnvVarsInLog = 0;
		};
/* End PBXShellScriptBuildPhase section */

/* Begin PBXSourcesBuildPhase section */
		DA9652091CA23BBB00EA4112 /* Sources */ = {
			isa = PBXSourcesBuildPhase;
			buildActionMask = 2147483647;
			files = (
				DA90BDAD1CA23E07006A5ACD /* AnimeDetourAPIClient_Guests.swift in Sources */,
				DA90BDD81CA23E07006A5ACD /* SessionView.swift in Sources */,
				DA90BDB61CA23E07006A5ACD /* UIColor.swift in Sources */,
				DA90BDBD1CA23E07006A5ACD /* SessionNotificationScheduler.swift in Sources */,
				DA90BDBF1CA23E07006A5ACD /* SelectedSessionCategory.swift in Sources */,
				DA90BDD71CA23E07006A5ACD /* SessionTableViewHeaderView.swift in Sources */,
				DA90BDC01CA23E07006A5ACD /* Acknowledgements.swift in Sources */,
				DA90BDCC1CA23E07006A5ACD /* SessionViewController.swift in Sources */,
				DA90BDC21CA23E07006A5ACD /* SessionSettings.swift in Sources */,
				DA90BDD21CA23E07006A5ACD /* GuestCollectionViewCell.swift in Sources */,
				DA90BDBC1CA23E07006A5ACD /* NotificationPermissionRequester.swift in Sources */,
				DA90BDBE1CA23E07006A5ACD /* UserDefaultsUpdater.swift in Sources */,
				DA90BDC51CA23E07006A5ACD /* GuestCollectionViewController.swift in Sources */,
				DA90BDC91CA23E07006A5ACD /* SessionCollectionViewController.swift in Sources */,
				DA90BDB41CA23E07006A5ACD /* TableViewFetchedResultsControllerDelegate.swift in Sources */,
				DA90BDC41CA23E07006A5ACD /* UserActivityController.swift in Sources */,
				DA90BDD91CA23E07006A5ACD /* StretchingImageHeaderContainer.swift in Sources */,
				DA90BDC31CA23E07006A5ACD /* Settings.swift in Sources */,
				DA90BDBA1CA23E07006A5ACD /* DataStatusDefaultsController.swift in Sources */,
				DA90BDD01CA23E07006A5ACD /* SessionViewModel.swift in Sources */,
				DA90BDB21CA23E07006A5ACD /* SessionDataSource.swift in Sources */,
				DA90BDD41CA23E07006A5ACD /* SegmentedControlCollectionReusableView.swift in Sources */,
				DA90BDBB1CA23E07006A5ACD /* ImageFaceDetector.swift in Sources */,
				DA90BDC81CA23E07006A5ACD /* MapsViewController.swift in Sources */,
				DA90BDB31CA23E07006A5ACD /* CollectionViewFetchedResultsControllerDelegate.swift in Sources */,
				DA90BDCE1CA23E07006A5ACD /* WebViewController.swift in Sources */,
				DA90BDCA1CA23E07006A5ACD /* SessionFilterTableViewController.swift in Sources */,
				DA90BDA81CA23E07006A5ACD /* AnalyticsConstants.swift in Sources */,
				DA90BDA91CA23E07006A5ACD /* AnalyticsScreen.swift in Sources */,
				DA9652111CA23BBB00EA4112 /* AppDelegate.swift in Sources */,
				DA90BDCD1CA23E07006A5ACD /* SettingsViewController.swift in Sources */,
				DA90BDAB1CA23E07006A5ACD /* GAIDictionaryBuilder_AnalyticsConstants.swift in Sources */,
				DA90BDCB1CA23E07006A5ACD /* SessionTableViewController.swift in Sources */,
				DA90BDD51CA23E07006A5ACD /* SessionCollectionViewCell.swift in Sources */,
				DA90BDAE1CA23E07006A5ACD /* AnimeDetourAPIClient_Sessions.swift in Sources */,
				DA90BDAA1CA23E07006A5ACD /* AnalyticsViewControllers.swift in Sources */,
				DA90BDC71CA23E07006A5ACD /* InformationViewController.swift in Sources */,
				DA90BDC11CA23E07006A5ACD /* InternalSettings.swift in Sources */,
				DA90BDCF1CA23E07006A5ACD /* GuestViewModel.swift in Sources */,
				DA90BDB51CA23E07006A5ACD /* UICollectionViewFlowLayout.swift in Sources */,
				DA90BDD11CA23E07006A5ACD /* FaceDisplayingImageView.swift in Sources */,
				DA90BDDA1CA23E07006A5ACD /* TextHeaderCollectionReusableView.swift in Sources */,
				DA90BDB91CA23E07006A5ACD /* CoreDataController_Singleton.swift in Sources */,
				DA90BDC61CA23E07006A5ACD /* GuestDetailTableViewController.swift in Sources */,
				DA90BDD61CA23E07006A5ACD /* SessionTableViewCell.swift in Sources */,
				DA90BDD31CA23E07006A5ACD /* ImageHeaderView.swift in Sources */,
				DA90BDAF1CA23E07006A5ACD /* AnimeDetourAPIClient_Singleton.swift in Sources */,
				DA90BDB11CA23E07006A5ACD /* StickyHeaderFlowLayout.swift in Sources */,
			);
			runOnlyForDeploymentPostprocessing = 0;
		};
/* End PBXSourcesBuildPhase section */

/* Begin PBXTargetDependency section */
		DA90BDF51CA23F2C006A5ACD /* PBXTargetDependency */ = {
			isa = PBXTargetDependency;
			name = "Anime Detour API";
			targetProxy = DA90BDF41CA23F2C006A5ACD /* PBXContainerItemProxy */;
		};
		DA90BDF71CA23F2F006A5ACD /* PBXTargetDependency */ = {
			isa = PBXTargetDependency;
			name = AnimeDetourDataModel;
			targetProxy = DA90BDF61CA23F2F006A5ACD /* PBXContainerItemProxy */;
		};
/* End PBXTargetDependency section */

/* Begin PBXVariantGroup section */
		DA90BD711CA23E07006A5ACD /* Main.storyboard */ = {
			isa = PBXVariantGroup;
			children = (
				DA90BD721CA23E07006A5ACD /* Base */,
			);
			name = Main.storyboard;
			sourceTree = "<group>";
		};
		DA9652141CA23BBB00EA4112 /* Main.storyboard */ = {
			isa = PBXVariantGroup;
			children = (
				DA9652151CA23BBB00EA4112 /* Base */,
			);
			name = Main.storyboard;
			sourceTree = "<group>";
		};
/* End PBXVariantGroup section */

/* Begin XCBuildConfiguration section */
		DA96521D1CA23BBB00EA4112 /* Debug */ = {
			isa = XCBuildConfiguration;
			buildSettings = {
				ALWAYS_SEARCH_USER_PATHS = NO;
				CLANG_ANALYZER_NONNULL = YES;
				CLANG_CXX_LANGUAGE_STANDARD = "gnu++0x";
				CLANG_CXX_LIBRARY = "libc++";
				CLANG_ENABLE_MODULES = YES;
				CLANG_ENABLE_OBJC_ARC = YES;
				CLANG_WARN_BOOL_CONVERSION = YES;
				CLANG_WARN_CONSTANT_CONVERSION = YES;
				CLANG_WARN_DIRECT_OBJC_ISA_USAGE = YES_ERROR;
				CLANG_WARN_EMPTY_BODY = YES;
				CLANG_WARN_ENUM_CONVERSION = YES;
				CLANG_WARN_INT_CONVERSION = YES;
				CLANG_WARN_OBJC_ROOT_CLASS = YES_ERROR;
				CLANG_WARN_UNREACHABLE_CODE = YES;
				CLANG_WARN__DUPLICATE_METHOD_MATCH = YES;
				"CODE_SIGN_IDENTITY[sdk=iphoneos*]" = "iPhone Developer";
				COPY_PHASE_STRIP = NO;
				DEBUG_INFORMATION_FORMAT = dwarf;
				ENABLE_STRICT_OBJC_MSGSEND = YES;
				ENABLE_TESTABILITY = YES;
				GCC_C_LANGUAGE_STANDARD = gnu99;
				GCC_DYNAMIC_NO_PIC = NO;
				GCC_NO_COMMON_BLOCKS = YES;
				GCC_OPTIMIZATION_LEVEL = 0;
				GCC_PREPROCESSOR_DEFINITIONS = (
					"DEBUG=1",
					"$(inherited)",
				);
				GCC_WARN_64_TO_32_BIT_CONVERSION = YES;
				GCC_WARN_ABOUT_RETURN_TYPE = YES_ERROR;
				GCC_WARN_UNDECLARED_SELECTOR = YES;
				GCC_WARN_UNINITIALIZED_AUTOS = YES_AGGRESSIVE;
				GCC_WARN_UNUSED_FUNCTION = YES;
				GCC_WARN_UNUSED_VARIABLE = YES;
				IPHONEOS_DEPLOYMENT_TARGET = 9.3;
				MTL_ENABLE_DEBUG_INFO = YES;
				ONLY_ACTIVE_ARCH = YES;
				SDKROOT = iphoneos;
				SWIFT_OPTIMIZATION_LEVEL = "-Onone";
				TARGETED_DEVICE_FAMILY = "1,2";
			};
			name = Debug;
		};
		DA96521E1CA23BBB00EA4112 /* Release */ = {
			isa = XCBuildConfiguration;
			buildSettings = {
				ALWAYS_SEARCH_USER_PATHS = NO;
				CLANG_ANALYZER_NONNULL = YES;
				CLANG_CXX_LANGUAGE_STANDARD = "gnu++0x";
				CLANG_CXX_LIBRARY = "libc++";
				CLANG_ENABLE_MODULES = YES;
				CLANG_ENABLE_OBJC_ARC = YES;
				CLANG_WARN_BOOL_CONVERSION = YES;
				CLANG_WARN_CONSTANT_CONVERSION = YES;
				CLANG_WARN_DIRECT_OBJC_ISA_USAGE = YES_ERROR;
				CLANG_WARN_EMPTY_BODY = YES;
				CLANG_WARN_ENUM_CONVERSION = YES;
				CLANG_WARN_INT_CONVERSION = YES;
				CLANG_WARN_OBJC_ROOT_CLASS = YES_ERROR;
				CLANG_WARN_UNREACHABLE_CODE = YES;
				CLANG_WARN__DUPLICATE_METHOD_MATCH = YES;
				"CODE_SIGN_IDENTITY[sdk=iphoneos*]" = "iPhone Developer";
				COPY_PHASE_STRIP = NO;
				DEBUG_INFORMATION_FORMAT = "dwarf-with-dsym";
				ENABLE_NS_ASSERTIONS = NO;
				ENABLE_STRICT_OBJC_MSGSEND = YES;
				GCC_C_LANGUAGE_STANDARD = gnu99;
				GCC_NO_COMMON_BLOCKS = YES;
				GCC_WARN_64_TO_32_BIT_CONVERSION = YES;
				GCC_WARN_ABOUT_RETURN_TYPE = YES_ERROR;
				GCC_WARN_UNDECLARED_SELECTOR = YES;
				GCC_WARN_UNINITIALIZED_AUTOS = YES_AGGRESSIVE;
				GCC_WARN_UNUSED_FUNCTION = YES;
				GCC_WARN_UNUSED_VARIABLE = YES;
				IPHONEOS_DEPLOYMENT_TARGET = 9.3;
				MTL_ENABLE_DEBUG_INFO = NO;
				SDKROOT = iphoneos;
				TARGETED_DEVICE_FAMILY = "1,2";
				VALIDATE_PRODUCT = YES;
			};
			name = Release;
		};
		DA9652201CA23BBB00EA4112 /* Debug */ = {
			isa = XCBuildConfiguration;
			baseConfigurationReference = 89845D4298D7D6831C8AF0FC /* Pods.debug.xcconfig */;
			buildSettings = {
				ASSETCATALOG_COMPILER_APPICON_NAME = AppIcon;
				CODE_SIGN_IDENTITY = "iPhone Developer";
				INFOPLIST_FILE = "Anime Detour/Info.plist";
				LD_RUNPATH_SEARCH_PATHS = "$(inherited) @executable_path/Frameworks";
				PRODUCT_BUNDLE_IDENTIFIER = com.animedetour.mobile;
				PRODUCT_NAME = "$(TARGET_NAME)";
				SWIFT_OBJC_BRIDGING_HEADER = "Anime Detour/Anime Detour-Bridging-Header.h";
			};
			name = Debug;
		};
		DA9652211CA23BBB00EA4112 /* Release */ = {
			isa = XCBuildConfiguration;
			baseConfigurationReference = 0EDC32C1F49B201EDB48C6C7 /* Pods.release.xcconfig */;
			buildSettings = {
				ASSETCATALOG_COMPILER_APPICON_NAME = AppIcon;
				CODE_SIGN_IDENTITY = "iPhone Developer";
				INFOPLIST_FILE = "Anime Detour/Info.plist";
				LD_RUNPATH_SEARCH_PATHS = "$(inherited) @executable_path/Frameworks";
				PRODUCT_BUNDLE_IDENTIFIER = com.animedetour.mobile;
				PRODUCT_NAME = "$(TARGET_NAME)";
				SWIFT_OBJC_BRIDGING_HEADER = "Anime Detour/Anime Detour-Bridging-Header.h";
			};
			name = Release;
		};
/* End XCBuildConfiguration section */

/* Begin XCConfigurationList section */
		DA9652081CA23BBB00EA4112 /* Build configuration list for PBXProject "Anime Detour" */ = {
			isa = XCConfigurationList;
			buildConfigurations = (
				DA96521D1CA23BBB00EA4112 /* Debug */,
				DA96521E1CA23BBB00EA4112 /* Release */,
			);
			defaultConfigurationIsVisible = 0;
			defaultConfigurationName = Release;
		};
		DA96521F1CA23BBB00EA4112 /* Build configuration list for PBXNativeTarget "Anime Detour" */ = {
			isa = XCConfigurationList;
			buildConfigurations = (
				DA9652201CA23BBB00EA4112 /* Debug */,
				DA9652211CA23BBB00EA4112 /* Release */,
			);
			defaultConfigurationIsVisible = 0;
			defaultConfigurationName = Release;
		};
/* End XCConfigurationList section */
	};
	rootObject = DA9652051CA23BBB00EA4112 /* Project object */;
}
