// !$*UTF8*$!
{
	archiveVersion = 1;
	classes = {
	};
	objectVersion = 46;
	objects = {

/* Begin PBXBuildFile section */
		0E50016B89AA1F69541D5126 /* Pods.framework in Frameworks */ = {isa = PBXBuildFile; fileRef = F77720ADE8BAD8023AEC2D54 /* Pods.framework */; };
		5C0EF2DD19FB2E4400FA8EEC /* CoreDataController_Singleton.swift in Sources */ = {isa = PBXBuildFile; fileRef = 5C0EF2DC19FB2E4400FA8EEC /* CoreDataController_Singleton.swift */; };
		5C16772919EB6B720097B1D3 /* SessionViewModel.swift in Sources */ = {isa = PBXBuildFile; fileRef = 5C16772819EB6B720097B1D3 /* SessionViewModel.swift */; };
		5C1694801A6AF76C0082F197 /* SessionTableViewCell.swift in Sources */ = {isa = PBXBuildFile; fileRef = 5C16947F1A6AF76C0082F197 /* SessionTableViewCell.swift */; };
		5C1694821A6AF83C0082F197 /* TableViewFetchedResultsControllerDelegate.swift in Sources */ = {isa = PBXBuildFile; fileRef = 5C1694811A6AF83C0082F197 /* TableViewFetchedResultsControllerDelegate.swift */; };
		5C16948D1A6CB6880082F197 /* SessionDataSource.swift in Sources */ = {isa = PBXBuildFile; fileRef = 5C16948C1A6CB6880082F197 /* SessionDataSource.swift */; };
		5C204FA51A7D6BC90050B793 /* SessionFilterTableViewController.swift in Sources */ = {isa = PBXBuildFile; fileRef = 5C204FA41A7D6BC90050B793 /* SessionFilterTableViewController.swift */; };
		5C204FAC1A7DB7F50050B793 /* GuestDetailTableViewController.swift in Sources */ = {isa = PBXBuildFile; fileRef = 5C204FAB1A7DB7F50050B793 /* GuestDetailTableViewController.swift */; };
		5C3025811A746A7500ACE278 /* UIColor.swift in Sources */ = {isa = PBXBuildFile; fileRef = 5C3025801A746A7500ACE278 /* UIColor.swift */; };
		5C317A991A916F6600E668F5 /* DoubleTree_Floor1_2015.jpg in Resources */ = {isa = PBXBuildFile; fileRef = 5C317A961A916F6600E668F5 /* DoubleTree_Floor1_2015.jpg */; };
		5C317A9A1A916F6600E668F5 /* DoubleTree_Floor2_2015.jpg in Resources */ = {isa = PBXBuildFile; fileRef = 5C317A971A916F6600E668F5 /* DoubleTree_Floor2_2015.jpg */; };
		5C317A9B1A916F6600E668F5 /* DoubleTree_Floor22_2015.jpg in Resources */ = {isa = PBXBuildFile; fileRef = 5C317A981A916F6600E668F5 /* DoubleTree_Floor22_2015.jpg */; };
		5C337F021A990C51006CAA20 /* WebViewController.swift in Sources */ = {isa = PBXBuildFile; fileRef = 5C337F011A990C51006CAA20 /* WebViewController.swift */; };
		5C3A4D561A9A48BF00562470 /* UICollectionViewFlowLayout.swift in Sources */ = {isa = PBXBuildFile; fileRef = 5C3A4D551A9A48BF00562470 /* UICollectionViewFlowLayout.swift */; };
		5C478C081AB273F400BD1A3F /* AnimeDetourAPIClient_Sessions.swift in Sources */ = {isa = PBXBuildFile; fileRef = 5C478C071AB273F400BD1A3F /* AnimeDetourAPIClient_Sessions.swift */; };
		5C4B436E19F0A19F009342C8 /* SessionViewController.swift in Sources */ = {isa = PBXBuildFile; fileRef = 5C4B436D19F0A19F009342C8 /* SessionViewController.swift */; };
		5C54450C19F2D3A3003CC1C3 /* SessionView.swift in Sources */ = {isa = PBXBuildFile; fileRef = 5C54450B19F2D3A3003CC1C3 /* SessionView.swift */; };
		5C54451119F2D79B003CC1C3 /* SessionTableViewController.swift in Sources */ = {isa = PBXBuildFile; fileRef = 5C54451019F2D79B003CC1C3 /* SessionTableViewController.swift */; };
		5C54451919F31713003CC1C3 /* AnimeDetourAPIClient_Singleton.swift in Sources */ = {isa = PBXBuildFile; fileRef = 5C54451819F31713003CC1C3 /* AnimeDetourAPIClient_Singleton.swift */; };
		5C54451E19F41D8A003CC1C3 /* MapsViewController.swift in Sources */ = {isa = PBXBuildFile; fileRef = 5C54451D19F41D8A003CC1C3 /* MapsViewController.swift */; };
		5C54452919F42E45003CC1C3 /* InformationViewController.swift in Sources */ = {isa = PBXBuildFile; fileRef = 5C54452819F42E45003CC1C3 /* InformationViewController.swift */; };
		5C65B37519EA143A00545FDA /* AppDelegate.swift in Sources */ = {isa = PBXBuildFile; fileRef = 5C65B37419EA143A00545FDA /* AppDelegate.swift */; };
		5C65B37C19EA143A00545FDA /* Main.storyboard in Resources */ = {isa = PBXBuildFile; fileRef = 5C65B37A19EA143A00545FDA /* Main.storyboard */; };
		5C65B37E19EA143A00545FDA /* Images.xcassets in Resources */ = {isa = PBXBuildFile; fileRef = 5C65B37D19EA143A00545FDA /* Images.xcassets */; };
		5C6C31971A75A312008FC08F /* AnimeDetourAPI.framework in Frameworks */ = {isa = PBXBuildFile; fileRef = 5C3025B61A759EB000ACE278 /* AnimeDetourAPI.framework */; };
		5C6C31981A75A312008FC08F /* AnimeDetourAPI.framework in Copy Frameworks */ = {isa = PBXBuildFile; fileRef = 5C3025B61A759EB000ACE278 /* AnimeDetourAPI.framework */; settings = {ATTRIBUTES = (CodeSignOnCopy, RemoveHeadersOnCopy, ); }; };
		5C6C31AE1A75E158008FC08F /* GuestViewModel.swift in Sources */ = {isa = PBXBuildFile; fileRef = 5C6C31AD1A75E158008FC08F /* GuestViewModel.swift */; };
		5C8834041A7EB87700573DAD /* SelectedSessionType.swift in Sources */ = {isa = PBXBuildFile; fileRef = 5C8834031A7EB87700573DAD /* SelectedSessionType.swift */; };
		5C89A3F71AA697900051FF52 /* libGoogleAnalyticsServices.a in Frameworks */ = {isa = PBXBuildFile; fileRef = 5C89A3F61AA697900051FF52 /* libGoogleAnalyticsServices.a */; };
		5C89A4541AA69AA00051FF52 /* GoogleAnalyticsConfiguration.plist in Resources */ = {isa = PBXBuildFile; fileRef = 5C89A4531AA69AA00051FF52 /* GoogleAnalyticsConfiguration.plist */; };
		5C89A4561AA69D8C0051FF52 /* SystemConfiguration.framework in Frameworks */ = {isa = PBXBuildFile; fileRef = 5C89A4551AA69D8C0051FF52 /* SystemConfiguration.framework */; };
		5C89A4581AA69DCC0051FF52 /* libz.dylib in Frameworks */ = {isa = PBXBuildFile; fileRef = 5C89A4571AA69DCC0051FF52 /* libz.dylib */; };
		5C89A45B1AA69E010051FF52 /* CoreData.framework in Frameworks */ = {isa = PBXBuildFile; fileRef = 5C89A45A1AA69E010051FF52 /* CoreData.framework */; };
		5C89A45D1AA69E060051FF52 /* libsqlite3.dylib in Frameworks */ = {isa = PBXBuildFile; fileRef = 5C89A45C1AA69E060051FF52 /* libsqlite3.dylib */; };
		5C89A4631AA6A77E0051FF52 /* AnalyticsConstants.swift in Sources */ = {isa = PBXBuildFile; fileRef = 5C89A4621AA6A77E0051FF52 /* AnalyticsConstants.swift */; };
		5C9F66CF1A9968E2005C1421 /* SegmentedControlCollectionReusableView.swift in Sources */ = {isa = PBXBuildFile; fileRef = 5C9F66CE1A9968E2005C1421 /* SegmentedControlCollectionReusableView.swift */; };
		5CBA4D441A996110003D1F60 /* StickyHeaderFlowLayout.swift in Sources */ = {isa = PBXBuildFile; fileRef = 5CBA4D431A996110003D1F60 /* StickyHeaderFlowLayout.swift */; };
		5CCA90391A86A86800C14EE0 /* GuestCollectionViewController.swift in Sources */ = {isa = PBXBuildFile; fileRef = 5CCA90381A86A86800C14EE0 /* GuestCollectionViewController.swift */; };
		5CCA903C1A86AA5700C14EE0 /* GuestCollectionViewCell.swift in Sources */ = {isa = PBXBuildFile; fileRef = 5CCA903B1A86AA5700C14EE0 /* GuestCollectionViewCell.swift */; };
		5CCA903E1A86F90800C14EE0 /* TextHeaderCollectionReusableView.swift in Sources */ = {isa = PBXBuildFile; fileRef = 5CCA903D1A86F90800C14EE0 /* TextHeaderCollectionReusableView.swift */; };
		5CCA90401A87031500C14EE0 /* SessionCollectionViewController.swift in Sources */ = {isa = PBXBuildFile; fileRef = 5CCA903F1A87031500C14EE0 /* SessionCollectionViewController.swift */; };
		5CCA90421A870A8000C14EE0 /* SessionCollectionViewCell.swift in Sources */ = {isa = PBXBuildFile; fileRef = 5CCA90411A870A8000C14EE0 /* SessionCollectionViewCell.swift */; };
		5CDB833F19FC56DE0097D442 /* SessionTableViewHeaderView.swift in Sources */ = {isa = PBXBuildFile; fileRef = 5CDB833E19FC56DE0097D442 /* SessionTableViewHeaderView.swift */; };
		5CDD6E981A630CD500BB2AA3 /* CollectionViewFetchedResultsControllerDelegate.swift in Sources */ = {isa = PBXBuildFile; fileRef = 5CDD6E971A630CD500BB2AA3 /* CollectionViewFetchedResultsControllerDelegate.swift */; };
		5CE11EAD1A34E299005903A4 /* SessionType.swift in Sources */ = {isa = PBXBuildFile; fileRef = 5CE11EAC1A34E299005903A4 /* SessionType.swift */; };
		DA639C631BEE9350004BCA5D /* NotificationPermissionRequester.swift in Sources */ = {isa = PBXBuildFile; fileRef = DA639C621BEE9350004BCA5D /* NotificationPermissionRequester.swift */; };
		DA766C841B2DEC96002BA2C9 /* DataStatusDefaultsController.swift in Sources */ = {isa = PBXBuildFile; fileRef = DA766C831B2DEC96002BA2C9 /* DataStatusDefaultsController.swift */; };
		DA766C861B2DF282002BA2C9 /* UserDefaultsUpdater.swift in Sources */ = {isa = PBXBuildFile; fileRef = DA766C851B2DF282002BA2C9 /* UserDefaultsUpdater.swift */; };
		DA9557111ABE026A000D2720 /* SettingsViewController.swift in Sources */ = {isa = PBXBuildFile; fileRef = DA9557101ABE026A000D2720 /* SettingsViewController.swift */; };
		DA95AAF81BF85DCD00B411C9 /* AnimeDetourAPIClient_Guests.swift in Sources */ = {isa = PBXBuildFile; fileRef = DA95AAF71BF85DCD00B411C9 /* AnimeDetourAPIClient_Guests.swift */; };
		DAA716C91AB7C1D700A5EB07 /* LaunchScreen.storyboard in Resources */ = {isa = PBXBuildFile; fileRef = DAA716C81AB7C1D700A5EB07 /* LaunchScreen.storyboard */; };
		DAA8CC4E1ABDCBBD00FF3872 /* InternalSettings.swift in Sources */ = {isa = PBXBuildFile; fileRef = DAA8CC4B1ABDCBBC00FF3872 /* InternalSettings.swift */; };
		DAA8CC4F1ABDCBBD00FF3872 /* SessionSettings.swift in Sources */ = {isa = PBXBuildFile; fileRef = DAA8CC4C1ABDCBBD00FF3872 /* SessionSettings.swift */; };
		DAA8CC501ABDCBBD00FF3872 /* Settings.swift in Sources */ = {isa = PBXBuildFile; fileRef = DAA8CC4D1ABDCBBD00FF3872 /* Settings.swift */; };
		DAA8CC521ABDCC6900FF3872 /* Acknowledgements.swift in Sources */ = {isa = PBXBuildFile; fileRef = DAA8CC511ABDCC6900FF3872 /* Acknowledgements.swift */; };
		DAA8CC561ABDD26300FF3872 /* Settings.bundle in Resources */ = {isa = PBXBuildFile; fileRef = DAA8CC551ABDD26300FF3872 /* Settings.bundle */; };
		DAAA90A71ABB979B0088F180 /* SessionNotificationScheduler.swift in Sources */ = {isa = PBXBuildFile; fileRef = DAAA90A61ABB979B0088F180 /* SessionNotificationScheduler.swift */; };
		DAD992391B32461E0045325A /* Pods.framework in Copy Frameworks */ = {isa = PBXBuildFile; fileRef = F77720ADE8BAD8023AEC2D54 /* Pods.framework */; settings = {ATTRIBUTES = (CodeSignOnCopy, RemoveHeadersOnCopy, ); }; };
/* End PBXBuildFile section */

/* Begin PBXContainerItemProxy section */
		5C3025B51A759EB000ACE278 /* PBXContainerItemProxy */ = {
			isa = PBXContainerItemProxy;
			containerPortal = 5C3025B01A759EAF00ACE278 /* Anime Detour API.xcodeproj */;
			proxyType = 2;
			remoteGlobalIDString = 5C3025941A759EAF00ACE278;
			remoteInfo = "Anime Detour API";
		};
		5C6C31991A75A312008FC08F /* PBXContainerItemProxy */ = {
			isa = PBXContainerItemProxy;
			containerPortal = 5C3025B01A759EAF00ACE278 /* Anime Detour API.xcodeproj */;
			proxyType = 1;
			remoteGlobalIDString = 5C3025931A759EAF00ACE278;
			remoteInfo = AnimeDetourAPI;
		};
/* End PBXContainerItemProxy section */

/* Begin PBXCopyFilesBuildPhase section */
		5C95D33A1A01FDAD00091B4F /* Copy Frameworks */ = {
			isa = PBXCopyFilesBuildPhase;
			buildActionMask = 2147483647;
			dstPath = "";
			dstSubfolderSpec = 10;
			files = (
				DAD992391B32461E0045325A /* Pods.framework in Copy Frameworks */,
				5C6C31981A75A312008FC08F /* AnimeDetourAPI.framework in Copy Frameworks */,
			);
			name = "Copy Frameworks";
			runOnlyForDeploymentPostprocessing = 0;
		};
/* End PBXCopyFilesBuildPhase section */

/* Begin PBXFileReference section */
		5A22B4392B85C7354AC3D87B /* Pods.release.xcconfig */ = {isa = PBXFileReference; includeInIndex = 1; lastKnownFileType = text.xcconfig; name = Pods.release.xcconfig; path = "Pods/Target Support Files/Pods/Pods.release.xcconfig"; sourceTree = "<group>"; };
		5C0EF2DC19FB2E4400FA8EEC /* CoreDataController_Singleton.swift */ = {isa = PBXFileReference; fileEncoding = 4; lastKnownFileType = sourcecode.swift; path = CoreDataController_Singleton.swift; sourceTree = "<group>"; };
		5C16772819EB6B720097B1D3 /* SessionViewModel.swift */ = {isa = PBXFileReference; fileEncoding = 4; lastKnownFileType = sourcecode.swift; path = SessionViewModel.swift; sourceTree = "<group>"; };
		5C16947F1A6AF76C0082F197 /* SessionTableViewCell.swift */ = {isa = PBXFileReference; fileEncoding = 4; lastKnownFileType = sourcecode.swift; path = SessionTableViewCell.swift; sourceTree = "<group>"; };
		5C1694811A6AF83C0082F197 /* TableViewFetchedResultsControllerDelegate.swift */ = {isa = PBXFileReference; fileEncoding = 4; lastKnownFileType = sourcecode.swift; path = TableViewFetchedResultsControllerDelegate.swift; sourceTree = "<group>"; };
		5C16948C1A6CB6880082F197 /* SessionDataSource.swift */ = {isa = PBXFileReference; fileEncoding = 4; lastKnownFileType = sourcecode.swift; path = SessionDataSource.swift; sourceTree = "<group>"; };
		5C204FA41A7D6BC90050B793 /* SessionFilterTableViewController.swift */ = {isa = PBXFileReference; fileEncoding = 4; lastKnownFileType = sourcecode.swift; path = SessionFilterTableViewController.swift; sourceTree = "<group>"; };
		5C204FAB1A7DB7F50050B793 /* GuestDetailTableViewController.swift */ = {isa = PBXFileReference; fileEncoding = 4; lastKnownFileType = sourcecode.swift; path = GuestDetailTableViewController.swift; sourceTree = "<group>"; };
		5C3025801A746A7500ACE278 /* UIColor.swift */ = {isa = PBXFileReference; fileEncoding = 4; lastKnownFileType = sourcecode.swift; path = UIColor.swift; sourceTree = "<group>"; };
		5C3025B01A759EAF00ACE278 /* Anime Detour API.xcodeproj */ = {isa = PBXFileReference; lastKnownFileType = "wrapper.pb-project"; name = "Anime Detour API.xcodeproj"; path = "Anime Detour API/Anime Detour API.xcodeproj"; sourceTree = "<group>"; };
		5C317A961A916F6600E668F5 /* DoubleTree_Floor1_2015.jpg */ = {isa = PBXFileReference; lastKnownFileType = image.jpeg; path = DoubleTree_Floor1_2015.jpg; sourceTree = "<group>"; };
		5C317A971A916F6600E668F5 /* DoubleTree_Floor2_2015.jpg */ = {isa = PBXFileReference; lastKnownFileType = image.jpeg; path = DoubleTree_Floor2_2015.jpg; sourceTree = "<group>"; };
		5C317A981A916F6600E668F5 /* DoubleTree_Floor22_2015.jpg */ = {isa = PBXFileReference; lastKnownFileType = image.jpeg; path = DoubleTree_Floor22_2015.jpg; sourceTree = "<group>"; };
		5C337F011A990C51006CAA20 /* WebViewController.swift */ = {isa = PBXFileReference; fileEncoding = 4; lastKnownFileType = sourcecode.swift; path = WebViewController.swift; sourceTree = "<group>"; };
		5C3A4D551A9A48BF00562470 /* UICollectionViewFlowLayout.swift */ = {isa = PBXFileReference; fileEncoding = 4; lastKnownFileType = sourcecode.swift; path = UICollectionViewFlowLayout.swift; sourceTree = "<group>"; };
		5C478C071AB273F400BD1A3F /* AnimeDetourAPIClient_Sessions.swift */ = {isa = PBXFileReference; fileEncoding = 4; lastKnownFileType = sourcecode.swift; path = AnimeDetourAPIClient_Sessions.swift; sourceTree = "<group>"; };
		5C4B436D19F0A19F009342C8 /* SessionViewController.swift */ = {isa = PBXFileReference; fileEncoding = 4; lastKnownFileType = sourcecode.swift; path = SessionViewController.swift; sourceTree = "<group>"; };
		5C54450B19F2D3A3003CC1C3 /* SessionView.swift */ = {isa = PBXFileReference; fileEncoding = 4; lastKnownFileType = sourcecode.swift; path = SessionView.swift; sourceTree = "<group>"; };
		5C54451019F2D79B003CC1C3 /* SessionTableViewController.swift */ = {isa = PBXFileReference; fileEncoding = 4; lastKnownFileType = sourcecode.swift; path = SessionTableViewController.swift; sourceTree = "<group>"; };
		5C54451819F31713003CC1C3 /* AnimeDetourAPIClient_Singleton.swift */ = {isa = PBXFileReference; fileEncoding = 4; lastKnownFileType = sourcecode.swift; path = AnimeDetourAPIClient_Singleton.swift; sourceTree = "<group>"; };
		5C54451D19F41D8A003CC1C3 /* MapsViewController.swift */ = {isa = PBXFileReference; fileEncoding = 4; lastKnownFileType = sourcecode.swift; path = MapsViewController.swift; sourceTree = "<group>"; };
		5C54452819F42E45003CC1C3 /* InformationViewController.swift */ = {isa = PBXFileReference; fileEncoding = 4; lastKnownFileType = sourcecode.swift; path = InformationViewController.swift; sourceTree = "<group>"; };
		5C65B36F19EA143A00545FDA /* Anime Detour.app */ = {isa = PBXFileReference; explicitFileType = wrapper.application; includeInIndex = 0; path = "Anime Detour.app"; sourceTree = BUILT_PRODUCTS_DIR; };
		5C65B37319EA143A00545FDA /* Info.plist */ = {isa = PBXFileReference; lastKnownFileType = text.plist.xml; path = Info.plist; sourceTree = "<group>"; };
		5C65B37419EA143A00545FDA /* AppDelegate.swift */ = {isa = PBXFileReference; lastKnownFileType = sourcecode.swift; path = AppDelegate.swift; sourceTree = "<group>"; };
		5C65B37B19EA143A00545FDA /* Base */ = {isa = PBXFileReference; lastKnownFileType = file.storyboard; name = Base; path = Base.lproj/Main.storyboard; sourceTree = "<group>"; };
		5C65B37D19EA143A00545FDA /* Images.xcassets */ = {isa = PBXFileReference; lastKnownFileType = folder.assetcatalog; path = Images.xcassets; sourceTree = "<group>"; };
		5C6C31AD1A75E158008FC08F /* GuestViewModel.swift */ = {isa = PBXFileReference; fileEncoding = 4; lastKnownFileType = sourcecode.swift; path = GuestViewModel.swift; sourceTree = "<group>"; };
		5C8834031A7EB87700573DAD /* SelectedSessionType.swift */ = {isa = PBXFileReference; fileEncoding = 4; lastKnownFileType = sourcecode.swift; path = SelectedSessionType.swift; sourceTree = "<group>"; };
		5C89A3F61AA697900051FF52 /* libGoogleAnalyticsServices.a */ = {isa = PBXFileReference; lastKnownFileType = archive.ar; path = libGoogleAnalyticsServices.a; sourceTree = "<group>"; };
		5C89A3F91AA697970051FF52 /* Changelog.txt */ = {isa = PBXFileReference; fileEncoding = 4; lastKnownFileType = text; path = Changelog.txt; sourceTree = "<group>"; };
		5C89A4251AA697970051FF52 /* GAI.h */ = {isa = PBXFileReference; fileEncoding = 4; lastKnownFileType = sourcecode.c.h; path = GAI.h; sourceTree = "<group>"; };
		5C89A4261AA697970051FF52 /* GAIDictionaryBuilder.h */ = {isa = PBXFileReference; fileEncoding = 4; lastKnownFileType = sourcecode.c.h; path = GAIDictionaryBuilder.h; sourceTree = "<group>"; };
		5C89A4271AA697970051FF52 /* GAIEcommerceFields.h */ = {isa = PBXFileReference; fileEncoding = 4; lastKnownFileType = sourcecode.c.h; path = GAIEcommerceFields.h; sourceTree = "<group>"; };
		5C89A4281AA697970051FF52 /* GAIEcommerceProduct.h */ = {isa = PBXFileReference; fileEncoding = 4; lastKnownFileType = sourcecode.c.h; path = GAIEcommerceProduct.h; sourceTree = "<group>"; };
		5C89A4291AA697970051FF52 /* GAIEcommerceProductAction.h */ = {isa = PBXFileReference; fileEncoding = 4; lastKnownFileType = sourcecode.c.h; path = GAIEcommerceProductAction.h; sourceTree = "<group>"; };
		5C89A42A1AA697970051FF52 /* GAIEcommercePromotion.h */ = {isa = PBXFileReference; fileEncoding = 4; lastKnownFileType = sourcecode.c.h; path = GAIEcommercePromotion.h; sourceTree = "<group>"; };
		5C89A42B1AA697970051FF52 /* GAIFields.h */ = {isa = PBXFileReference; fileEncoding = 4; lastKnownFileType = sourcecode.c.h; path = GAIFields.h; sourceTree = "<group>"; };
		5C89A42C1AA697970051FF52 /* GAILogger.h */ = {isa = PBXFileReference; fileEncoding = 4; lastKnownFileType = sourcecode.c.h; path = GAILogger.h; sourceTree = "<group>"; };
		5C89A42D1AA697970051FF52 /* GAITrackedViewController.h */ = {isa = PBXFileReference; fileEncoding = 4; lastKnownFileType = sourcecode.c.h; path = GAITrackedViewController.h; sourceTree = "<group>"; };
		5C89A42E1AA697970051FF52 /* GAITracker.h */ = {isa = PBXFileReference; fileEncoding = 4; lastKnownFileType = sourcecode.c.h; path = GAITracker.h; sourceTree = "<group>"; };
		5C89A42F1AA697970051FF52 /* Readme.txt */ = {isa = PBXFileReference; fileEncoding = 4; lastKnownFileType = text; path = Readme.txt; sourceTree = "<group>"; };
		5C89A4531AA69AA00051FF52 /* GoogleAnalyticsConfiguration.plist */ = {isa = PBXFileReference; fileEncoding = 4; lastKnownFileType = text.plist.xml; path = GoogleAnalyticsConfiguration.plist; sourceTree = "<group>"; };
		5C89A4551AA69D8C0051FF52 /* SystemConfiguration.framework */ = {isa = PBXFileReference; lastKnownFileType = wrapper.framework; name = SystemConfiguration.framework; path = System/Library/Frameworks/SystemConfiguration.framework; sourceTree = SDKROOT; };
		5C89A4571AA69DCC0051FF52 /* libz.dylib */ = {isa = PBXFileReference; lastKnownFileType = "compiled.mach-o.dylib"; name = libz.dylib; path = usr/lib/libz.dylib; sourceTree = SDKROOT; };
		5C89A45A1AA69E010051FF52 /* CoreData.framework */ = {isa = PBXFileReference; lastKnownFileType = wrapper.framework; name = CoreData.framework; path = System/Library/Frameworks/CoreData.framework; sourceTree = SDKROOT; };
		5C89A45C1AA69E060051FF52 /* libsqlite3.dylib */ = {isa = PBXFileReference; lastKnownFileType = "compiled.mach-o.dylib"; name = libsqlite3.dylib; path = usr/lib/libsqlite3.dylib; sourceTree = SDKROOT; };
		5C89A4621AA6A77E0051FF52 /* AnalyticsConstants.swift */ = {isa = PBXFileReference; fileEncoding = 4; lastKnownFileType = sourcecode.swift; path = AnalyticsConstants.swift; sourceTree = "<group>"; };
		5C9F66CE1A9968E2005C1421 /* SegmentedControlCollectionReusableView.swift */ = {isa = PBXFileReference; fileEncoding = 4; lastKnownFileType = sourcecode.swift; path = SegmentedControlCollectionReusableView.swift; sourceTree = "<group>"; };
		5CB80EA019ECD07A008DBC8F /* Anime Detour-Bridging-Header.h */ = {isa = PBXFileReference; lastKnownFileType = sourcecode.c.h; path = "Anime Detour-Bridging-Header.h"; sourceTree = "<group>"; };
		5CBA4D431A996110003D1F60 /* StickyHeaderFlowLayout.swift */ = {isa = PBXFileReference; fileEncoding = 4; lastKnownFileType = sourcecode.swift; path = StickyHeaderFlowLayout.swift; sourceTree = "<group>"; };
		5CCA90381A86A86800C14EE0 /* GuestCollectionViewController.swift */ = {isa = PBXFileReference; fileEncoding = 4; lastKnownFileType = sourcecode.swift; path = GuestCollectionViewController.swift; sourceTree = "<group>"; };
		5CCA903B1A86AA5700C14EE0 /* GuestCollectionViewCell.swift */ = {isa = PBXFileReference; fileEncoding = 4; lastKnownFileType = sourcecode.swift; path = GuestCollectionViewCell.swift; sourceTree = "<group>"; };
		5CCA903D1A86F90800C14EE0 /* TextHeaderCollectionReusableView.swift */ = {isa = PBXFileReference; fileEncoding = 4; lastKnownFileType = sourcecode.swift; path = TextHeaderCollectionReusableView.swift; sourceTree = "<group>"; };
		5CCA903F1A87031500C14EE0 /* SessionCollectionViewController.swift */ = {isa = PBXFileReference; fileEncoding = 4; lastKnownFileType = sourcecode.swift; path = SessionCollectionViewController.swift; sourceTree = "<group>"; };
		5CCA90411A870A8000C14EE0 /* SessionCollectionViewCell.swift */ = {isa = PBXFileReference; fileEncoding = 4; lastKnownFileType = sourcecode.swift; path = SessionCollectionViewCell.swift; sourceTree = "<group>"; };
		5CDB833E19FC56DE0097D442 /* SessionTableViewHeaderView.swift */ = {isa = PBXFileReference; fileEncoding = 4; lastKnownFileType = sourcecode.swift; path = SessionTableViewHeaderView.swift; sourceTree = "<group>"; };
		5CDD6E971A630CD500BB2AA3 /* CollectionViewFetchedResultsControllerDelegate.swift */ = {isa = PBXFileReference; fileEncoding = 4; lastKnownFileType = sourcecode.swift; path = CollectionViewFetchedResultsControllerDelegate.swift; sourceTree = "<group>"; };
		5CE11EAC1A34E299005903A4 /* SessionType.swift */ = {isa = PBXFileReference; fileEncoding = 4; lastKnownFileType = sourcecode.swift; path = SessionType.swift; sourceTree = "<group>"; };
		5EF5767D68136EAEF35EF0D5 /* Pods.debug.xcconfig */ = {isa = PBXFileReference; includeInIndex = 1; lastKnownFileType = text.xcconfig; name = Pods.debug.xcconfig; path = "Pods/Target Support Files/Pods/Pods.debug.xcconfig"; sourceTree = "<group>"; };
		DA639C621BEE9350004BCA5D /* NotificationPermissionRequester.swift */ = {isa = PBXFileReference; fileEncoding = 4; lastKnownFileType = sourcecode.swift; path = NotificationPermissionRequester.swift; sourceTree = "<group>"; };
		DA766C831B2DEC96002BA2C9 /* DataStatusDefaultsController.swift */ = {isa = PBXFileReference; fileEncoding = 4; lastKnownFileType = sourcecode.swift; path = DataStatusDefaultsController.swift; sourceTree = "<group>"; };
		DA766C851B2DF282002BA2C9 /* UserDefaultsUpdater.swift */ = {isa = PBXFileReference; fileEncoding = 4; lastKnownFileType = sourcecode.swift; path = UserDefaultsUpdater.swift; sourceTree = "<group>"; };
		DA9557101ABE026A000D2720 /* SettingsViewController.swift */ = {isa = PBXFileReference; fileEncoding = 4; lastKnownFileType = sourcecode.swift; path = SettingsViewController.swift; sourceTree = "<group>"; };
		DA95AAF71BF85DCD00B411C9 /* AnimeDetourAPIClient_Guests.swift */ = {isa = PBXFileReference; fileEncoding = 4; lastKnownFileType = sourcecode.swift; path = AnimeDetourAPIClient_Guests.swift; sourceTree = "<group>"; };
		DAA716C81AB7C1D700A5EB07 /* LaunchScreen.storyboard */ = {isa = PBXFileReference; fileEncoding = 4; lastKnownFileType = file.storyboard; path = LaunchScreen.storyboard; sourceTree = "<group>"; };
		DAA8CC4B1ABDCBBC00FF3872 /* InternalSettings.swift */ = {isa = PBXFileReference; fileEncoding = 4; lastKnownFileType = sourcecode.swift; path = InternalSettings.swift; sourceTree = "<group>"; };
		DAA8CC4C1ABDCBBD00FF3872 /* SessionSettings.swift */ = {isa = PBXFileReference; fileEncoding = 4; lastKnownFileType = sourcecode.swift; path = SessionSettings.swift; sourceTree = "<group>"; };
		DAA8CC4D1ABDCBBD00FF3872 /* Settings.swift */ = {isa = PBXFileReference; fileEncoding = 4; lastKnownFileType = sourcecode.swift; path = Settings.swift; sourceTree = "<group>"; };
		DAA8CC511ABDCC6900FF3872 /* Acknowledgements.swift */ = {isa = PBXFileReference; fileEncoding = 4; lastKnownFileType = sourcecode.swift; path = Acknowledgements.swift; sourceTree = "<group>"; };
		DAA8CC551ABDD26300FF3872 /* Settings.bundle */ = {isa = PBXFileReference; lastKnownFileType = "wrapper.plug-in"; path = Settings.bundle; sourceTree = "<group>"; };
		DAAA90A61ABB979B0088F180 /* SessionNotificationScheduler.swift */ = {isa = PBXFileReference; fileEncoding = 4; lastKnownFileType = sourcecode.swift; path = SessionNotificationScheduler.swift; sourceTree = "<group>"; };
		F77720ADE8BAD8023AEC2D54 /* Pods.framework */ = {isa = PBXFileReference; explicitFileType = wrapper.framework; includeInIndex = 0; path = Pods.framework; sourceTree = BUILT_PRODUCTS_DIR; };
/* End PBXFileReference section */

/* Begin PBXFrameworksBuildPhase section */
		5C65B36C19EA143A00545FDA /* Frameworks */ = {
			isa = PBXFrameworksBuildPhase;
			buildActionMask = 2147483647;
			files = (
				5C6C31971A75A312008FC08F /* AnimeDetourAPI.framework in Frameworks */,
				5C89A45D1AA69E060051FF52 /* libsqlite3.dylib in Frameworks */,
				5C89A4581AA69DCC0051FF52 /* libz.dylib in Frameworks */,
				5C89A45B1AA69E010051FF52 /* CoreData.framework in Frameworks */,
				5C89A4561AA69D8C0051FF52 /* SystemConfiguration.framework in Frameworks */,
				5C89A3F71AA697900051FF52 /* libGoogleAnalyticsServices.a in Frameworks */,
				0E50016B89AA1F69541D5126 /* Pods.framework in Frameworks */,
			);
			runOnlyForDeploymentPostprocessing = 0;
		};
/* End PBXFrameworksBuildPhase section */

/* Begin PBXGroup section */
		5C0EF2A719FB291900FA8EEC /* Model Controllers */ = {
			isa = PBXGroup;
			children = (
				5C0EF2DC19FB2E4400FA8EEC /* CoreDataController_Singleton.swift */,
				DA766C831B2DEC96002BA2C9 /* DataStatusDefaultsController.swift */,
				DA639C621BEE9350004BCA5D /* NotificationPermissionRequester.swift */,
				DAAA90A61ABB979B0088F180 /* SessionNotificationScheduler.swift */,
				DA766C851B2DF282002BA2C9 /* UserDefaultsUpdater.swift */,
			);
			path = "Model Controllers";
			sourceTree = "<group>";
		};
		5C16772619EB6B520097B1D3 /* View Models */ = {
			isa = PBXGroup;
			children = (
				5C6C31AD1A75E158008FC08F /* GuestViewModel.swift */,
				5C16772819EB6B720097B1D3 /* SessionViewModel.swift */,
			);
			path = "View Models";
			sourceTree = "<group>";
		};
		5C16772B19EB6B8E0097B1D3 /* Views */ = {
			isa = PBXGroup;
			children = (
				5CCA903B1A86AA5700C14EE0 /* GuestCollectionViewCell.swift */,
				5C9F66CE1A9968E2005C1421 /* SegmentedControlCollectionReusableView.swift */,
				5CCA90411A870A8000C14EE0 /* SessionCollectionViewCell.swift */,
				5CDB833E19FC56DE0097D442 /* SessionTableViewHeaderView.swift */,
				5C16947F1A6AF76C0082F197 /* SessionTableViewCell.swift */,
				5C54450B19F2D3A3003CC1C3 /* SessionView.swift */,
				5CCA903D1A86F90800C14EE0 /* TextHeaderCollectionReusableView.swift */,
			);
			path = Views;
			sourceTree = "<group>";
		};
		5C16772E19EB6BE10097B1D3 /* Data Sources */ = {
			isa = PBXGroup;
			children = (
				5C16948C1A6CB6880082F197 /* SessionDataSource.swift */,
			);
			path = "Data Sources";
			sourceTree = "<group>";
		};
		5C3025B11A759EAF00ACE278 /* Products */ = {
			isa = PBXGroup;
			children = (
				5C3025B61A759EB000ACE278 /* AnimeDetourAPI.framework */,
			);
			name = Products;
			sourceTree = "<group>";
		};
		5C317A951A916F4E00E668F5 /* Maps */ = {
			isa = PBXGroup;
			children = (
				5C317A961A916F6600E668F5 /* DoubleTree_Floor1_2015.jpg */,
				5C317A971A916F6600E668F5 /* DoubleTree_Floor2_2015.jpg */,
				5C317A981A916F6600E668F5 /* DoubleTree_Floor22_2015.jpg */,
			);
			path = Maps;
			sourceTree = "<group>";
		};
		5C4B436B19F0A160009342C8 /* View Controllers */ = {
			isa = PBXGroup;
			children = (
				5CCA90381A86A86800C14EE0 /* GuestCollectionViewController.swift */,
				5C204FAB1A7DB7F50050B793 /* GuestDetailTableViewController.swift */,
				5C54452819F42E45003CC1C3 /* InformationViewController.swift */,
				5C54451D19F41D8A003CC1C3 /* MapsViewController.swift */,
				5C204FA41A7D6BC90050B793 /* SessionFilterTableViewController.swift */,
				5CCA903F1A87031500C14EE0 /* SessionCollectionViewController.swift */,
				5C54451019F2D79B003CC1C3 /* SessionTableViewController.swift */,
				5C4B436D19F0A19F009342C8 /* SessionViewController.swift */,
				DA9557101ABE026A000D2720 /* SettingsViewController.swift */,
				5C337F011A990C51006CAA20 /* WebViewController.swift */,
			);
			path = "View Controllers";
			sourceTree = "<group>";
		};
		5C54451719F316EF003CC1C3 /* API Client */ = {
			isa = PBXGroup;
			children = (
				5C54451819F31713003CC1C3 /* AnimeDetourAPIClient_Singleton.swift */,
				DA95AAF71BF85DCD00B411C9 /* AnimeDetourAPIClient_Guests.swift */,
				5C478C071AB273F400BD1A3F /* AnimeDetourAPIClient_Sessions.swift */,
			);
			path = "API Client";
			sourceTree = "<group>";
		};
		5C54452519F420AB003CC1C3 /* Resources */ = {
			isa = PBXGroup;
			children = (
				5C317A951A916F4E00E668F5 /* Maps */,
				DAA8CC551ABDD26300FF3872 /* Settings.bundle */,
			);
			path = Resources;
			sourceTree = "<group>";
		};
		5C631A231A06AF22002F193A /* Models */ = {
			isa = PBXGroup;
			children = (
				DAA8CC4A1ABDCB4400FF3872 /* Settings */,
				5CE11EAC1A34E299005903A4 /* SessionType.swift */,
				5C8834031A7EB87700573DAD /* SelectedSessionType.swift */,
			);
			path = Models;
			sourceTree = "<group>";
		};
		5C65B36619EA143A00545FDA = {
			isa = PBXGroup;
			children = (
				5C65B37119EA143A00545FDA /* Anime Detour */,
				5C89A4591AA69DF10051FF52 /* Libraries */,
				5C65B37019EA143A00545FDA /* Products */,
				5C3025B01A759EAF00ACE278 /* Anime Detour API.xcodeproj */,
				FBAEE2907A0485BE15CAFB81 /* Pods */,
				9FCC043A1E84834060D97EE6 /* Frameworks */,
			);
			sourceTree = "<group>";
		};
		5C65B37019EA143A00545FDA /* Products */ = {
			isa = PBXGroup;
			children = (
				5C65B36F19EA143A00545FDA /* Anime Detour.app */,
			);
			name = Products;
			sourceTree = "<group>";
		};
		5C65B37119EA143A00545FDA /* Anime Detour */ = {
			isa = PBXGroup;
			children = (
				5C89A3F51AA697630051FF52 /* Vendor */,
				5C54451719F316EF003CC1C3 /* API Client */,
				5CBA4D411A9960E6003D1F60 /* Collection View Support */,
				5C16772E19EB6BE10097B1D3 /* Data Sources */,
				5CDD6E941A630CA200BB2AA3 /* Delegates */,
				5CE8FE481A6309C000D1F516 /* Extensions */,
				5C0EF2A719FB291900FA8EEC /* Model Controllers */,
				5C631A231A06AF22002F193A /* Models */,
				5C4B436B19F0A160009342C8 /* View Controllers */,
				5C16772619EB6B520097B1D3 /* View Models */,
				5C16772B19EB6B8E0097B1D3 /* Views */,
				5C54452519F420AB003CC1C3 /* Resources */,
				5C65B37419EA143A00545FDA /* AppDelegate.swift */,
				5C89A4621AA6A77E0051FF52 /* AnalyticsConstants.swift */,
				DAA716C81AB7C1D700A5EB07 /* LaunchScreen.storyboard */,
				5C65B37A19EA143A00545FDA /* Main.storyboard */,
				5C65B37D19EA143A00545FDA /* Images.xcassets */,
				5CB80EA019ECD07A008DBC8F /* Anime Detour-Bridging-Header.h */,
				5C65B37219EA143A00545FDA /* Supporting Files */,
				5C89A4531AA69AA00051FF52 /* GoogleAnalyticsConfiguration.plist */,
			);
			path = "Anime Detour";
			sourceTree = "<group>";
		};
		5C65B37219EA143A00545FDA /* Supporting Files */ = {
			isa = PBXGroup;
			children = (
				5C65B37319EA143A00545FDA /* Info.plist */,
			);
			name = "Supporting Files";
			sourceTree = "<group>";
		};
		5C89A3F51AA697630051FF52 /* Vendor */ = {
			isa = PBXGroup;
			children = (
				5C89A3F81AA697970051FF52 /* GoogleAnalytics */,
				5C89A3F61AA697900051FF52 /* libGoogleAnalyticsServices.a */,
			);
			path = Vendor;
			sourceTree = "<group>";
		};
		5C89A3F81AA697970051FF52 /* GoogleAnalytics */ = {
			isa = PBXGroup;
			children = (
				5C89A3F91AA697970051FF52 /* Changelog.txt */,
				5C89A4241AA697970051FF52 /* Library */,
				5C89A42F1AA697970051FF52 /* Readme.txt */,
			);
			path = GoogleAnalytics;
			sourceTree = "<group>";
		};
		5C89A4241AA697970051FF52 /* Library */ = {
			isa = PBXGroup;
			children = (
				5C89A4251AA697970051FF52 /* GAI.h */,
				5C89A4261AA697970051FF52 /* GAIDictionaryBuilder.h */,
				5C89A4271AA697970051FF52 /* GAIEcommerceFields.h */,
				5C89A4281AA697970051FF52 /* GAIEcommerceProduct.h */,
				5C89A4291AA697970051FF52 /* GAIEcommerceProductAction.h */,
				5C89A42A1AA697970051FF52 /* GAIEcommercePromotion.h */,
				5C89A42B1AA697970051FF52 /* GAIFields.h */,
				5C89A42C1AA697970051FF52 /* GAILogger.h */,
				5C89A42D1AA697970051FF52 /* GAITrackedViewController.h */,
				5C89A42E1AA697970051FF52 /* GAITracker.h */,
			);
			path = Library;
			sourceTree = "<group>";
		};
		5C89A4591AA69DF10051FF52 /* Libraries */ = {
			isa = PBXGroup;
			children = (
				5C89A45A1AA69E010051FF52 /* CoreData.framework */,
				5C89A45C1AA69E060051FF52 /* libsqlite3.dylib */,
				5C89A4571AA69DCC0051FF52 /* libz.dylib */,
				5C89A4551AA69D8C0051FF52 /* SystemConfiguration.framework */,
			);
			name = Libraries;
			sourceTree = "<group>";
		};
		5CBA4D411A9960E6003D1F60 /* Collection View Support */ = {
			isa = PBXGroup;
			children = (
				5CBA4D431A996110003D1F60 /* StickyHeaderFlowLayout.swift */,
			);
			path = "Collection View Support";
			sourceTree = "<group>";
		};
		5CDD6E941A630CA200BB2AA3 /* Delegates */ = {
			isa = PBXGroup;
			children = (
				5CDD6E971A630CD500BB2AA3 /* CollectionViewFetchedResultsControllerDelegate.swift */,
				5C1694811A6AF83C0082F197 /* TableViewFetchedResultsControllerDelegate.swift */,
			);
			path = Delegates;
			sourceTree = "<group>";
		};
		5CE8FE481A6309C000D1F516 /* Extensions */ = {
			isa = PBXGroup;
			children = (
				5C3025801A746A7500ACE278 /* UIColor.swift */,
				5C3A4D551A9A48BF00562470 /* UICollectionViewFlowLayout.swift */,
			);
			path = Extensions;
			sourceTree = "<group>";
		};
		9FCC043A1E84834060D97EE6 /* Frameworks */ = {
			isa = PBXGroup;
			children = (
				F77720ADE8BAD8023AEC2D54 /* Pods.framework */,
			);
			name = Frameworks;
			sourceTree = "<group>";
		};
		DAA8CC4A1ABDCB4400FF3872 /* Settings */ = {
			isa = PBXGroup;
			children = (
				DAA8CC511ABDCC6900FF3872 /* Acknowledgements.swift */,
				DAA8CC4B1ABDCBBC00FF3872 /* InternalSettings.swift */,
				DAA8CC4C1ABDCBBD00FF3872 /* SessionSettings.swift */,
				DAA8CC4D1ABDCBBD00FF3872 /* Settings.swift */,
			);
			path = Settings;
			sourceTree = "<group>";
		};
		FBAEE2907A0485BE15CAFB81 /* Pods */ = {
			isa = PBXGroup;
			children = (
				5EF5767D68136EAEF35EF0D5 /* Pods.debug.xcconfig */,
				5A22B4392B85C7354AC3D87B /* Pods.release.xcconfig */,
			);
			name = Pods;
			sourceTree = "<group>";
		};
/* End PBXGroup section */

/* Begin PBXNativeTarget section */
		5C65B36E19EA143A00545FDA /* Anime Detour */ = {
			isa = PBXNativeTarget;
			buildConfigurationList = 5C65B39019EA143A00545FDA /* Build configuration list for PBXNativeTarget "Anime Detour" */;
			buildPhases = (
				1A9F9D0F6F02F849F098431D /* Check Pods Manifest.lock */,
				5C65B36B19EA143A00545FDA /* Sources */,
				5C65B36C19EA143A00545FDA /* Frameworks */,
				5C65B36D19EA143A00545FDA /* Resources */,
				5C95D33A1A01FDAD00091B4F /* Copy Frameworks */,
				2D02F8A9508798F638F1812D /* Copy Pods Resources */,
				93C87FD666BF5A5D21647D7E /* Embed Pods Frameworks */,
			);
			buildRules = (
			);
			dependencies = (
				5C6C319A1A75A312008FC08F /* PBXTargetDependency */,
			);
			name = "Anime Detour";
			productName = "Anime Detour";
			productReference = 5C65B36F19EA143A00545FDA /* Anime Detour.app */;
			productType = "com.apple.product-type.application";
		};
/* End PBXNativeTarget section */

/* Begin PBXProject section */
		5C65B36719EA143A00545FDA /* Project object */ = {
			isa = PBXProject;
			attributes = {
				LastSwiftUpdateCheck = 0700;
				LastUpgradeCheck = 0700;
				ORGANIZATIONNAME = "Anime Detour";
				TargetAttributes = {
					5C65B36E19EA143A00545FDA = {
						CreatedOnToolsVersion = 6.1;
						DevelopmentTeam = CSE7H7E6BP;
					};
				};
			};
			buildConfigurationList = 5C65B36A19EA143A00545FDA /* Build configuration list for PBXProject "Anime Detour" */;
			compatibilityVersion = "Xcode 3.2";
			developmentRegion = English;
			hasScannedForEncodings = 0;
			knownRegions = (
				en,
				Base,
			);
			mainGroup = 5C65B36619EA143A00545FDA;
			productRefGroup = 5C65B37019EA143A00545FDA /* Products */;
			projectDirPath = "";
			projectReferences = (
				{
					ProductGroup = 5C3025B11A759EAF00ACE278 /* Products */;
					ProjectRef = 5C3025B01A759EAF00ACE278 /* Anime Detour API.xcodeproj */;
				},
			);
			projectRoot = "";
			targets = (
				5C65B36E19EA143A00545FDA /* Anime Detour */,
			);
		};
/* End PBXProject section */

/* Begin PBXReferenceProxy section */
		5C3025B61A759EB000ACE278 /* AnimeDetourAPI.framework */ = {
			isa = PBXReferenceProxy;
			fileType = wrapper.framework;
			path = AnimeDetourAPI.framework;
			remoteRef = 5C3025B51A759EB000ACE278 /* PBXContainerItemProxy */;
			sourceTree = BUILT_PRODUCTS_DIR;
		};
/* End PBXReferenceProxy section */

/* Begin PBXResourcesBuildPhase section */
		5C65B36D19EA143A00545FDA /* Resources */ = {
			isa = PBXResourcesBuildPhase;
			buildActionMask = 2147483647;
			files = (
				DAA8CC561ABDD26300FF3872 /* Settings.bundle in Resources */,
				5C317A991A916F6600E668F5 /* DoubleTree_Floor1_2015.jpg in Resources */,
				DAA716C91AB7C1D700A5EB07 /* LaunchScreen.storyboard in Resources */,
				5C89A4541AA69AA00051FF52 /* GoogleAnalyticsConfiguration.plist in Resources */,
				5C65B37C19EA143A00545FDA /* Main.storyboard in Resources */,
				5C317A9B1A916F6600E668F5 /* DoubleTree_Floor22_2015.jpg in Resources */,
				5C317A9A1A916F6600E668F5 /* DoubleTree_Floor2_2015.jpg in Resources */,
				5C65B37E19EA143A00545FDA /* Images.xcassets in Resources */,
			);
			runOnlyForDeploymentPostprocessing = 0;
		};
/* End PBXResourcesBuildPhase section */

/* Begin PBXShellScriptBuildPhase section */
		1A9F9D0F6F02F849F098431D /* Check Pods Manifest.lock */ = {
			isa = PBXShellScriptBuildPhase;
			buildActionMask = 2147483647;
			files = (
			);
			inputPaths = (
			);
			name = "Check Pods Manifest.lock";
			outputPaths = (
			);
			runOnlyForDeploymentPostprocessing = 0;
			shellPath = /bin/sh;
			shellScript = "diff \"${PODS_ROOT}/../Podfile.lock\" \"${PODS_ROOT}/Manifest.lock\" > /dev/null\nif [[ $? != 0 ]] ; then\n    cat << EOM\nerror: The sandbox is not in sync with the Podfile.lock. Run 'pod install' or update your CocoaPods installation.\nEOM\n    exit 1\nfi\n";
			showEnvVarsInLog = 0;
		};
		2D02F8A9508798F638F1812D /* Copy Pods Resources */ = {
			isa = PBXShellScriptBuildPhase;
			buildActionMask = 2147483647;
			files = (
			);
			inputPaths = (
			);
			name = "Copy Pods Resources";
			outputPaths = (
			);
			runOnlyForDeploymentPostprocessing = 0;
			shellPath = /bin/sh;
			shellScript = "\"${SRCROOT}/Pods/Target Support Files/Pods/Pods-resources.sh\"\n";
			showEnvVarsInLog = 0;
		};
		93C87FD666BF5A5D21647D7E /* Embed Pods Frameworks */ = {
			isa = PBXShellScriptBuildPhase;
			buildActionMask = 2147483647;
			files = (
			);
			inputPaths = (
			);
			name = "Embed Pods Frameworks";
			outputPaths = (
			);
			runOnlyForDeploymentPostprocessing = 0;
			shellPath = /bin/sh;
			shellScript = "\"${SRCROOT}/Pods/Target Support Files/Pods/Pods-frameworks.sh\"\n";
			showEnvVarsInLog = 0;
		};
/* End PBXShellScriptBuildPhase section */

/* Begin PBXSourcesBuildPhase section */
		5C65B36B19EA143A00545FDA /* Sources */ = {
			isa = PBXSourcesBuildPhase;
			buildActionMask = 2147483647;
			files = (
				DA95AAF81BF85DCD00B411C9 /* AnimeDetourAPIClient_Guests.swift in Sources */,
				DA639C631BEE9350004BCA5D /* NotificationPermissionRequester.swift in Sources */,
				5CDD6E981A630CD500BB2AA3 /* CollectionViewFetchedResultsControllerDelegate.swift in Sources */,
				5C8834041A7EB87700573DAD /* SelectedSessionType.swift in Sources */,
				DAA8CC501ABDCBBD00FF3872 /* Settings.swift in Sources */,
				5CE11EAD1A34E299005903A4 /* SessionType.swift in Sources */,
				5C16948D1A6CB6880082F197 /* SessionDataSource.swift in Sources */,
				DA9557111ABE026A000D2720 /* SettingsViewController.swift in Sources */,
				5C54450C19F2D3A3003CC1C3 /* SessionView.swift in Sources */,
				DAA8CC4E1ABDCBBD00FF3872 /* InternalSettings.swift in Sources */,
				5C16772919EB6B720097B1D3 /* SessionViewModel.swift in Sources */,
				5C3025811A746A7500ACE278 /* UIColor.swift in Sources */,
				5C89A4631AA6A77E0051FF52 /* AnalyticsConstants.swift in Sources */,
				5C54451E19F41D8A003CC1C3 /* MapsViewController.swift in Sources */,
				5C3A4D561A9A48BF00562470 /* UICollectionViewFlowLayout.swift in Sources */,
				5C65B37519EA143A00545FDA /* AppDelegate.swift in Sources */,
				5CCA90401A87031500C14EE0 /* SessionCollectionViewController.swift in Sources */,
				5C1694821A6AF83C0082F197 /* TableViewFetchedResultsControllerDelegate.swift in Sources */,
				5CCA90391A86A86800C14EE0 /* GuestCollectionViewController.swift in Sources */,
				5C54451919F31713003CC1C3 /* AnimeDetourAPIClient_Singleton.swift in Sources */,
				5C204FA51A7D6BC90050B793 /* SessionFilterTableViewController.swift in Sources */,
				DA766C861B2DF282002BA2C9 /* UserDefaultsUpdater.swift in Sources */,
				5C6C31AE1A75E158008FC08F /* GuestViewModel.swift in Sources */,
				5CCA90421A870A8000C14EE0 /* SessionCollectionViewCell.swift in Sources */,
				5C0EF2DD19FB2E4400FA8EEC /* CoreDataController_Singleton.swift in Sources */,
				5C4B436E19F0A19F009342C8 /* SessionViewController.swift in Sources */,
				5CCA903E1A86F90800C14EE0 /* TextHeaderCollectionReusableView.swift in Sources */,
				5C54451119F2D79B003CC1C3 /* SessionTableViewController.swift in Sources */,
				5C1694801A6AF76C0082F197 /* SessionTableViewCell.swift in Sources */,
				DAAA90A71ABB979B0088F180 /* SessionNotificationScheduler.swift in Sources */,
				DAA8CC521ABDCC6900FF3872 /* Acknowledgements.swift in Sources */,
				5C54452919F42E45003CC1C3 /* InformationViewController.swift in Sources */,
				DA766C841B2DEC96002BA2C9 /* DataStatusDefaultsController.swift in Sources */,
				DAA8CC4F1ABDCBBD00FF3872 /* SessionSettings.swift in Sources */,
				5CDB833F19FC56DE0097D442 /* SessionTableViewHeaderView.swift in Sources */,
				5C478C081AB273F400BD1A3F /* AnimeDetourAPIClient_Sessions.swift in Sources */,
				5C337F021A990C51006CAA20 /* WebViewController.swift in Sources */,
				5CCA903C1A86AA5700C14EE0 /* GuestCollectionViewCell.swift in Sources */,
				5CBA4D441A996110003D1F60 /* StickyHeaderFlowLayout.swift in Sources */,
				5C9F66CF1A9968E2005C1421 /* SegmentedControlCollectionReusableView.swift in Sources */,
				5C204FAC1A7DB7F50050B793 /* GuestDetailTableViewController.swift in Sources */,
			);
			runOnlyForDeploymentPostprocessing = 0;
		};
/* End PBXSourcesBuildPhase section */

/* Begin PBXTargetDependency section */
		5C6C319A1A75A312008FC08F /* PBXTargetDependency */ = {
			isa = PBXTargetDependency;
			name = AnimeDetourAPI;
			targetProxy = 5C6C31991A75A312008FC08F /* PBXContainerItemProxy */;
		};
/* End PBXTargetDependency section */

/* Begin PBXVariantGroup section */
		5C65B37A19EA143A00545FDA /* Main.storyboard */ = {
			isa = PBXVariantGroup;
			children = (
				5C65B37B19EA143A00545FDA /* Base */,
			);
			name = Main.storyboard;
			sourceTree = "<group>";
		};
/* End PBXVariantGroup section */

/* Begin XCBuildConfiguration section */
		5C65B38E19EA143A00545FDA /* Debug */ = {
			isa = XCBuildConfiguration;
			buildSettings = {
				ALWAYS_SEARCH_USER_PATHS = NO;
				CLANG_CXX_LANGUAGE_STANDARD = "gnu++0x";
				CLANG_CXX_LIBRARY = "libc++";
				CLANG_ENABLE_MODULES = YES;
				CLANG_ENABLE_OBJC_ARC = YES;
				CLANG_WARN_BOOL_CONVERSION = YES;
				CLANG_WARN_CONSTANT_CONVERSION = YES;
				CLANG_WARN_DIRECT_OBJC_ISA_USAGE = YES_ERROR;
				CLANG_WARN_EMPTY_BODY = YES;
				CLANG_WARN_ENUM_CONVERSION = YES;
				CLANG_WARN_INT_CONVERSION = YES;
				CLANG_WARN_OBJC_ROOT_CLASS = YES_ERROR;
				CLANG_WARN_UNREACHABLE_CODE = YES;
				CLANG_WARN__DUPLICATE_METHOD_MATCH = YES;
				"CODE_SIGN_IDENTITY[sdk=iphoneos*]" = "iPhone Developer";
				COPY_PHASE_STRIP = NO;
				ENABLE_STRICT_OBJC_MSGSEND = YES;
				ENABLE_TESTABILITY = YES;
				GCC_C_LANGUAGE_STANDARD = gnu99;
				GCC_DYNAMIC_NO_PIC = NO;
				GCC_OPTIMIZATION_LEVEL = 0;
				GCC_PREPROCESSOR_DEFINITIONS = (
					"DEBUG=1",
					"$(inherited)",
				);
				GCC_SYMBOLS_PRIVATE_EXTERN = NO;
				GCC_WARN_64_TO_32_BIT_CONVERSION = YES;
				GCC_WARN_ABOUT_RETURN_TYPE = YES_ERROR;
				GCC_WARN_UNDECLARED_SELECTOR = YES;
				GCC_WARN_UNINITIALIZED_AUTOS = YES_AGGRESSIVE;
				GCC_WARN_UNUSED_FUNCTION = YES;
				GCC_WARN_UNUSED_VARIABLE = YES;
				IPHONEOS_DEPLOYMENT_TARGET = 9.0;
				MTL_ENABLE_DEBUG_INFO = YES;
				ONLY_ACTIVE_ARCH = YES;
				SDKROOT = iphoneos;
				SWIFT_OPTIMIZATION_LEVEL = "-Onone";
			};
			name = Debug;
		};
		5C65B38F19EA143A00545FDA /* Release */ = {
			isa = XCBuildConfiguration;
			buildSettings = {
				ALWAYS_SEARCH_USER_PATHS = NO;
				CLANG_CXX_LANGUAGE_STANDARD = "gnu++0x";
				CLANG_CXX_LIBRARY = "libc++";
				CLANG_ENABLE_MODULES = YES;
				CLANG_ENABLE_OBJC_ARC = YES;
				CLANG_WARN_BOOL_CONVERSION = YES;
				CLANG_WARN_CONSTANT_CONVERSION = YES;
				CLANG_WARN_DIRECT_OBJC_ISA_USAGE = YES_ERROR;
				CLANG_WARN_EMPTY_BODY = YES;
				CLANG_WARN_ENUM_CONVERSION = YES;
				CLANG_WARN_INT_CONVERSION = YES;
				CLANG_WARN_OBJC_ROOT_CLASS = YES_ERROR;
				CLANG_WARN_UNREACHABLE_CODE = YES;
				CLANG_WARN__DUPLICATE_METHOD_MATCH = YES;
				"CODE_SIGN_IDENTITY[sdk=iphoneos*]" = "iPhone Developer";
				COPY_PHASE_STRIP = YES;
				ENABLE_NS_ASSERTIONS = NO;
				ENABLE_STRICT_OBJC_MSGSEND = YES;
				GCC_C_LANGUAGE_STANDARD = gnu99;
				GCC_WARN_64_TO_32_BIT_CONVERSION = YES;
				GCC_WARN_ABOUT_RETURN_TYPE = YES_ERROR;
				GCC_WARN_UNDECLARED_SELECTOR = YES;
				GCC_WARN_UNINITIALIZED_AUTOS = YES_AGGRESSIVE;
				GCC_WARN_UNUSED_FUNCTION = YES;
				GCC_WARN_UNUSED_VARIABLE = YES;
				IPHONEOS_DEPLOYMENT_TARGET = 9.0;
				MTL_ENABLE_DEBUG_INFO = NO;
				SDKROOT = iphoneos;
				VALIDATE_PRODUCT = YES;
			};
			name = Release;
		};
		5C65B39119EA143A00545FDA /* Debug */ = {
			isa = XCBuildConfiguration;
			baseConfigurationReference = 5EF5767D68136EAEF35EF0D5 /* Pods.debug.xcconfig */;
			buildSettings = {
				ASSETCATALOG_COMPILER_APPICON_NAME = AppIcon;
				CLANG_ENABLE_MODULES = YES;
				CODE_SIGN_IDENTITY = "iPhone Developer";
				"CODE_SIGN_IDENTITY[sdk=iphoneos*]" = "iPhone Developer";
				EMBEDDED_CONTENT_CONTAINS_SWIFT = YES;
				ENABLE_BITCODE = NO;
				INFOPLIST_FILE = "Anime Detour/Info.plist";
				LD_RUNPATH_SEARCH_PATHS = "$(inherited) @executable_path/Frameworks";
				LIBRARY_SEARCH_PATHS = (
					"$(inherited)",
					"$(PROJECT_DIR)/Anime\\ Detour",
				);
				OTHER_SWIFT_FLAGS = "-D DEBUG";
				PRODUCT_BUNDLE_IDENTIFIER = com.animedetour.mobile;
				PRODUCT_NAME = "$(TARGET_NAME)";
				PROVISIONING_PROFILE = "";
				SWIFT_OBJC_BRIDGING_HEADER = "Anime Detour/Anime Detour-Bridging-Header.h";
				SWIFT_OPTIMIZATION_LEVEL = "-Onone";
				TARGETED_DEVICE_FAMILY = "1,2";
			};
			name = Debug;
		};
		5C65B39219EA143A00545FDA /* Release */ = {
			isa = XCBuildConfiguration;
			baseConfigurationReference = 5A22B4392B85C7354AC3D87B /* Pods.release.xcconfig */;
			buildSettings = {
				ASSETCATALOG_COMPILER_APPICON_NAME = AppIcon;
				CLANG_ENABLE_MODULES = YES;
				CODE_SIGN_IDENTITY = "iPhone Developer";
				"CODE_SIGN_IDENTITY[sdk=iphoneos*]" = "iPhone Developer";
				EMBEDDED_CONTENT_CONTAINS_SWIFT = YES;
				ENABLE_BITCODE = NO;
				INFOPLIST_FILE = "Anime Detour/Info.plist";
				LD_RUNPATH_SEARCH_PATHS = "$(inherited) @executable_path/Frameworks";
				LIBRARY_SEARCH_PATHS = (
					"$(inherited)",
					"$(PROJECT_DIR)/Anime\\ Detour",
				);
				PRODUCT_BUNDLE_IDENTIFIER = com.animedetour.mobile;
				PRODUCT_NAME = "$(TARGET_NAME)";
				PROVISIONING_PROFILE = "";
				SWIFT_OBJC_BRIDGING_HEADER = "Anime Detour/Anime Detour-Bridging-Header.h";
				SWIFT_OPTIMIZATION_LEVEL = "-Owholemodule";
				TARGETED_DEVICE_FAMILY = "1,2";
			};
			name = Release;
		};
/* End XCBuildConfiguration section */

/* Begin XCConfigurationList section */
		5C65B36A19EA143A00545FDA /* Build configuration list for PBXProject "Anime Detour" */ = {
			isa = XCConfigurationList;
			buildConfigurations = (
				5C65B38E19EA143A00545FDA /* Debug */,
				5C65B38F19EA143A00545FDA /* Release */,
			);
			defaultConfigurationIsVisible = 0;
			defaultConfigurationName = Release;
		};
		5C65B39019EA143A00545FDA /* Build configuration list for PBXNativeTarget "Anime Detour" */ = {
			isa = XCConfigurationList;
			buildConfigurations = (
				5C65B39119EA143A00545FDA /* Debug */,
				5C65B39219EA143A00545FDA /* Release */,
			);
			defaultConfigurationIsVisible = 0;
			defaultConfigurationName = Release;
		};
/* End XCConfigurationList section */
	};
	rootObject = 5C65B36719EA143A00545FDA /* Project object */;
}
