// !$*UTF8*$!
{
	archiveVersion = 1;
	classes = {
	};
	objectVersion = 46;
	objects = {

/* Begin PBXBuildFile section */
		174BD80F9AFA4016A579F4E8 /* Pods-Anime Detour-metadata.plist in Resources */ = {isa = PBXBuildFile; fileRef = 7F1DC284ACDBFFC178E68293 /* Pods-Anime Detour-metadata.plist */; };
		5C8A84CF1E748C32008B4808 /* MapsViewController.swift in Sources */ = {isa = PBXBuildFile; fileRef = 5C8A84CE1E748C32008B4808 /* MapsViewController.swift */; };
		5C8A84DC1E748D09008B4808 /* InformationViewController.swift in Sources */ = {isa = PBXBuildFile; fileRef = 5C8A84D91E748D09008B4808 /* InformationViewController.swift */; };
		5C8A84DE1E748D09008B4808 /* WebViewController.swift in Sources */ = {isa = PBXBuildFile; fileRef = 5C8A84DB1E748D09008B4808 /* WebViewController.swift */; };
		5C8A84F61E748F3C008B4808 /* DataSource.swift in Sources */ = {isa = PBXBuildFile; fileRef = 5C8A84DF1E748F3C008B4808 /* DataSource.swift */; };
		5C8A84F71E748F3C008B4808 /* FaceDisplayingImageView.swift in Sources */ = {isa = PBXBuildFile; fileRef = 5C8A84E11E748F3C008B4808 /* FaceDisplayingImageView.swift */; };
		5C8A84F81E748F3C008B4808 /* ImageFaceDetector.swift in Sources */ = {isa = PBXBuildFile; fileRef = 5C8A84E21E748F3C008B4808 /* ImageFaceDetector.swift */; };
		5C8A84F91E748F3C008B4808 /* ImageHeaderView.swift in Sources */ = {isa = PBXBuildFile; fileRef = 5C8A84E31E748F3C008B4808 /* ImageHeaderView.swift */; };
		5C8A84FA1E748F3C008B4808 /* StretchingImageHeaderContainer.swift in Sources */ = {isa = PBXBuildFile; fileRef = 5C8A84E41E748F3C008B4808 /* StretchingImageHeaderContainer.swift */; };
		5C8A84FB1E748F3C008B4808 /* CombinedSessionDataSource.swift in Sources */ = {isa = PBXBuildFile; fileRef = 5C8A84E61E748F3C008B4808 /* CombinedSessionDataSource.swift */; };
		5C8A84FC1E748F3C008B4808 /* SessionCell.swift in Sources */ = {isa = PBXBuildFile; fileRef = 5C8A84E71E748F3C008B4808 /* SessionCell.swift */; };
		5C8A84FD1E748F3C008B4808 /* SessionDataSource.swift in Sources */ = {isa = PBXBuildFile; fileRef = 5C8A84E81E748F3C008B4808 /* SessionDataSource.swift */; };
		5C8A84FE1E748F3C008B4808 /* SessionDetailViewController.swift in Sources */ = {isa = PBXBuildFile; fileRef = 5C8A84E91E748F3C008B4808 /* SessionDetailViewController.swift */; };
		5C8A84FF1E748F3C008B4808 /* SessionHeaderCollectionReusableView.swift in Sources */ = {isa = PBXBuildFile; fileRef = 5C8A84EA1E748F3C008B4808 /* SessionHeaderCollectionReusableView.swift */; };
		5C8A85001E748F3C008B4808 /* SessionStarsDataSource.swift in Sources */ = {isa = PBXBuildFile; fileRef = 5C8A84EB1E748F3C008B4808 /* SessionStarsDataSource.swift */; };
		5C8A85011E748F3C008B4808 /* SessionsViewController.swift in Sources */ = {isa = PBXBuildFile; fileRef = 5C8A84EC1E748F3C008B4808 /* SessionsViewController.swift */; };
		5C8A85021E748F3C008B4808 /* SessionTitleView.swift in Sources */ = {isa = PBXBuildFile; fileRef = 5C8A84ED1E748F3C008B4808 /* SessionTitleView.swift */; };
		5C8A85031E748F3C008B4808 /* SessionViewModel.swift in Sources */ = {isa = PBXBuildFile; fileRef = 5C8A84EE1E748F3C008B4808 /* SessionViewModel.swift */; };
		5C8A85041E748F3C008B4808 /* SpeakerCell.swift in Sources */ = {isa = PBXBuildFile; fileRef = 5C8A84F01E748F3C008B4808 /* SpeakerCell.swift */; };
		5C8A85051E748F3C008B4808 /* SpeakerDataSource.swift in Sources */ = {isa = PBXBuildFile; fileRef = 5C8A84F11E748F3C008B4808 /* SpeakerDataSource.swift */; };
		5C8A85061E748F3C008B4808 /* SpeakerDetailViewController.swift in Sources */ = {isa = PBXBuildFile; fileRef = 5C8A84F21E748F3C008B4808 /* SpeakerDetailViewController.swift */; };
		5C8A85071E748F3C008B4808 /* SpeakersViewController.swift in Sources */ = {isa = PBXBuildFile; fileRef = 5C8A84F31E748F3C008B4808 /* SpeakersViewController.swift */; };
		5C8A85081E748F3C008B4808 /* SpeakerTitleView.swift in Sources */ = {isa = PBXBuildFile; fileRef = 5C8A84F41E748F3C008B4808 /* SpeakerTitleView.swift */; };
		5C8A85091E748F3C008B4808 /* SpeakerViewModel.swift in Sources */ = {isa = PBXBuildFile; fileRef = 5C8A84F51E748F3C008B4808 /* SpeakerViewModel.swift */; };
		5C8A850B1E748FC8008B4808 /* AppCoordinator.swift in Sources */ = {isa = PBXBuildFile; fileRef = 5C8A850A1E748FC8008B4808 /* AppCoordinator.swift */; };
		5C8A850D1E74909B008B4808 /* SessionNotificationScheduler.swift in Sources */ = {isa = PBXBuildFile; fileRef = 5C8A850C1E74909B008B4808 /* SessionNotificationScheduler.swift */; };
		5C8A850F1E7490BA008B4808 /* NotificationPermissionRequester.swift in Sources */ = {isa = PBXBuildFile; fileRef = 5C8A850E1E7490BA008B4808 /* NotificationPermissionRequester.swift */; };
		5C8A85231E749142008B4808 /* Appearance.swift in Sources */ = {isa = PBXBuildFile; fileRef = 5C8A851E1E749142008B4808 /* Appearance.swift */; };
		5C8A85241E749142008B4808 /* AppearanceNotifier.swift in Sources */ = {isa = PBXBuildFile; fileRef = 5C8A851F1E749142008B4808 /* AppearanceNotifier.swift */; };
		5C8A85251E749142008B4808 /* DateFormatter+AnimeDetour.swift in Sources */ = {isa = PBXBuildFile; fileRef = 5C8A85201E749142008B4808 /* DateFormatter+AnimeDetour.swift */; };
		5C8A85271E749142008B4808 /* UIButton+DevFest.swift in Sources */ = {isa = PBXBuildFile; fileRef = 5C8A85221E749142008B4808 /* UIButton+DevFest.swift */; };
		5C8A85291E7491E6008B4808 /* NotificationsCoordinator.swift in Sources */ = {isa = PBXBuildFile; fileRef = 5C8A85281E7491E6008B4808 /* NotificationsCoordinator.swift */; };
		5C8A852B1E749276008B4808 /* AgeRequirementDisplayingView.swift in Sources */ = {isa = PBXBuildFile; fileRef = 5C8A852A1E749276008B4808 /* AgeRequirementDisplayingView.swift */; };
		5C8A852D1E7492DA008B4808 /* SettingsCoordinator.swift in Sources */ = {isa = PBXBuildFile; fileRef = 5C8A852C1E7492DA008B4808 /* SettingsCoordinator.swift */; };
		5C8A852F1E74936A008B4808 /* GoogleSignInViewController.swift in Sources */ = {isa = PBXBuildFile; fileRef = 5C8A852E1E74936A008B4808 /* GoogleSignInViewController.swift */; };
		5C8A85341E74A912008B4808 /* ImageRepository.swift in Sources */ = {isa = PBXBuildFile; fileRef = 5C8A85331E74A912008B4808 /* ImageRepository.swift */; };
		5C8A85361E74A994008B4808 /* Main.storyboard in Resources */ = {isa = PBXBuildFile; fileRef = 5C8A85351E74A994008B4808 /* Main.storyboard */; };
		5C8A85381E74A9C9008B4808 /* Sessions.storyboard in Resources */ = {isa = PBXBuildFile; fileRef = 5C8A85371E74A9C9008B4808 /* Sessions.storyboard */; };
		5C8A853A1E74A9D4008B4808 /* Speakers.storyboard in Resources */ = {isa = PBXBuildFile; fileRef = 5C8A85391E74A9D4008B4808 /* Speakers.storyboard */; };
		5C8A853C1E74AA0F008B4808 /* Settings.storyboard in Resources */ = {isa = PBXBuildFile; fileRef = 5C8A853B1E74AA0F008B4808 /* Settings.storyboard */; };
		5C8A853E1E74AB45008B4808 /* PillButtonContainerView.swift in Sources */ = {isa = PBXBuildFile; fileRef = 5C8A853D1E74AB45008B4808 /* PillButtonContainerView.swift */; };
		5C8A85401E74AB4C008B4808 /* MapOverlayButton.swift in Sources */ = {isa = PBXBuildFile; fileRef = 5C8A853F1E74AB4C008B4808 /* MapOverlayButton.swift */; };
		5C8A85421E74C96E008B4808 /* Maps.storyboard in Resources */ = {isa = PBXBuildFile; fileRef = 5C8A85411E74C96E008B4808 /* Maps.storyboard */; };
		5C8A85451E74D0FA008B4808 /* FlowLayoutContaining.swift in Sources */ = {isa = PBXBuildFile; fileRef = 5C8A85441E74D0FA008B4808 /* FlowLayoutContaining.swift */; };
		5C8A85471E74DA9A008B4808 /* DataStatusDefaultsController.swift in Sources */ = {isa = PBXBuildFile; fileRef = 5C8A85461E74DA9A008B4808 /* DataStatusDefaultsController.swift */; };
		5C8A85491E74DAB8008B4808 /* UserDefaultsUpdater.swift in Sources */ = {isa = PBXBuildFile; fileRef = 5C8A85481E74DAB8008B4808 /* UserDefaultsUpdater.swift */; };
		5C8A854C1E74F283008B4808 /* Dictionary+DevFest.swift in Sources */ = {isa = PBXBuildFile; fileRef = 5C8A854B1E74F283008B4808 /* Dictionary+DevFest.swift */; };
		5C8A854E1E74F28E008B4808 /* UIView+DevFest.swift in Sources */ = {isa = PBXBuildFile; fileRef = 5C8A854D1E74F28E008B4808 /* UIView+DevFest.swift */; };
		5C8A85501E74F2DB008B4808 /* SessionFilterTableViewController.swift in Sources */ = {isa = PBXBuildFile; fileRef = 5C8A854F1E74F2DB008B4808 /* SessionFilterTableViewController.swift */; };
		5C8A85521E74F364008B4808 /* ReusableItem.swift in Sources */ = {isa = PBXBuildFile; fileRef = 5C8A85511E74F364008B4808 /* ReusableItem.swift */; };
		5C8A85541E74F37E008B4808 /* InsettableLabel.swift in Sources */ = {isa = PBXBuildFile; fileRef = 5C8A85531E74F37E008B4808 /* InsettableLabel.swift */; };
		99C56289BA1E49DBB82753A0 /* Pods-Anime Detour-settings-metadata.plist in Resources */ = {isa = PBXBuildFile; fileRef = CD12C81899996795612C922F /* Pods-Anime Detour-settings-metadata.plist */; };
		AC8A1E32BBA4BEBBEFD1EC60 /* Pods_Anime_Detour.framework in Frameworks */ = {isa = PBXBuildFile; fileRef = AB4102D50A27880DD5B334A4 /* Pods_Anime_Detour.framework */; };
		DA0E97231CA23CFA00043A30 /* Settings.bundle in Resources */ = {isa = PBXBuildFile; fileRef = DA0E971F1CA23CFA00043A30 /* Settings.bundle */; };
		DA50F8B71E901ACF0049244B /* SettingsViewController.swift in Sources */ = {isa = PBXBuildFile; fileRef = DA50F8B61E901ACF0049244B /* SettingsViewController.swift */; };
		DA50F8B91E9056CB0049244B /* SingleMapViewController.swift in Sources */ = {isa = PBXBuildFile; fileRef = DA50F8B81E9056CB0049244B /* SingleMapViewController.swift */; };
		DA50F8BD1E906CF00049244B /* AnimeDetour2017DealersMap.pdf in Resources */ = {isa = PBXBuildFile; fileRef = DA50F8BC1E906CEF0049244B /* AnimeDetour2017DealersMap.pdf */; };
		DA50F8C11E906D090049244B /* DoubleTree_Floor1.pdf in Resources */ = {isa = PBXBuildFile; fileRef = DA50F8BE1E906D090049244B /* DoubleTree_Floor1.pdf */; };
		DA50F8C21E906D090049244B /* DoubleTree_Floor2.pdf in Resources */ = {isa = PBXBuildFile; fileRef = DA50F8BF1E906D090049244B /* DoubleTree_Floor2.pdf */; };
		DA50F8C31E906D090049244B /* DoubleTree_Floor22.pdf in Resources */ = {isa = PBXBuildFile; fileRef = DA50F8C01E906D090049244B /* DoubleTree_Floor22.pdf */; };
		DA50F8C51E906DEC0049244B /* AD2017-AreaMap.pdf in Resources */ = {isa = PBXBuildFile; fileRef = DA50F8C41E906DEC0049244B /* AD2017-AreaMap.pdf */; };
		DA50F8C91E909D480049244B /* SessionsTableViewController.swift in Sources */ = {isa = PBXBuildFile; fileRef = DA50F8C81E909D480049244B /* SessionsTableViewController.swift */; };
		DA53F2911CAC8CEA00526BD9 /* AnimeDetourDataModel.sqlite in Resources */ = {isa = PBXBuildFile; fileRef = DA53F2901CAC8CEA00526BD9 /* AnimeDetourDataModel.sqlite */; };
		DA7C001F1E8A125400759C3A /* SegmentedControlCollectionReusableView.swift in Sources */ = {isa = PBXBuildFile; fileRef = DA7C001E1E8A125400759C3A /* SegmentedControlCollectionReusableView.swift */; };
		DA90BDA81CA23E07006A5ACD /* AnalyticsConstants.swift in Sources */ = {isa = PBXBuildFile; fileRef = DA90BD641CA23E07006A5ACD /* AnalyticsConstants.swift */; };
		DA90BDA91CA23E07006A5ACD /* AnalyticsScreen.swift in Sources */ = {isa = PBXBuildFile; fileRef = DA90BD651CA23E07006A5ACD /* AnalyticsScreen.swift */; };
		DA90BDAA1CA23E07006A5ACD /* AnalyticsViewControllers.swift in Sources */ = {isa = PBXBuildFile; fileRef = DA90BD661CA23E07006A5ACD /* AnalyticsViewControllers.swift */; };
		DA90BDAB1CA23E07006A5ACD /* GAIDictionaryBuilder_AnalyticsConstants.swift in Sources */ = {isa = PBXBuildFile; fileRef = DA90BD671CA23E07006A5ACD /* GAIDictionaryBuilder_AnalyticsConstants.swift */; };
		DA90BDB01CA23E07006A5ACD /* Main.storyboard in Resources */ = {isa = PBXBuildFile; fileRef = DA90BD711CA23E07006A5ACD /* Main.storyboard */; };
		DA90BDB11CA23E07006A5ACD /* StickyHeaderFlowLayout.swift in Sources */ = {isa = PBXBuildFile; fileRef = DA90BD741CA23E07006A5ACD /* StickyHeaderFlowLayout.swift */; };
		DA90BDB51CA23E07006A5ACD /* UICollectionViewFlowLayout.swift in Sources */ = {isa = PBXBuildFile; fileRef = DA90BD7B1CA23E07006A5ACD /* UICollectionViewFlowLayout.swift */; };
		DA90BDB61CA23E07006A5ACD /* UIColor.swift in Sources */ = {isa = PBXBuildFile; fileRef = DA90BD7C1CA23E07006A5ACD /* UIColor.swift */; };
		DA90BDB71CA23E07006A5ACD /* Images.xcassets in Resources */ = {isa = PBXBuildFile; fileRef = DA90BD7D1CA23E07006A5ACD /* Images.xcassets */; };
		DA90BDB81CA23E07006A5ACD /* LaunchScreen.storyboard in Resources */ = {isa = PBXBuildFile; fileRef = DA90BD7E1CA23E07006A5ACD /* LaunchScreen.storyboard */; };
		DA90BDBF1CA23E07006A5ACD /* SelectedSessionCategory.swift in Sources */ = {isa = PBXBuildFile; fileRef = DA90BD871CA23E07006A5ACD /* SelectedSessionCategory.swift */; };
		DA90BDC01CA23E07006A5ACD /* Acknowledgements.swift in Sources */ = {isa = PBXBuildFile; fileRef = DA90BD891CA23E07006A5ACD /* Acknowledgements.swift */; };
		DA90BDC11CA23E07006A5ACD /* InternalSettings.swift in Sources */ = {isa = PBXBuildFile; fileRef = DA90BD8A1CA23E07006A5ACD /* InternalSettings.swift */; };
		DA90BDC21CA23E07006A5ACD /* SessionSettings.swift in Sources */ = {isa = PBXBuildFile; fileRef = DA90BD8B1CA23E07006A5ACD /* SessionSettings.swift */; };
		DA90BDC31CA23E07006A5ACD /* Settings.swift in Sources */ = {isa = PBXBuildFile; fileRef = DA90BD8C1CA23E07006A5ACD /* Settings.swift */; };
		DA9652111CA23BBB00EA4112 /* AppDelegate.swift in Sources */ = {isa = PBXBuildFile; fileRef = DA9652101CA23BBB00EA4112 /* AppDelegate.swift */; };
		DAFCAF5B1CACAA0200100BB8 /* AnimeDetourScreenshots.swift in Sources */ = {isa = PBXBuildFile; fileRef = DAFCAF5A1CACAA0200100BB8 /* AnimeDetourScreenshots.swift */; };
		DAFCAF631CACAA7D00100BB8 /* SnapshotHelper.swift in Sources */ = {isa = PBXBuildFile; fileRef = DAFCAF621CACAA7D00100BB8 /* SnapshotHelper.swift */; };
		DAFD7F781E679E7100F3A47D /* FirebaseCoordinator.swift in Sources */ = {isa = PBXBuildFile; fileRef = DAFD7F771E679E7100F3A47D /* FirebaseCoordinator.swift */; };
		DAFD7F7A1E679EA500F3A47D /* GoogleService-Info.plist in Resources */ = {isa = PBXBuildFile; fileRef = DAFD7F791E679EA500F3A47D /* GoogleService-Info.plist */; };
		DAFD7F801E67AB3E00F3A47D /* FirebaseSessionDataSource.swift in Sources */ = {isa = PBXBuildFile; fileRef = DAFD7F7D1E67AB3E00F3A47D /* FirebaseSessionDataSource.swift */; };
		DAFD7F811E67AB3E00F3A47D /* FirebaseSpeakerDataSource.swift in Sources */ = {isa = PBXBuildFile; fileRef = DAFD7F7E1E67AB3E00F3A47D /* FirebaseSpeakerDataSource.swift */; };
		DAFD7F821E67AB3E00F3A47D /* FirebaseStarsDataSource.swift in Sources */ = {isa = PBXBuildFile; fileRef = DAFD7F7F1E67AB3E00F3A47D /* FirebaseStarsDataSource.swift */; };
/* End PBXBuildFile section */

/* Begin PBXContainerItemProxy section */
		DAFCAF5D1CACAA0200100BB8 /* PBXContainerItemProxy */ = {
			isa = PBXContainerItemProxy;
			containerPortal = DA9652051CA23BBB00EA4112 /* Project object */;
			proxyType = 1;
			remoteGlobalIDString = DA96520C1CA23BBB00EA4112;
			remoteInfo = "Anime Detour";
		};
/* End PBXContainerItemProxy section */

/* Begin PBXCopyFilesBuildPhase section */
		DA90BDF81CA23F33006A5ACD /* Copy Frameworks */ = {
			isa = PBXCopyFilesBuildPhase;
			buildActionMask = 2147483647;
			dstPath = "";
			dstSubfolderSpec = 10;
			files = (
			);
			name = "Copy Frameworks";
			runOnlyForDeploymentPostprocessing = 0;
		};
/* End PBXCopyFilesBuildPhase section */

/* Begin PBXFileReference section */
		42DA6BF0139218A3CD58635B /* Pods-Anime Detour.debug.xcconfig */ = {isa = PBXFileReference; includeInIndex = 1; lastKnownFileType = text.xcconfig; name = "Pods-Anime Detour.debug.xcconfig"; path = "Pods/Target Support Files/Pods-Anime Detour/Pods-Anime Detour.debug.xcconfig"; sourceTree = "<group>"; };
		5A8B79499DEC7841F2E2B6FD /* Pods-Anime Detour.release.xcconfig */ = {isa = PBXFileReference; includeInIndex = 1; lastKnownFileType = text.xcconfig; name = "Pods-Anime Detour.release.xcconfig"; path = "Pods/Target Support Files/Pods-Anime Detour/Pods-Anime Detour.release.xcconfig"; sourceTree = "<group>"; };
		5C8A84CE1E748C32008B4808 /* MapsViewController.swift */ = {isa = PBXFileReference; fileEncoding = 4; lastKnownFileType = sourcecode.swift; path = MapsViewController.swift; sourceTree = "<group>"; };
		5C8A84D91E748D09008B4808 /* InformationViewController.swift */ = {isa = PBXFileReference; fileEncoding = 4; lastKnownFileType = sourcecode.swift; path = InformationViewController.swift; sourceTree = "<group>"; };
		5C8A84DB1E748D09008B4808 /* WebViewController.swift */ = {isa = PBXFileReference; fileEncoding = 4; lastKnownFileType = sourcecode.swift; path = WebViewController.swift; sourceTree = "<group>"; };
		5C8A84DF1E748F3C008B4808 /* DataSource.swift */ = {isa = PBXFileReference; fileEncoding = 4; lastKnownFileType = sourcecode.swift; path = DataSource.swift; sourceTree = "<group>"; };
		5C8A84E11E748F3C008B4808 /* FaceDisplayingImageView.swift */ = {isa = PBXFileReference; fileEncoding = 4; lastKnownFileType = sourcecode.swift; path = FaceDisplayingImageView.swift; sourceTree = "<group>"; };
		5C8A84E21E748F3C008B4808 /* ImageFaceDetector.swift */ = {isa = PBXFileReference; fileEncoding = 4; lastKnownFileType = sourcecode.swift; path = ImageFaceDetector.swift; sourceTree = "<group>"; };
		5C8A84E31E748F3C008B4808 /* ImageHeaderView.swift */ = {isa = PBXFileReference; fileEncoding = 4; lastKnownFileType = sourcecode.swift; path = ImageHeaderView.swift; sourceTree = "<group>"; };
		5C8A84E41E748F3C008B4808 /* StretchingImageHeaderContainer.swift */ = {isa = PBXFileReference; fileEncoding = 4; lastKnownFileType = sourcecode.swift; path = StretchingImageHeaderContainer.swift; sourceTree = "<group>"; };
		5C8A84E61E748F3C008B4808 /* CombinedSessionDataSource.swift */ = {isa = PBXFileReference; fileEncoding = 4; lastKnownFileType = sourcecode.swift; path = CombinedSessionDataSource.swift; sourceTree = "<group>"; };
		5C8A84E71E748F3C008B4808 /* SessionCell.swift */ = {isa = PBXFileReference; fileEncoding = 4; lastKnownFileType = sourcecode.swift; path = SessionCell.swift; sourceTree = "<group>"; };
		5C8A84E81E748F3C008B4808 /* SessionDataSource.swift */ = {isa = PBXFileReference; fileEncoding = 4; lastKnownFileType = sourcecode.swift; path = SessionDataSource.swift; sourceTree = "<group>"; };
		5C8A84E91E748F3C008B4808 /* SessionDetailViewController.swift */ = {isa = PBXFileReference; fileEncoding = 4; lastKnownFileType = sourcecode.swift; path = SessionDetailViewController.swift; sourceTree = "<group>"; };
		5C8A84EA1E748F3C008B4808 /* SessionHeaderCollectionReusableView.swift */ = {isa = PBXFileReference; fileEncoding = 4; lastKnownFileType = sourcecode.swift; path = SessionHeaderCollectionReusableView.swift; sourceTree = "<group>"; };
		5C8A84EB1E748F3C008B4808 /* SessionStarsDataSource.swift */ = {isa = PBXFileReference; fileEncoding = 4; lastKnownFileType = sourcecode.swift; path = SessionStarsDataSource.swift; sourceTree = "<group>"; };
		5C8A84EC1E748F3C008B4808 /* SessionsViewController.swift */ = {isa = PBXFileReference; fileEncoding = 4; lastKnownFileType = sourcecode.swift; path = SessionsViewController.swift; sourceTree = "<group>"; };
		5C8A84ED1E748F3C008B4808 /* SessionTitleView.swift */ = {isa = PBXFileReference; fileEncoding = 4; lastKnownFileType = sourcecode.swift; path = SessionTitleView.swift; sourceTree = "<group>"; };
		5C8A84EE1E748F3C008B4808 /* SessionViewModel.swift */ = {isa = PBXFileReference; fileEncoding = 4; lastKnownFileType = sourcecode.swift; path = SessionViewModel.swift; sourceTree = "<group>"; };
		5C8A84F01E748F3C008B4808 /* SpeakerCell.swift */ = {isa = PBXFileReference; fileEncoding = 4; lastKnownFileType = sourcecode.swift; path = SpeakerCell.swift; sourceTree = "<group>"; };
		5C8A84F11E748F3C008B4808 /* SpeakerDataSource.swift */ = {isa = PBXFileReference; fileEncoding = 4; lastKnownFileType = sourcecode.swift; path = SpeakerDataSource.swift; sourceTree = "<group>"; };
		5C8A84F21E748F3C008B4808 /* SpeakerDetailViewController.swift */ = {isa = PBXFileReference; fileEncoding = 4; lastKnownFileType = sourcecode.swift; path = SpeakerDetailViewController.swift; sourceTree = "<group>"; };
		5C8A84F31E748F3C008B4808 /* SpeakersViewController.swift */ = {isa = PBXFileReference; fileEncoding = 4; lastKnownFileType = sourcecode.swift; path = SpeakersViewController.swift; sourceTree = "<group>"; };
		5C8A84F41E748F3C008B4808 /* SpeakerTitleView.swift */ = {isa = PBXFileReference; fileEncoding = 4; lastKnownFileType = sourcecode.swift; path = SpeakerTitleView.swift; sourceTree = "<group>"; };
		5C8A84F51E748F3C008B4808 /* SpeakerViewModel.swift */ = {isa = PBXFileReference; fileEncoding = 4; lastKnownFileType = sourcecode.swift; path = SpeakerViewModel.swift; sourceTree = "<group>"; };
		5C8A850A1E748FC8008B4808 /* AppCoordinator.swift */ = {isa = PBXFileReference; fileEncoding = 4; lastKnownFileType = sourcecode.swift; path = AppCoordinator.swift; sourceTree = "<group>"; };
		5C8A850C1E74909B008B4808 /* SessionNotificationScheduler.swift */ = {isa = PBXFileReference; fileEncoding = 4; lastKnownFileType = sourcecode.swift; path = SessionNotificationScheduler.swift; sourceTree = "<group>"; };
		5C8A850E1E7490BA008B4808 /* NotificationPermissionRequester.swift */ = {isa = PBXFileReference; fileEncoding = 4; lastKnownFileType = sourcecode.swift; path = NotificationPermissionRequester.swift; sourceTree = "<group>"; };
		5C8A851E1E749142008B4808 /* Appearance.swift */ = {isa = PBXFileReference; fileEncoding = 4; lastKnownFileType = sourcecode.swift; path = Appearance.swift; sourceTree = "<group>"; };
		5C8A851F1E749142008B4808 /* AppearanceNotifier.swift */ = {isa = PBXFileReference; fileEncoding = 4; lastKnownFileType = sourcecode.swift; path = AppearanceNotifier.swift; sourceTree = "<group>"; };
		5C8A85201E749142008B4808 /* DateFormatter+AnimeDetour.swift */ = {isa = PBXFileReference; fileEncoding = 4; lastKnownFileType = sourcecode.swift; path = "DateFormatter+AnimeDetour.swift"; sourceTree = "<group>"; };
		5C8A85221E749142008B4808 /* UIButton+DevFest.swift */ = {isa = PBXFileReference; fileEncoding = 4; lastKnownFileType = sourcecode.swift; path = "UIButton+DevFest.swift"; sourceTree = "<group>"; };
		5C8A85281E7491E6008B4808 /* NotificationsCoordinator.swift */ = {isa = PBXFileReference; fileEncoding = 4; lastKnownFileType = sourcecode.swift; path = NotificationsCoordinator.swift; sourceTree = "<group>"; };
		5C8A852A1E749276008B4808 /* AgeRequirementDisplayingView.swift */ = {isa = PBXFileReference; fileEncoding = 4; lastKnownFileType = sourcecode.swift; path = AgeRequirementDisplayingView.swift; sourceTree = "<group>"; };
		5C8A852C1E7492DA008B4808 /* SettingsCoordinator.swift */ = {isa = PBXFileReference; fileEncoding = 4; lastKnownFileType = sourcecode.swift; path = SettingsCoordinator.swift; sourceTree = "<group>"; };
		5C8A852E1E74936A008B4808 /* GoogleSignInViewController.swift */ = {isa = PBXFileReference; fileEncoding = 4; lastKnownFileType = sourcecode.swift; path = GoogleSignInViewController.swift; sourceTree = "<group>"; };
		5C8A85331E74A912008B4808 /* ImageRepository.swift */ = {isa = PBXFileReference; fileEncoding = 4; lastKnownFileType = sourcecode.swift; path = ImageRepository.swift; sourceTree = "<group>"; };
		5C8A85351E74A994008B4808 /* Main.storyboard */ = {isa = PBXFileReference; fileEncoding = 4; lastKnownFileType = file.storyboard; name = Main.storyboard; path = Base.lproj/Main.storyboard; sourceTree = "<group>"; };
		5C8A85371E74A9C9008B4808 /* Sessions.storyboard */ = {isa = PBXFileReference; fileEncoding = 4; lastKnownFileType = file.storyboard; path = Sessions.storyboard; sourceTree = "<group>"; };
		5C8A85391E74A9D4008B4808 /* Speakers.storyboard */ = {isa = PBXFileReference; fileEncoding = 4; lastKnownFileType = file.storyboard; path = Speakers.storyboard; sourceTree = "<group>"; };
		5C8A853B1E74AA0F008B4808 /* Settings.storyboard */ = {isa = PBXFileReference; fileEncoding = 4; lastKnownFileType = file.storyboard; path = Settings.storyboard; sourceTree = "<group>"; };
		5C8A853D1E74AB45008B4808 /* PillButtonContainerView.swift */ = {isa = PBXFileReference; fileEncoding = 4; lastKnownFileType = sourcecode.swift; path = PillButtonContainerView.swift; sourceTree = "<group>"; };
		5C8A853F1E74AB4C008B4808 /* MapOverlayButton.swift */ = {isa = PBXFileReference; fileEncoding = 4; lastKnownFileType = sourcecode.swift; path = MapOverlayButton.swift; sourceTree = "<group>"; };
		5C8A85411E74C96E008B4808 /* Maps.storyboard */ = {isa = PBXFileReference; fileEncoding = 4; lastKnownFileType = file.storyboard; path = Maps.storyboard; sourceTree = "<group>"; };
		5C8A85441E74D0FA008B4808 /* FlowLayoutContaining.swift */ = {isa = PBXFileReference; fileEncoding = 4; lastKnownFileType = sourcecode.swift; path = FlowLayoutContaining.swift; sourceTree = "<group>"; };
		5C8A85461E74DA9A008B4808 /* DataStatusDefaultsController.swift */ = {isa = PBXFileReference; fileEncoding = 4; lastKnownFileType = sourcecode.swift; path = DataStatusDefaultsController.swift; sourceTree = "<group>"; };
		5C8A85481E74DAB8008B4808 /* UserDefaultsUpdater.swift */ = {isa = PBXFileReference; fileEncoding = 4; lastKnownFileType = sourcecode.swift; path = UserDefaultsUpdater.swift; sourceTree = "<group>"; };
		5C8A854B1E74F283008B4808 /* Dictionary+DevFest.swift */ = {isa = PBXFileReference; fileEncoding = 4; lastKnownFileType = sourcecode.swift; path = "Dictionary+DevFest.swift"; sourceTree = "<group>"; };
		5C8A854D1E74F28E008B4808 /* UIView+DevFest.swift */ = {isa = PBXFileReference; fileEncoding = 4; lastKnownFileType = sourcecode.swift; path = "UIView+DevFest.swift"; sourceTree = "<group>"; };
		5C8A854F1E74F2DB008B4808 /* SessionFilterTableViewController.swift */ = {isa = PBXFileReference; fileEncoding = 4; lastKnownFileType = sourcecode.swift; path = SessionFilterTableViewController.swift; sourceTree = "<group>"; };
		5C8A85511E74F364008B4808 /* ReusableItem.swift */ = {isa = PBXFileReference; fileEncoding = 4; lastKnownFileType = sourcecode.swift; path = ReusableItem.swift; sourceTree = "<group>"; };
		5C8A85531E74F37E008B4808 /* InsettableLabel.swift */ = {isa = PBXFileReference; fileEncoding = 4; lastKnownFileType = sourcecode.swift; path = InsettableLabel.swift; sourceTree = "<group>"; };
		7F1DC284ACDBFFC178E68293 /* Pods-Anime Detour-metadata.plist */ = {isa = PBXFileReference; includeInIndex = 1; lastKnownFileType = text.plist.xml; name = "Pods-Anime Detour-metadata.plist"; path = "Pods/Pods-Anime Detour-metadata.plist"; sourceTree = "<group>"; };
		AB4102D50A27880DD5B334A4 /* Pods_Anime_Detour.framework */ = {isa = PBXFileReference; explicitFileType = wrapper.framework; includeInIndex = 0; path = Pods_Anime_Detour.framework; sourceTree = BUILT_PRODUCTS_DIR; };
		CD12C81899996795612C922F /* Pods-Anime Detour-settings-metadata.plist */ = {isa = PBXFileReference; includeInIndex = 1; lastKnownFileType = text.plist.xml; name = "Pods-Anime Detour-settings-metadata.plist"; path = "Anime Detour/Resources/Settings.bundle/Pods-Anime Detour-settings-metadata.plist"; sourceTree = "<group>"; };
		DA0E971F1CA23CFA00043A30 /* Settings.bundle */ = {isa = PBXFileReference; lastKnownFileType = "wrapper.plug-in"; path = Settings.bundle; sourceTree = "<group>"; };
		DA50F8B61E901ACF0049244B /* SettingsViewController.swift */ = {isa = PBXFileReference; fileEncoding = 4; lastKnownFileType = sourcecode.swift; path = SettingsViewController.swift; sourceTree = "<group>"; };
		DA50F8B81E9056CB0049244B /* SingleMapViewController.swift */ = {isa = PBXFileReference; fileEncoding = 4; lastKnownFileType = sourcecode.swift; path = SingleMapViewController.swift; sourceTree = "<group>"; };
		DA50F8BC1E906CEF0049244B /* AnimeDetour2017DealersMap.pdf */ = {isa = PBXFileReference; lastKnownFileType = image.pdf; path = AnimeDetour2017DealersMap.pdf; sourceTree = "<group>"; };
		DA50F8BE1E906D090049244B /* DoubleTree_Floor1.pdf */ = {isa = PBXFileReference; lastKnownFileType = image.pdf; path = DoubleTree_Floor1.pdf; sourceTree = "<group>"; };
		DA50F8BF1E906D090049244B /* DoubleTree_Floor2.pdf */ = {isa = PBXFileReference; lastKnownFileType = image.pdf; path = DoubleTree_Floor2.pdf; sourceTree = "<group>"; };
		DA50F8C01E906D090049244B /* DoubleTree_Floor22.pdf */ = {isa = PBXFileReference; lastKnownFileType = image.pdf; path = DoubleTree_Floor22.pdf; sourceTree = "<group>"; };
		DA50F8C41E906DEC0049244B /* AD2017-AreaMap.pdf */ = {isa = PBXFileReference; lastKnownFileType = image.pdf; path = "AD2017-AreaMap.pdf"; sourceTree = "<group>"; };
		DA50F8C81E909D480049244B /* SessionsTableViewController.swift */ = {isa = PBXFileReference; fileEncoding = 4; lastKnownFileType = sourcecode.swift; path = SessionsTableViewController.swift; sourceTree = "<group>"; };
		DA53F2901CAC8CEA00526BD9 /* AnimeDetourDataModel.sqlite */ = {isa = PBXFileReference; lastKnownFileType = file; path = AnimeDetourDataModel.sqlite; sourceTree = "<group>"; };
		DA7C001E1E8A125400759C3A /* SegmentedControlCollectionReusableView.swift */ = {isa = PBXFileReference; fileEncoding = 4; lastKnownFileType = sourcecode.swift; path = SegmentedControlCollectionReusableView.swift; sourceTree = "<group>"; };
		DA90BD641CA23E07006A5ACD /* AnalyticsConstants.swift */ = {isa = PBXFileReference; fileEncoding = 4; lastKnownFileType = sourcecode.swift; path = AnalyticsConstants.swift; sourceTree = "<group>"; };
		DA90BD651CA23E07006A5ACD /* AnalyticsScreen.swift */ = {isa = PBXFileReference; fileEncoding = 4; lastKnownFileType = sourcecode.swift; path = AnalyticsScreen.swift; sourceTree = "<group>"; };
		DA90BD661CA23E07006A5ACD /* AnalyticsViewControllers.swift */ = {isa = PBXFileReference; fileEncoding = 4; lastKnownFileType = sourcecode.swift; path = AnalyticsViewControllers.swift; sourceTree = "<group>"; };
		DA90BD671CA23E07006A5ACD /* GAIDictionaryBuilder_AnalyticsConstants.swift */ = {isa = PBXFileReference; fileEncoding = 4; lastKnownFileType = sourcecode.swift; path = GAIDictionaryBuilder_AnalyticsConstants.swift; sourceTree = "<group>"; };
		DA90BD721CA23E07006A5ACD /* Base */ = {isa = PBXFileReference; lastKnownFileType = file.storyboard; name = Base; path = Main.storyboard; sourceTree = "<group>"; };
		DA90BD741CA23E07006A5ACD /* StickyHeaderFlowLayout.swift */ = {isa = PBXFileReference; fileEncoding = 4; lastKnownFileType = sourcecode.swift; path = StickyHeaderFlowLayout.swift; sourceTree = "<group>"; };
		DA90BD7B1CA23E07006A5ACD /* UICollectionViewFlowLayout.swift */ = {isa = PBXFileReference; fileEncoding = 4; lastKnownFileType = sourcecode.swift; path = UICollectionViewFlowLayout.swift; sourceTree = "<group>"; };
		DA90BD7C1CA23E07006A5ACD /* UIColor.swift */ = {isa = PBXFileReference; fileEncoding = 4; lastKnownFileType = sourcecode.swift; path = UIColor.swift; sourceTree = "<group>"; };
		DA90BD7D1CA23E07006A5ACD /* Images.xcassets */ = {isa = PBXFileReference; lastKnownFileType = folder.assetcatalog; path = Images.xcassets; sourceTree = "<group>"; };
		DA90BD7E1CA23E07006A5ACD /* LaunchScreen.storyboard */ = {isa = PBXFileReference; fileEncoding = 4; lastKnownFileType = file.storyboard; path = LaunchScreen.storyboard; sourceTree = "<group>"; };
		DA90BD871CA23E07006A5ACD /* SelectedSessionCategory.swift */ = {isa = PBXFileReference; fileEncoding = 4; lastKnownFileType = sourcecode.swift; path = SelectedSessionCategory.swift; sourceTree = "<group>"; };
		DA90BD891CA23E07006A5ACD /* Acknowledgements.swift */ = {isa = PBXFileReference; fileEncoding = 4; lastKnownFileType = sourcecode.swift; path = Acknowledgements.swift; sourceTree = "<group>"; };
		DA90BD8A1CA23E07006A5ACD /* InternalSettings.swift */ = {isa = PBXFileReference; fileEncoding = 4; lastKnownFileType = sourcecode.swift; path = InternalSettings.swift; sourceTree = "<group>"; };
		DA90BD8B1CA23E07006A5ACD /* SessionSettings.swift */ = {isa = PBXFileReference; fileEncoding = 4; lastKnownFileType = sourcecode.swift; path = SessionSettings.swift; sourceTree = "<group>"; };
		DA90BD8C1CA23E07006A5ACD /* Settings.swift */ = {isa = PBXFileReference; fileEncoding = 4; lastKnownFileType = sourcecode.swift; path = Settings.swift; sourceTree = "<group>"; };
		DA90BDDB1CA23E25006A5ACD /* Anime Detour-Bridging-Header.h */ = {isa = PBXFileReference; lastKnownFileType = sourcecode.c.h; path = "Anime Detour-Bridging-Header.h"; sourceTree = "<group>"; };
		DA96520D1CA23BBB00EA4112 /* Anime Detour.app */ = {isa = PBXFileReference; explicitFileType = wrapper.application; includeInIndex = 0; path = "Anime Detour.app"; sourceTree = BUILT_PRODUCTS_DIR; };
		DA9652101CA23BBB00EA4112 /* AppDelegate.swift */ = {isa = PBXFileReference; lastKnownFileType = sourcecode.swift; path = AppDelegate.swift; sourceTree = "<group>"; };
		DA96521C1CA23BBB00EA4112 /* Info.plist */ = {isa = PBXFileReference; lastKnownFileType = text.plist.xml; path = Info.plist; sourceTree = "<group>"; };
		DAFCAF581CACAA0200100BB8 /* Anime Detour Screenshots.xctest */ = {isa = PBXFileReference; explicitFileType = wrapper.cfbundle; includeInIndex = 0; path = "Anime Detour Screenshots.xctest"; sourceTree = BUILT_PRODUCTS_DIR; };
		DAFCAF5A1CACAA0200100BB8 /* AnimeDetourScreenshots.swift */ = {isa = PBXFileReference; lastKnownFileType = sourcecode.swift; path = AnimeDetourScreenshots.swift; sourceTree = "<group>"; };
		DAFCAF5C1CACAA0200100BB8 /* Info.plist */ = {isa = PBXFileReference; lastKnownFileType = text.plist.xml; path = Info.plist; sourceTree = "<group>"; };
		DAFCAF621CACAA7D00100BB8 /* SnapshotHelper.swift */ = {isa = PBXFileReference; fileEncoding = 4; lastKnownFileType = sourcecode.swift; path = SnapshotHelper.swift; sourceTree = "<group>"; };
		DAFD7F771E679E7100F3A47D /* FirebaseCoordinator.swift */ = {isa = PBXFileReference; fileEncoding = 4; lastKnownFileType = sourcecode.swift; path = FirebaseCoordinator.swift; sourceTree = "<group>"; };
		DAFD7F791E679EA500F3A47D /* GoogleService-Info.plist */ = {isa = PBXFileReference; fileEncoding = 4; lastKnownFileType = text.plist.xml; path = "GoogleService-Info.plist"; sourceTree = "<group>"; };
		DAFD7F7D1E67AB3E00F3A47D /* FirebaseSessionDataSource.swift */ = {isa = PBXFileReference; fileEncoding = 4; lastKnownFileType = sourcecode.swift; path = FirebaseSessionDataSource.swift; sourceTree = "<group>"; };
		DAFD7F7E1E67AB3E00F3A47D /* FirebaseSpeakerDataSource.swift */ = {isa = PBXFileReference; fileEncoding = 4; lastKnownFileType = sourcecode.swift; path = FirebaseSpeakerDataSource.swift; sourceTree = "<group>"; };
		DAFD7F7F1E67AB3E00F3A47D /* FirebaseStarsDataSource.swift */ = {isa = PBXFileReference; fileEncoding = 4; lastKnownFileType = sourcecode.swift; path = FirebaseStarsDataSource.swift; sourceTree = "<group>"; };
		FB42EA03A5C9F3E6AA640554 /* Pods.framework */ = {isa = PBXFileReference; explicitFileType = wrapper.framework; includeInIndex = 0; path = Pods.framework; sourceTree = BUILT_PRODUCTS_DIR; };
/* End PBXFileReference section */

/* Begin PBXFrameworksBuildPhase section */
		DA96520A1CA23BBB00EA4112 /* Frameworks */ = {
			isa = PBXFrameworksBuildPhase;
			buildActionMask = 2147483647;
			files = (
				AC8A1E32BBA4BEBBEFD1EC60 /* Pods_Anime_Detour.framework in Frameworks */,
			);
			runOnlyForDeploymentPostprocessing = 0;
		};
		DAFCAF551CACAA0200100BB8 /* Frameworks */ = {
			isa = PBXFrameworksBuildPhase;
			buildActionMask = 2147483647;
			files = (
			);
			runOnlyForDeploymentPostprocessing = 0;
		};
/* End PBXFrameworksBuildPhase section */

/* Begin PBXGroup section */
		5C8A84CD1E748C1C008B4808 /* Maps */ = {
			isa = PBXGroup;
			children = (
				5C8A85411E74C96E008B4808 /* Maps.storyboard */,
				5C8A84CE1E748C32008B4808 /* MapsViewController.swift */,
				DA50F8B81E9056CB0049244B /* SingleMapViewController.swift */,
			);
			path = Maps;
			sourceTree = "<group>";
		};
		5C8A84D81E748CD7008B4808 /* Settings */ = {
			isa = PBXGroup;
			children = (
				5C8A852E1E74936A008B4808 /* GoogleSignInViewController.swift */,
				5C8A84D91E748D09008B4808 /* InformationViewController.swift */,
				5C8A850E1E7490BA008B4808 /* NotificationPermissionRequester.swift */,
				5C8A853B1E74AA0F008B4808 /* Settings.storyboard */,
				5C8A852C1E7492DA008B4808 /* SettingsCoordinator.swift */,
				5C8A84DB1E748D09008B4808 /* WebViewController.swift */,
				DA50F8B61E901ACF0049244B /* SettingsViewController.swift */,
			);
			path = Settings;
			sourceTree = "<group>";
		};
		5C8A84E01E748F3C008B4808 /* Face Detection */ = {
			isa = PBXGroup;
			children = (
				5C8A84E11E748F3C008B4808 /* FaceDisplayingImageView.swift */,
				5C8A84E21E748F3C008B4808 /* ImageFaceDetector.swift */,
				5C8A84E31E748F3C008B4808 /* ImageHeaderView.swift */,
				5C8A84E41E748F3C008B4808 /* StretchingImageHeaderContainer.swift */,
			);
			path = "Face Detection";
			sourceTree = "<group>";
		};
		5C8A84E51E748F3C008B4808 /* Sessions */ = {
			isa = PBXGroup;
			children = (
				5C8A85371E74A9C9008B4808 /* Sessions.storyboard */,
				5C8A852A1E749276008B4808 /* AgeRequirementDisplayingView.swift */,
				5C8A84E61E748F3C008B4808 /* CombinedSessionDataSource.swift */,
				5C8A84E71E748F3C008B4808 /* SessionCell.swift */,
				5C8A84E81E748F3C008B4808 /* SessionDataSource.swift */,
				5C8A84E91E748F3C008B4808 /* SessionDetailViewController.swift */,
				5C8A854F1E74F2DB008B4808 /* SessionFilterTableViewController.swift */,
				5C8A84EA1E748F3C008B4808 /* SessionHeaderCollectionReusableView.swift */,
				5C8A850C1E74909B008B4808 /* SessionNotificationScheduler.swift */,
				5C8A84EB1E748F3C008B4808 /* SessionStarsDataSource.swift */,
				5C8A84EC1E748F3C008B4808 /* SessionsViewController.swift */,
				5C8A84EE1E748F3C008B4808 /* SessionViewModel.swift */,
				DA50F8C81E909D480049244B /* SessionsTableViewController.swift */,
				5C8A84ED1E748F3C008B4808 /* SessionTitleView.swift */,
			);
			path = Sessions;
			sourceTree = "<group>";
		};
		5C8A84EF1E748F3C008B4808 /* Speakers */ = {
			isa = PBXGroup;
			children = (
				5C8A85391E74A9D4008B4808 /* Speakers.storyboard */,
				5C8A84F01E748F3C008B4808 /* SpeakerCell.swift */,
				5C8A84F11E748F3C008B4808 /* SpeakerDataSource.swift */,
				5C8A84F21E748F3C008B4808 /* SpeakerDetailViewController.swift */,
				5C8A84F31E748F3C008B4808 /* SpeakersViewController.swift */,
				5C8A84F41E748F3C008B4808 /* SpeakerTitleView.swift */,
				5C8A84F51E748F3C008B4808 /* SpeakerViewModel.swift */,
			);
			path = Speakers;
			sourceTree = "<group>";
		};
		5C8A851D1E749142008B4808 /* Appearance */ = {
			isa = PBXGroup;
			children = (
				5C8A851E1E749142008B4808 /* Appearance.swift */,
				5C8A851F1E749142008B4808 /* AppearanceNotifier.swift */,
				5C8A85201E749142008B4808 /* DateFormatter+AnimeDetour.swift */,
				5C8A853F1E74AB4C008B4808 /* MapOverlayButton.swift */,
				5C8A853D1E74AB45008B4808 /* PillButtonContainerView.swift */,
				5C8A85221E749142008B4808 /* UIButton+DevFest.swift */,
			);
			path = Appearance;
			sourceTree = "<group>";
		};
		5C8A85321E74A8FB008B4808 /* Images */ = {
			isa = PBXGroup;
			children = (
				5C8A85331E74A912008B4808 /* ImageRepository.swift */,
			);
			path = Images;
			sourceTree = "<group>";
		};
		5C8A85431E74CFE3008B4808 /* Layout */ = {
			isa = PBXGroup;
			children = (
				5C8A85441E74D0FA008B4808 /* FlowLayoutContaining.swift */,
				5C8A85531E74F37E008B4808 /* InsettableLabel.swift */,
				5C8A85511E74F364008B4808 /* ReusableItem.swift */,
			);
			path = Layout;
			sourceTree = "<group>";
		};
		BBA15183FEF1DA24167747C7 /* Frameworks */ = {
			isa = PBXGroup;
			children = (
				FB42EA03A5C9F3E6AA640554 /* Pods.framework */,
				AB4102D50A27880DD5B334A4 /* Pods_Anime_Detour.framework */,
			);
			name = Frameworks;
			sourceTree = "<group>";
		};
		DA0E971A1CA23CFA00043A30 /* Resources */ = {
			isa = PBXGroup;
			children = (
				DA53F2901CAC8CEA00526BD9 /* AnimeDetourDataModel.sqlite */,
				DA0E971B1CA23CFA00043A30 /* Maps */,
				DA0E971F1CA23CFA00043A30 /* Settings.bundle */,
			);
			path = Resources;
			sourceTree = "<group>";
		};
		DA0E971B1CA23CFA00043A30 /* Maps */ = {
			isa = PBXGroup;
			children = (
				DA50F8C41E906DEC0049244B /* AD2017-AreaMap.pdf */,
				DA50F8BC1E906CEF0049244B /* AnimeDetour2017DealersMap.pdf */,
				DA50F8BE1E906D090049244B /* DoubleTree_Floor1.pdf */,
				DA50F8BF1E906D090049244B /* DoubleTree_Floor2.pdf */,
				DA50F8C01E906D090049244B /* DoubleTree_Floor22.pdf */,
			);
			path = Maps;
			sourceTree = "<group>";
		};
		DA90BD631CA23E07006A5ACD /* Analytics */ = {
			isa = PBXGroup;
			children = (
				DA90BD641CA23E07006A5ACD /* AnalyticsConstants.swift */,
				DA90BD651CA23E07006A5ACD /* AnalyticsScreen.swift */,
				DA90BD661CA23E07006A5ACD /* AnalyticsViewControllers.swift */,
				DA90BD671CA23E07006A5ACD /* GAIDictionaryBuilder_AnalyticsConstants.swift */,
			);
			path = Analytics;
			sourceTree = "<group>";
		};
		DA90BD701CA23E07006A5ACD /* Base.lproj */ = {
			isa = PBXGroup;
			children = (
				DA90BD711CA23E07006A5ACD /* Main.storyboard */,
			);
			path = Base.lproj;
			sourceTree = "<group>";
		};
		DA90BD731CA23E07006A5ACD /* Collection View Support */ = {
			isa = PBXGroup;
			children = (
				DA7C001E1E8A125400759C3A /* SegmentedControlCollectionReusableView.swift */,
				DA90BD741CA23E07006A5ACD /* StickyHeaderFlowLayout.swift */,
			);
			path = "Collection View Support";
			sourceTree = "<group>";
		};
		DA90BD7A1CA23E07006A5ACD /* Extensions */ = {
			isa = PBXGroup;
			children = (
				5C8A854B1E74F283008B4808 /* Dictionary+DevFest.swift */,
				DA90BD7B1CA23E07006A5ACD /* UICollectionViewFlowLayout.swift */,
				DA90BD7C1CA23E07006A5ACD /* UIColor.swift */,
				5C8A854D1E74F28E008B4808 /* UIView+DevFest.swift */,
			);
			path = Extensions;
			sourceTree = "<group>";
		};
		DA90BD861CA23E07006A5ACD /* Models */ = {
			isa = PBXGroup;
			children = (
				DA90BD871CA23E07006A5ACD /* SelectedSessionCategory.swift */,
				DA90BD881CA23E07006A5ACD /* Settings */,
			);
			path = Models;
			sourceTree = "<group>";
		};
		DA90BD881CA23E07006A5ACD /* Settings */ = {
			isa = PBXGroup;
			children = (
				DA90BD891CA23E07006A5ACD /* Acknowledgements.swift */,
				DA90BD8A1CA23E07006A5ACD /* InternalSettings.swift */,
				DA90BD8B1CA23E07006A5ACD /* SessionSettings.swift */,
				DA90BD8C1CA23E07006A5ACD /* Settings.swift */,
			);
			path = Settings;
			sourceTree = "<group>";
		};
		DA9652041CA23BBB00EA4112 = {
			isa = PBXGroup;
			children = (
				DA96520F1CA23BBB00EA4112 /* Anime Detour */,
				DAFCAF591CACAA0200100BB8 /* Anime Detour Screenshots */,
				DA96520E1CA23BBB00EA4112 /* Products */,
				BBA15183FEF1DA24167747C7 /* Frameworks */,
				E2F4643D5F77E216F522729A /* Pods */,
			);
			sourceTree = "<group>";
		};
		DA96520E1CA23BBB00EA4112 /* Products */ = {
			isa = PBXGroup;
			children = (
				DA96520D1CA23BBB00EA4112 /* Anime Detour.app */,
				DAFCAF581CACAA0200100BB8 /* Anime Detour Screenshots.xctest */,
			);
			name = Products;
			sourceTree = "<group>";
		};
		DA96520F1CA23BBB00EA4112 /* Anime Detour */ = {
			isa = PBXGroup;
			children = (
				DA90BD631CA23E07006A5ACD /* Analytics */,
				5C8A851D1E749142008B4808 /* Appearance */,
				DA90BD701CA23E07006A5ACD /* Base.lproj */,
				DA90BD731CA23E07006A5ACD /* Collection View Support */,
				DA90BD7A1CA23E07006A5ACD /* Extensions */,
				5C8A84E01E748F3C008B4808 /* Face Detection */,
				DAFD7F761E679E1800F3A47D /* Firebase */,
				5C8A85321E74A8FB008B4808 /* Images */,
				5C8A85431E74CFE3008B4808 /* Layout */,
				5C8A84CD1E748C1C008B4808 /* Maps */,
				DA90BD861CA23E07006A5ACD /* Models */,
				DA0E971A1CA23CFA00043A30 /* Resources */,
				5C8A84E51E748F3C008B4808 /* Sessions */,
				5C8A84D81E748CD7008B4808 /* Settings */,
				5C8A84EF1E748F3C008B4808 /* Speakers */,
				DA90BDDB1CA23E25006A5ACD /* Anime Detour-Bridging-Header.h */,
				DAFD7F791E679EA500F3A47D /* GoogleService-Info.plist */,
				DA96521C1CA23BBB00EA4112 /* Info.plist */,
				5C8A85351E74A994008B4808 /* Main.storyboard */,
				DA90BD7E1CA23E07006A5ACD /* LaunchScreen.storyboard */,
				5C8A850A1E748FC8008B4808 /* AppCoordinator.swift */,
				5C8A85281E7491E6008B4808 /* NotificationsCoordinator.swift */,
				DA9652101CA23BBB00EA4112 /* AppDelegate.swift */,
				5C8A84DF1E748F3C008B4808 /* DataSource.swift */,
				5C8A85461E74DA9A008B4808 /* DataStatusDefaultsController.swift */,
				5C8A85481E74DAB8008B4808 /* UserDefaultsUpdater.swift */,
				DA90BD7D1CA23E07006A5ACD /* Images.xcassets */,
			);
			path = "Anime Detour";
			sourceTree = "<group>";
		};
		DAFCAF591CACAA0200100BB8 /* Anime Detour Screenshots */ = {
			isa = PBXGroup;
			children = (
				DAFCAF621CACAA7D00100BB8 /* SnapshotHelper.swift */,
				DAFCAF5A1CACAA0200100BB8 /* AnimeDetourScreenshots.swift */,
				DAFCAF5C1CACAA0200100BB8 /* Info.plist */,
			);
			path = "Anime Detour Screenshots";
			sourceTree = "<group>";
		};
		DAFD7F761E679E1800F3A47D /* Firebase */ = {
			isa = PBXGroup;
			children = (
				DAFD7F771E679E7100F3A47D /* FirebaseCoordinator.swift */,
				DAFD7F7D1E67AB3E00F3A47D /* FirebaseSessionDataSource.swift */,
				DAFD7F7E1E67AB3E00F3A47D /* FirebaseSpeakerDataSource.swift */,
				DAFD7F7F1E67AB3E00F3A47D /* FirebaseStarsDataSource.swift */,
			);
			path = Firebase;
			sourceTree = "<group>";
		};
		E2F4643D5F77E216F522729A /* Pods */ = {
			isa = PBXGroup;
			children = (
				42DA6BF0139218A3CD58635B /* Pods-Anime Detour.debug.xcconfig */,
				5A8B79499DEC7841F2E2B6FD /* Pods-Anime Detour.release.xcconfig */,
				7F1DC284ACDBFFC178E68293 /* Pods-Anime Detour-metadata.plist */,
				CD12C81899996795612C922F /* Pods-Anime Detour-settings-metadata.plist */,
			);
			name = Pods;
			sourceTree = "<group>";
		};
/* End PBXGroup section */

/* Begin PBXNativeTarget section */
		DA96520C1CA23BBB00EA4112 /* Anime Detour */ = {
			isa = PBXNativeTarget;
			buildConfigurationList = DA96521F1CA23BBB00EA4112 /* Build configuration list for PBXNativeTarget "Anime Detour" */;
			buildPhases = (
				5FBD6F4E38409E22ABE6AEBE /* [CP] Check Pods Manifest.lock */,
				DA9652091CA23BBB00EA4112 /* Sources */,
				DA96520A1CA23BBB00EA4112 /* Frameworks */,
				DA96520B1CA23BBB00EA4112 /* Resources */,
				DA90BDF81CA23F33006A5ACD /* Copy Frameworks */,
				9BD9C23A055233993F4F85CD /* [CP] Embed Pods Frameworks */,
				7016CF5C3354DACCA9675462 /* [CP] Copy Pods Resources */,
			);
			buildRules = (
			);
			dependencies = (
			);
			name = "Anime Detour";
			productName = "Anime Detour";
			productReference = DA96520D1CA23BBB00EA4112 /* Anime Detour.app */;
			productType = "com.apple.product-type.application";
		};
		DAFCAF571CACAA0200100BB8 /* Anime Detour Screenshots */ = {
			isa = PBXNativeTarget;
			buildConfigurationList = DAFCAF5F1CACAA0200100BB8 /* Build configuration list for PBXNativeTarget "Anime Detour Screenshots" */;
			buildPhases = (
				DAFCAF541CACAA0200100BB8 /* Sources */,
				DAFCAF551CACAA0200100BB8 /* Frameworks */,
				DAFCAF561CACAA0200100BB8 /* Resources */,
			);
			buildRules = (
			);
			dependencies = (
				DAFCAF5E1CACAA0200100BB8 /* PBXTargetDependency */,
			);
			name = "Anime Detour Screenshots";
			productName = "Anime Detour Screenshots";
			productReference = DAFCAF581CACAA0200100BB8 /* Anime Detour Screenshots.xctest */;
			productType = "com.apple.product-type.bundle.ui-testing";
		};
/* End PBXNativeTarget section */

/* Begin PBXProject section */
		DA9652051CA23BBB00EA4112 /* Project object */ = {
			isa = PBXProject;
			attributes = {
				LastSwiftUpdateCheck = 0730;
				LastUpgradeCheck = 0800;
				ORGANIZATIONNAME = "Anime Twin Cities, Inc";
				TargetAttributes = {
					DA96520C1CA23BBB00EA4112 = {
						CreatedOnToolsVersion = 7.3;
						DevelopmentTeam = CSE7H7E6BP;
						LastSwiftMigration = 0800;
					};
					DAFCAF571CACAA0200100BB8 = {
						CreatedOnToolsVersion = 7.3;
						LastSwiftMigration = 0800;
						TestTargetID = DA96520C1CA23BBB00EA4112;
					};
				};
			};
			buildConfigurationList = DA9652081CA23BBB00EA4112 /* Build configuration list for PBXProject "Anime Detour" */;
			compatibilityVersion = "Xcode 3.2";
			developmentRegion = English;
			hasScannedForEncodings = 0;
			knownRegions = (
				en,
				Base,
			);
			mainGroup = DA9652041CA23BBB00EA4112;
			productRefGroup = DA96520E1CA23BBB00EA4112 /* Products */;
			projectDirPath = "";
			projectRoot = "";
			targets = (
				DA96520C1CA23BBB00EA4112 /* Anime Detour */,
				DAFCAF571CACAA0200100BB8 /* Anime Detour Screenshots */,
			);
		};
/* End PBXProject section */

/* Begin PBXResourcesBuildPhase section */
		DA96520B1CA23BBB00EA4112 /* Resources */ = {
			isa = PBXResourcesBuildPhase;
			buildActionMask = 2147483647;
			files = (
				DAFD7F7A1E679EA500F3A47D /* GoogleService-Info.plist in Resources */,
				DA50F8C31E906D090049244B /* DoubleTree_Floor22.pdf in Resources */,
				5C8A85421E74C96E008B4808 /* Maps.storyboard in Resources */,
				5C8A853C1E74AA0F008B4808 /* Settings.storyboard in Resources */,
				DA50F8C51E906DEC0049244B /* AD2017-AreaMap.pdf in Resources */,
				DA50F8C21E906D090049244B /* DoubleTree_Floor2.pdf in Resources */,
				DA90BDB81CA23E07006A5ACD /* LaunchScreen.storyboard in Resources */,
				DA90BDB01CA23E07006A5ACD /* Main.storyboard in Resources */,
				DA90BDB71CA23E07006A5ACD /* Images.xcassets in Resources */,
				5C8A85361E74A994008B4808 /* Main.storyboard in Resources */,
				5C8A853A1E74A9D4008B4808 /* Speakers.storyboard in Resources */,
				DA0E97231CA23CFA00043A30 /* Settings.bundle in Resources */,
				DA50F8BD1E906CF00049244B /* AnimeDetour2017DealersMap.pdf in Resources */,
				DA53F2911CAC8CEA00526BD9 /* AnimeDetourDataModel.sqlite in Resources */,
				DA50F8C11E906D090049244B /* DoubleTree_Floor1.pdf in Resources */,
				174BD80F9AFA4016A579F4E8 /* Pods-Anime Detour-metadata.plist in Resources */,
				99C56289BA1E49DBB82753A0 /* Pods-Anime Detour-settings-metadata.plist in Resources */,
				5C8A85381E74A9C9008B4808 /* Sessions.storyboard in Resources */,
			);
			runOnlyForDeploymentPostprocessing = 0;
		};
		DAFCAF561CACAA0200100BB8 /* Resources */ = {
			isa = PBXResourcesBuildPhase;
			buildActionMask = 2147483647;
			files = (
			);
			runOnlyForDeploymentPostprocessing = 0;
		};
/* End PBXResourcesBuildPhase section */

/* Begin PBXShellScriptBuildPhase section */
		5FBD6F4E38409E22ABE6AEBE /* [CP] Check Pods Manifest.lock */ = {
			isa = PBXShellScriptBuildPhase;
			buildActionMask = 2147483647;
			files = (
			);
			inputPaths = (
			);
			name = "[CP] Check Pods Manifest.lock";
			outputPaths = (
			);
			runOnlyForDeploymentPostprocessing = 0;
			shellPath = /bin/sh;
			shellScript = "diff \"${PODS_ROOT}/../Podfile.lock\" \"${PODS_ROOT}/Manifest.lock\" > /dev/null\nif [ $? != 0 ] ; then\n    # print error to STDERR\n    echo \"error: The sandbox is not in sync with the Podfile.lock. Run 'pod install' or update your CocoaPods installation.\" >&2\n    exit 1\nfi\n";
			showEnvVarsInLog = 0;
		};
		7016CF5C3354DACCA9675462 /* [CP] Copy Pods Resources */ = {
			isa = PBXShellScriptBuildPhase;
			buildActionMask = 2147483647;
			files = (
			);
			inputPaths = (
			);
			name = "[CP] Copy Pods Resources";
			outputPaths = (
			);
			runOnlyForDeploymentPostprocessing = 0;
			shellPath = /bin/sh;
			shellScript = "\"${SRCROOT}/Pods/Target Support Files/Pods-Anime Detour/Pods-Anime Detour-resources.sh\"\n";
			showEnvVarsInLog = 0;
		};
		9BD9C23A055233993F4F85CD /* [CP] Embed Pods Frameworks */ = {
			isa = PBXShellScriptBuildPhase;
			buildActionMask = 2147483647;
			files = (
			);
			inputPaths = (
			);
			name = "[CP] Embed Pods Frameworks";
			outputPaths = (
			);
			runOnlyForDeploymentPostprocessing = 0;
			shellPath = /bin/sh;
			shellScript = "\"${SRCROOT}/Pods/Target Support Files/Pods-Anime Detour/Pods-Anime Detour-frameworks.sh\"\n";
			showEnvVarsInLog = 0;
		};
/* End PBXShellScriptBuildPhase section */

/* Begin PBXSourcesBuildPhase section */
		DA9652091CA23BBB00EA4112 /* Sources */ = {
			isa = PBXSourcesBuildPhase;
			buildActionMask = 2147483647;
			files = (
				5C8A84F91E748F3C008B4808 /* ImageHeaderView.swift in Sources */,
				5C8A85471E74DA9A008B4808 /* DataStatusDefaultsController.swift in Sources */,
				5C8A85251E749142008B4808 /* DateFormatter+AnimeDetour.swift in Sources */,
				DA90BDB61CA23E07006A5ACD /* UIColor.swift in Sources */,
				DA90BDBF1CA23E07006A5ACD /* SelectedSessionCategory.swift in Sources */,
				5C8A85001E748F3C008B4808 /* SessionStarsDataSource.swift in Sources */,
				5C8A85291E7491E6008B4808 /* NotificationsCoordinator.swift in Sources */,
				DA50F8B71E901ACF0049244B /* SettingsViewController.swift in Sources */,
				5C8A84FF1E748F3C008B4808 /* SessionHeaderCollectionReusableView.swift in Sources */,
				5C8A84FD1E748F3C008B4808 /* SessionDataSource.swift in Sources */,
				5C8A850B1E748FC8008B4808 /* AppCoordinator.swift in Sources */,
				5C8A84F81E748F3C008B4808 /* ImageFaceDetector.swift in Sources */,
				5C8A84FB1E748F3C008B4808 /* CombinedSessionDataSource.swift in Sources */,
				5C8A84FE1E748F3C008B4808 /* SessionDetailViewController.swift in Sources */,
				DA50F8C91E909D480049244B /* SessionsTableViewController.swift in Sources */,
				DAFD7F781E679E7100F3A47D /* FirebaseCoordinator.swift in Sources */,
				5C8A852D1E7492DA008B4808 /* SettingsCoordinator.swift in Sources */,
				5C8A85011E748F3C008B4808 /* SessionsViewController.swift in Sources */,
				DA90BDC01CA23E07006A5ACD /* Acknowledgements.swift in Sources */,
				DA90BDC21CA23E07006A5ACD /* SessionSettings.swift in Sources */,
				5C8A85061E748F3C008B4808 /* SpeakerDetailViewController.swift in Sources */,
				5C8A852F1E74936A008B4808 /* GoogleSignInViewController.swift in Sources */,
				5C8A85041E748F3C008B4808 /* SpeakerCell.swift in Sources */,
				5C8A84DE1E748D09008B4808 /* WebViewController.swift in Sources */,
				5C8A852B1E749276008B4808 /* AgeRequirementDisplayingView.swift in Sources */,
				5C8A85051E748F3C008B4808 /* SpeakerDataSource.swift in Sources */,
				5C8A85451E74D0FA008B4808 /* FlowLayoutContaining.swift in Sources */,
				DA90BDC31CA23E07006A5ACD /* Settings.swift in Sources */,
				5C8A85541E74F37E008B4808 /* InsettableLabel.swift in Sources */,
				5C8A85501E74F2DB008B4808 /* SessionFilterTableViewController.swift in Sources */,
				5C8A85021E748F3C008B4808 /* SessionTitleView.swift in Sources */,
				DAFD7F801E67AB3E00F3A47D /* FirebaseSessionDataSource.swift in Sources */,
				DAFD7F811E67AB3E00F3A47D /* FirebaseSpeakerDataSource.swift in Sources */,
				5C8A853E1E74AB45008B4808 /* PillButtonContainerView.swift in Sources */,
				5C8A850D1E74909B008B4808 /* SessionNotificationScheduler.swift in Sources */,
				5C8A854C1E74F283008B4808 /* Dictionary+DevFest.swift in Sources */,
				5C8A85071E748F3C008B4808 /* SpeakersViewController.swift in Sources */,
				DA90BDA81CA23E07006A5ACD /* AnalyticsConstants.swift in Sources */,
				5C8A85271E749142008B4808 /* UIButton+DevFest.swift in Sources */,
				5C8A84FC1E748F3C008B4808 /* SessionCell.swift in Sources */,
				DA90BDA91CA23E07006A5ACD /* AnalyticsScreen.swift in Sources */,
				DA7C001F1E8A125400759C3A /* SegmentedControlCollectionReusableView.swift in Sources */,
				5C8A84DC1E748D09008B4808 /* InformationViewController.swift in Sources */,
				DA9652111CA23BBB00EA4112 /* AppDelegate.swift in Sources */,
				5C8A850F1E7490BA008B4808 /* NotificationPermissionRequester.swift in Sources */,
				5C8A84F61E748F3C008B4808 /* DataSource.swift in Sources */,
				5C8A85491E74DAB8008B4808 /* UserDefaultsUpdater.swift in Sources */,
				DA90BDAB1CA23E07006A5ACD /* GAIDictionaryBuilder_AnalyticsConstants.swift in Sources */,
				DA50F8B91E9056CB0049244B /* SingleMapViewController.swift in Sources */,
				DA90BDAA1CA23E07006A5ACD /* AnalyticsViewControllers.swift in Sources */,
				5C8A84F71E748F3C008B4808 /* FaceDisplayingImageView.swift in Sources */,
				DA90BDC11CA23E07006A5ACD /* InternalSettings.swift in Sources */,
				5C8A85341E74A912008B4808 /* ImageRepository.swift in Sources */,
				5C8A85401E74AB4C008B4808 /* MapOverlayButton.swift in Sources */,
				DA90BDB51CA23E07006A5ACD /* UICollectionViewFlowLayout.swift in Sources */,
				5C8A85081E748F3C008B4808 /* SpeakerTitleView.swift in Sources */,
				5C8A85231E749142008B4808 /* Appearance.swift in Sources */,
				5C8A84FA1E748F3C008B4808 /* StretchingImageHeaderContainer.swift in Sources */,
				5C8A85031E748F3C008B4808 /* SessionViewModel.swift in Sources */,
				5C8A85091E748F3C008B4808 /* SpeakerViewModel.swift in Sources */,
				DAFD7F821E67AB3E00F3A47D /* FirebaseStarsDataSource.swift in Sources */,
				5C8A85241E749142008B4808 /* AppearanceNotifier.swift in Sources */,
				5C8A84CF1E748C32008B4808 /* MapsViewController.swift in Sources */,
				DA90BDB11CA23E07006A5ACD /* StickyHeaderFlowLayout.swift in Sources */,
				5C8A85521E74F364008B4808 /* ReusableItem.swift in Sources */,
				5C8A854E1E74F28E008B4808 /* UIView+DevFest.swift in Sources */,
			);
			runOnlyForDeploymentPostprocessing = 0;
		};
		DAFCAF541CACAA0200100BB8 /* Sources */ = {
			isa = PBXSourcesBuildPhase;
			buildActionMask = 2147483647;
			files = (
				DAFCAF5B1CACAA0200100BB8 /* AnimeDetourScreenshots.swift in Sources */,
				DAFCAF631CACAA7D00100BB8 /* SnapshotHelper.swift in Sources */,
			);
			runOnlyForDeploymentPostprocessing = 0;
		};
/* End PBXSourcesBuildPhase section */

/* Begin PBXTargetDependency section */
		DAFCAF5E1CACAA0200100BB8 /* PBXTargetDependency */ = {
			isa = PBXTargetDependency;
			target = DA96520C1CA23BBB00EA4112 /* Anime Detour */;
			targetProxy = DAFCAF5D1CACAA0200100BB8 /* PBXContainerItemProxy */;
		};
/* End PBXTargetDependency section */

/* Begin PBXVariantGroup section */
		DA90BD711CA23E07006A5ACD /* Main.storyboard */ = {
			isa = PBXVariantGroup;
			children = (
				DA90BD721CA23E07006A5ACD /* Base */,
			);
			name = Main.storyboard;
			sourceTree = "<group>";
		};
/* End PBXVariantGroup section */

/* Begin XCBuildConfiguration section */
		DA96521D1CA23BBB00EA4112 /* Debug */ = {
			isa = XCBuildConfiguration;
			buildSettings = {
				ALWAYS_SEARCH_USER_PATHS = NO;
				CLANG_ANALYZER_NONNULL = YES;
				CLANG_CXX_LANGUAGE_STANDARD = "gnu++0x";
				CLANG_CXX_LIBRARY = "libc++";
				CLANG_ENABLE_MODULES = YES;
				CLANG_ENABLE_OBJC_ARC = YES;
				CLANG_WARN_BOOL_CONVERSION = YES;
				CLANG_WARN_CONSTANT_CONVERSION = YES;
				CLANG_WARN_DIRECT_OBJC_ISA_USAGE = YES_ERROR;
				CLANG_WARN_EMPTY_BODY = YES;
				CLANG_WARN_ENUM_CONVERSION = YES;
				CLANG_WARN_INFINITE_RECURSION = YES;
				CLANG_WARN_INT_CONVERSION = YES;
				CLANG_WARN_OBJC_ROOT_CLASS = YES_ERROR;
				CLANG_WARN_SUSPICIOUS_MOVE = YES;
				CLANG_WARN_UNREACHABLE_CODE = YES;
				CLANG_WARN__DUPLICATE_METHOD_MATCH = YES;
				"CODE_SIGN_IDENTITY[sdk=iphoneos*]" = "iPhone Developer";
				COPY_PHASE_STRIP = NO;
				DEBUG_INFORMATION_FORMAT = dwarf;
				ENABLE_STRICT_OBJC_MSGSEND = YES;
				ENABLE_TESTABILITY = YES;
				GCC_C_LANGUAGE_STANDARD = gnu99;
				GCC_DYNAMIC_NO_PIC = NO;
				GCC_NO_COMMON_BLOCKS = YES;
				GCC_OPTIMIZATION_LEVEL = 0;
				GCC_PREPROCESSOR_DEFINITIONS = (
					"DEBUG=1",
					"$(inherited)",
				);
				GCC_WARN_64_TO_32_BIT_CONVERSION = YES;
				GCC_WARN_ABOUT_RETURN_TYPE = YES_ERROR;
				GCC_WARN_UNDECLARED_SELECTOR = YES;
				GCC_WARN_UNINITIALIZED_AUTOS = YES_AGGRESSIVE;
				GCC_WARN_UNUSED_FUNCTION = YES;
				GCC_WARN_UNUSED_VARIABLE = YES;
				IPHONEOS_DEPLOYMENT_TARGET = 10.0;
				MTL_ENABLE_DEBUG_INFO = YES;
				ONLY_ACTIVE_ARCH = YES;
				SDKROOT = iphoneos;
				SWIFT_OPTIMIZATION_LEVEL = "-Onone";
				TARGETED_DEVICE_FAMILY = "1,2";
			};
			name = Debug;
		};
		DA96521E1CA23BBB00EA4112 /* Release */ = {
			isa = XCBuildConfiguration;
			buildSettings = {
				ALWAYS_SEARCH_USER_PATHS = NO;
				CLANG_ANALYZER_NONNULL = YES;
				CLANG_CXX_LANGUAGE_STANDARD = "gnu++0x";
				CLANG_CXX_LIBRARY = "libc++";
				CLANG_ENABLE_MODULES = YES;
				CLANG_ENABLE_OBJC_ARC = YES;
				CLANG_WARN_BOOL_CONVERSION = YES;
				CLANG_WARN_CONSTANT_CONVERSION = YES;
				CLANG_WARN_DIRECT_OBJC_ISA_USAGE = YES_ERROR;
				CLANG_WARN_EMPTY_BODY = YES;
				CLANG_WARN_ENUM_CONVERSION = YES;
				CLANG_WARN_INFINITE_RECURSION = YES;
				CLANG_WARN_INT_CONVERSION = YES;
				CLANG_WARN_OBJC_ROOT_CLASS = YES_ERROR;
				CLANG_WARN_SUSPICIOUS_MOVE = YES;
				CLANG_WARN_UNREACHABLE_CODE = YES;
				CLANG_WARN__DUPLICATE_METHOD_MATCH = YES;
				"CODE_SIGN_IDENTITY[sdk=iphoneos*]" = "iPhone Developer";
				COPY_PHASE_STRIP = NO;
				DEBUG_INFORMATION_FORMAT = "dwarf-with-dsym";
				ENABLE_NS_ASSERTIONS = NO;
				ENABLE_STRICT_OBJC_MSGSEND = YES;
				GCC_C_LANGUAGE_STANDARD = gnu99;
				GCC_NO_COMMON_BLOCKS = YES;
				GCC_WARN_64_TO_32_BIT_CONVERSION = YES;
				GCC_WARN_ABOUT_RETURN_TYPE = YES_ERROR;
				GCC_WARN_UNDECLARED_SELECTOR = YES;
				GCC_WARN_UNINITIALIZED_AUTOS = YES_AGGRESSIVE;
				GCC_WARN_UNUSED_FUNCTION = YES;
				GCC_WARN_UNUSED_VARIABLE = YES;
				IPHONEOS_DEPLOYMENT_TARGET = 10.0;
				MTL_ENABLE_DEBUG_INFO = NO;
				SDKROOT = iphoneos;
				SWIFT_OPTIMIZATION_LEVEL = "-Owholemodule";
				TARGETED_DEVICE_FAMILY = "1,2";
				VALIDATE_PRODUCT = YES;
			};
			name = Release;
		};
		DA9652201CA23BBB00EA4112 /* Debug */ = {
			isa = XCBuildConfiguration;
			baseConfigurationReference = 42DA6BF0139218A3CD58635B /* Pods-Anime Detour.debug.xcconfig */;
			buildSettings = {
				ASSETCATALOG_COMPILER_APPICON_NAME = AppIcon;
				CODE_SIGN_IDENTITY = "iPhone Developer";
				INFOPLIST_FILE = "Anime Detour/Info.plist";
				LD_RUNPATH_SEARCH_PATHS = "$(inherited) @executable_path/Frameworks";
				LLVM_LTO = YES;
				OTHER_SWIFT_FLAGS = "-D DEBUG";
				PRODUCT_BUNDLE_IDENTIFIER = com.animedetour.mobile;
				PRODUCT_NAME = "$(TARGET_NAME)";
				SWIFT_OBJC_BRIDGING_HEADER = "Anime Detour/Anime Detour-Bridging-Header.h";
				SWIFT_VERSION = 3.0;
			};
			name = Debug;
		};
		DA9652211CA23BBB00EA4112 /* Release */ = {
			isa = XCBuildConfiguration;
			baseConfigurationReference = 5A8B79499DEC7841F2E2B6FD /* Pods-Anime Detour.release.xcconfig */;
			buildSettings = {
				ASSETCATALOG_COMPILER_APPICON_NAME = AppIcon;
				CODE_SIGN_IDENTITY = "iPhone Developer";
				INFOPLIST_FILE = "Anime Detour/Info.plist";
				LD_RUNPATH_SEARCH_PATHS = "$(inherited) @executable_path/Frameworks";
				LLVM_LTO = YES;
				OTHER_SWIFT_FLAGS = "-D DEBUG";
				PRODUCT_BUNDLE_IDENTIFIER = com.animedetour.mobile;
				PRODUCT_NAME = "$(TARGET_NAME)";
				SWIFT_OBJC_BRIDGING_HEADER = "Anime Detour/Anime Detour-Bridging-Header.h";
				SWIFT_OPTIMIZATION_LEVEL = "-Owholemodule";
				SWIFT_VERSION = 3.0;
			};
			name = Release;
		};
		DAFCAF601CACAA0200100BB8 /* Debug */ = {
			isa = XCBuildConfiguration;
			buildSettings = {
				INFOPLIST_FILE = "Anime Detour Screenshots/Info.plist";
				IPHONEOS_DEPLOYMENT_TARGET = 9.3;
				LD_RUNPATH_SEARCH_PATHS = "$(inherited) @executable_path/Frameworks @loader_path/Frameworks";
				PRODUCT_BUNDLE_IDENTIFIER = "com.animedetour.mobile.Anime-Detour-Screenshots";
				PRODUCT_NAME = "$(TARGET_NAME)";
				SWIFT_VERSION = 3.0;
				TEST_TARGET_NAME = "Anime Detour";
			};
			name = Debug;
		};
		DAFCAF611CACAA0200100BB8 /* Release */ = {
			isa = XCBuildConfiguration;
			buildSettings = {
				INFOPLIST_FILE = "Anime Detour Screenshots/Info.plist";
				IPHONEOS_DEPLOYMENT_TARGET = 9.3;
				LD_RUNPATH_SEARCH_PATHS = "$(inherited) @executable_path/Frameworks @loader_path/Frameworks";
				PRODUCT_BUNDLE_IDENTIFIER = "com.animedetour.mobile.Anime-Detour-Screenshots";
				PRODUCT_NAME = "$(TARGET_NAME)";
				SWIFT_VERSION = 3.0;
				TEST_TARGET_NAME = "Anime Detour";
			};
			name = Release;
		};
/* End XCBuildConfiguration section */

/* Begin XCConfigurationList section */
		DA9652081CA23BBB00EA4112 /* Build configuration list for PBXProject "Anime Detour" */ = {
			isa = XCConfigurationList;
			buildConfigurations = (
				DA96521D1CA23BBB00EA4112 /* Debug */,
				DA96521E1CA23BBB00EA4112 /* Release */,
			);
			defaultConfigurationIsVisible = 0;
			defaultConfigurationName = Release;
		};
		DA96521F1CA23BBB00EA4112 /* Build configuration list for PBXNativeTarget "Anime Detour" */ = {
			isa = XCConfigurationList;
			buildConfigurations = (
				DA9652201CA23BBB00EA4112 /* Debug */,
				DA9652211CA23BBB00EA4112 /* Release */,
			);
			defaultConfigurationIsVisible = 0;
			defaultConfigurationName = Release;
		};
		DAFCAF5F1CACAA0200100BB8 /* Build configuration list for PBXNativeTarget "Anime Detour Screenshots" */ = {
			isa = XCConfigurationList;
			buildConfigurations = (
				DAFCAF601CACAA0200100BB8 /* Debug */,
				DAFCAF611CACAA0200100BB8 /* Release */,
			);
			defaultConfigurationIsVisible = 0;
			defaultConfigurationName = Release;
		};
/* End XCConfigurationList section */
	};
	rootObject = DA9652051CA23BBB00EA4112 /* Project object */;
}
